Microsoft Visual Studio Solution File, Format Version 10.00
# Visual Studio 2008
Project("{2150E333-8FDC-42A3-9474-1A3956D46DE8}") = "tutorials", "tutorials", "{B8B3B14B-6548-4865-B642-3257D264C487}"
EndProject
Project("{2150E333-8FDC-42A3-9474-1A3956D46DE8}") = "common", "common", "{F51DB532-2CFB-4C4C-9C3A-B23F94C2811D}"
EndProject
Project("{2150E333-8FDC-42A3-9474-1A3956D46DE8}") = "kernels", "kernels", "{5151A90B-A6E3-4BBB-9E16-755198BB7F96}"
EndProject
Project("{2150E333-8FDC-42A3-9474-1A3956D46DE8}") = "doc", "doc", "{C11E295C-BBD9-47D0-951E-0C820CF60D53}"
	ProjectSection(SolutionItems) = preProject
		README.txt = README.txt
	EndProjectSection
EndProject
Project("{2150E333-8FDC-42A3-9474-1A3956D46DE8}") = "xeon", "xeon", "{72A6AB6C-ACD3-423A-AF37-D23EAEC6028A}"
EndProject
Project("{EAF909A5-FA59-4C3D-9431-0FCC20D5BCF9}") = "sys", "common\sys\sys.icproj", "{EECC5C81-259B-4FB3-BB80-496D7C98CE14}"
EndProject
Project("{EAF909A5-FA59-4C3D-9431-0FCC20D5BCF9}") = "embree", "kernels\xeon\embree.icproj", "{03FFF189-18D1-448C-A40B-4F80E7CA8FA2}"
	ProjectSection(ProjectDependencies) = postProject
		{6C891227-B162-480E-BEF1-AA567DA852D6} = {6C891227-B162-480E-BEF1-AA567DA852D6}
		{EECC5C81-259B-4FB3-BB80-496D7C98CE14} = {EECC5C81-259B-4FB3-BB80-496D7C98CE14}
		{9759EDD7-BD83-4B0B-8C6E-250D7601B54F} = {9759EDD7-BD83-4B0B-8C6E-250D7601B54F}
	EndProjectSection
EndProject
Project("{EAF909A5-FA59-4C3D-9431-0FCC20D5BCF9}") = "embree_avx", "kernels\xeon\embree_avx.icproj", "{6C891227-B162-480E-BEF1-AA567DA852D6}"
	ProjectSection(ProjectDependencies) = postProject
		{EECC5C81-259B-4FB3-BB80-496D7C98CE14} = {EECC5C81-259B-4FB3-BB80-496D7C98CE14}
	EndProjectSection
EndProject
Project("{EAF909A5-FA59-4C3D-9431-0FCC20D5BCF9}") = "image", "tutorials\common\image\image.icproj", "{8F98B3AB-320B-4BFE-9E19-978F6EE55CBE}"
EndProject
Project("{EAF909A5-FA59-4C3D-9431-0FCC20D5BCF9}") = "lexers", "tutorials\common\lexers\lexers.icproj", "{AF49135E-17B5-4206-872C-8B981E0956ED}"
EndProject
Project("{EAF909A5-FA59-4C3D-9431-0FCC20D5BCF9}") = "tutorial", "tutorials\common\tutorial\tutorial.icproj", "{CD26A317-1FF5-4AC1-9C8E-74E1D038E1DE}"
	ProjectSection(ProjectDependencies) = postProject
		{AF49135E-17B5-4206-872C-8B981E0956ED} = {AF49135E-17B5-4206-872C-8B981E0956ED}
		{EECC5C81-259B-4FB3-BB80-496D7C98CE14} = {EECC5C81-259B-4FB3-BB80-496D7C98CE14}
	EndProjectSection
EndProject
Project("{EAF909A5-FA59-4C3D-9431-0FCC20D5BCF9}") = "tutorial00_ispc", "tutorials\tutorial00\tutorial00_ispc.icproj", "{1790DC8D-FE51-42A9-972F-AFD5A36AF94C}"
	ProjectSection(ProjectDependencies) = postProject
		{CD26A317-1FF5-4AC1-9C8E-74E1D038E1DE} = {CD26A317-1FF5-4AC1-9C8E-74E1D038E1DE}
		{AF49135E-17B5-4206-872C-8B981E0956ED} = {AF49135E-17B5-4206-872C-8B981E0956ED}
		{EECC5C81-259B-4FB3-BB80-496D7C98CE14} = {EECC5C81-259B-4FB3-BB80-496D7C98CE14}
		{03FFF189-18D1-448C-A40B-4F80E7CA8FA2} = {03FFF189-18D1-448C-A40B-4F80E7CA8FA2}
		{8F98B3AB-320B-4BFE-9E19-978F6EE55CBE} = {8F98B3AB-320B-4BFE-9E19-978F6EE55CBE}
		{5247C0B5-EB71-46E4-BD8A-9AD4973825DF} = {5247C0B5-EB71-46E4-BD8A-9AD4973825DF}
	EndProjectSection
EndProject
Project("{EAF909A5-FA59-4C3D-9431-0FCC20D5BCF9}") = "tutorial01_ispc", "tutorials\tutorial01\tutorial01_ispc.icproj", "{2217BEC8-47A8-48B4-B0CF-C1BA7C003FE6}"
	ProjectSection(ProjectDependencies) = postProject
		{CD26A317-1FF5-4AC1-9C8E-74E1D038E1DE} = {CD26A317-1FF5-4AC1-9C8E-74E1D038E1DE}
		{AF49135E-17B5-4206-872C-8B981E0956ED} = {AF49135E-17B5-4206-872C-8B981E0956ED}
		{EECC5C81-259B-4FB3-BB80-496D7C98CE14} = {EECC5C81-259B-4FB3-BB80-496D7C98CE14}
		{03FFF189-18D1-448C-A40B-4F80E7CA8FA2} = {03FFF189-18D1-448C-A40B-4F80E7CA8FA2}
		{8F98B3AB-320B-4BFE-9E19-978F6EE55CBE} = {8F98B3AB-320B-4BFE-9E19-978F6EE55CBE}
		{5247C0B5-EB71-46E4-BD8A-9AD4973825DF} = {5247C0B5-EB71-46E4-BD8A-9AD4973825DF}
	EndProjectSection
EndProject
Project("{EAF909A5-FA59-4C3D-9431-0FCC20D5BCF9}") = "tutorial02_ispc", "tutorials\tutorial02\tutorial02_ispc.icproj", "{A9B28D03-8690-4B27-967E-AFB0C73FF7D5}"
	ProjectSection(ProjectDependencies) = postProject
		{CD26A317-1FF5-4AC1-9C8E-74E1D038E1DE} = {CD26A317-1FF5-4AC1-9C8E-74E1D038E1DE}
		{AF49135E-17B5-4206-872C-8B981E0956ED} = {AF49135E-17B5-4206-872C-8B981E0956ED}
		{EECC5C81-259B-4FB3-BB80-496D7C98CE14} = {EECC5C81-259B-4FB3-BB80-496D7C98CE14}
		{03FFF189-18D1-448C-A40B-4F80E7CA8FA2} = {03FFF189-18D1-448C-A40B-4F80E7CA8FA2}
		{8F98B3AB-320B-4BFE-9E19-978F6EE55CBE} = {8F98B3AB-320B-4BFE-9E19-978F6EE55CBE}
		{5247C0B5-EB71-46E4-BD8A-9AD4973825DF} = {5247C0B5-EB71-46E4-BD8A-9AD4973825DF}
	EndProjectSection
EndProject
Project("{EAF909A5-FA59-4C3D-9431-0FCC20D5BCF9}") = "tutorial03_ispc", "tutorials\tutorial03\tutorial03_ispc.icproj", "{72B9C442-58E4-48D8-ABAD-B90C9A170416}"
	ProjectSection(ProjectDependencies) = postProject
		{CD26A317-1FF5-4AC1-9C8E-74E1D038E1DE} = {CD26A317-1FF5-4AC1-9C8E-74E1D038E1DE}
		{AF49135E-17B5-4206-872C-8B981E0956ED} = {AF49135E-17B5-4206-872C-8B981E0956ED}
		{EECC5C81-259B-4FB3-BB80-496D7C98CE14} = {EECC5C81-259B-4FB3-BB80-496D7C98CE14}
		{03FFF189-18D1-448C-A40B-4F80E7CA8FA2} = {03FFF189-18D1-448C-A40B-4F80E7CA8FA2}
		{8F98B3AB-320B-4BFE-9E19-978F6EE55CBE} = {8F98B3AB-320B-4BFE-9E19-978F6EE55CBE}
		{5247C0B5-EB71-46E4-BD8A-9AD4973825DF} = {5247C0B5-EB71-46E4-BD8A-9AD4973825DF}
	EndProjectSection
EndProject
Project("{EAF909A5-FA59-4C3D-9431-0FCC20D5BCF9}") = "tutorial04_ispc", "tutorials\tutorial04\tutorial04_ispc.icproj", "{067D21D4-2E1A-45F7-9DEE-23638BF2C58F}"
	ProjectSection(ProjectDependencies) = postProject
		{CD26A317-1FF5-4AC1-9C8E-74E1D038E1DE} = {CD26A317-1FF5-4AC1-9C8E-74E1D038E1DE}
		{AF49135E-17B5-4206-872C-8B981E0956ED} = {AF49135E-17B5-4206-872C-8B981E0956ED}
		{EECC5C81-259B-4FB3-BB80-496D7C98CE14} = {EECC5C81-259B-4FB3-BB80-496D7C98CE14}
		{03FFF189-18D1-448C-A40B-4F80E7CA8FA2} = {03FFF189-18D1-448C-A40B-4F80E7CA8FA2}
		{8F98B3AB-320B-4BFE-9E19-978F6EE55CBE} = {8F98B3AB-320B-4BFE-9E19-978F6EE55CBE}
		{5247C0B5-EB71-46E4-BD8A-9AD4973825DF} = {5247C0B5-EB71-46E4-BD8A-9AD4973825DF}
	EndProjectSection
EndProject
Project("{EAF909A5-FA59-4C3D-9431-0FCC20D5BCF9}") = "tutorial00", "tutorials\tutorial00\tutorial00.icproj", "{E37568C3-C1B1-48D8-AD3C-F1411E36DF74}"
	ProjectSection(ProjectDependencies) = postProject
		{CD26A317-1FF5-4AC1-9C8E-74E1D038E1DE} = {CD26A317-1FF5-4AC1-9C8E-74E1D038E1DE}
		{AF49135E-17B5-4206-872C-8B981E0956ED} = {AF49135E-17B5-4206-872C-8B981E0956ED}
		{EECC5C81-259B-4FB3-BB80-496D7C98CE14} = {EECC5C81-259B-4FB3-BB80-496D7C98CE14}
		{03FFF189-18D1-448C-A40B-4F80E7CA8FA2} = {03FFF189-18D1-448C-A40B-4F80E7CA8FA2}
		{69BA839D-C769-4611-BB55-FFA30C7BF870} = {69BA839D-C769-4611-BB55-FFA30C7BF870}
		{8F98B3AB-320B-4BFE-9E19-978F6EE55CBE} = {8F98B3AB-320B-4BFE-9E19-978F6EE55CBE}
		{5247C0B5-EB71-46E4-BD8A-9AD4973825DF} = {5247C0B5-EB71-46E4-BD8A-9AD4973825DF}
	EndProjectSection
EndProject
Project("{EAF909A5-FA59-4C3D-9431-0FCC20D5BCF9}") = "transport", "tutorials\common\transport\transport.icproj", "{5247C0B5-EB71-46E4-BD8A-9AD4973825DF}"
	ProjectSection(ProjectDependencies) = postProject
		{EECC5C81-259B-4FB3-BB80-496D7C98CE14} = {EECC5C81-259B-4FB3-BB80-496D7C98CE14}
	EndProjectSection
EndProject
Project("{2150E333-8FDC-42A3-9474-1A3956D46DE8}") = "tests", "tests", "{8C9F4C3F-7C09-4205-B479-C292EBC0461A}"
EndProject
Project("{EAF909A5-FA59-4C3D-9431-0FCC20D5BCF9}") = "verify", "tests\verify.icproj", "{CEB2AAA7-DFB3-4955-B138-7BDF792C3D33}"
	ProjectSection(ProjectDependencies) = postProject
		{AF49135E-17B5-4206-872C-8B981E0956ED} = {AF49135E-17B5-4206-872C-8B981E0956ED}
		{EECC5C81-259B-4FB3-BB80-496D7C98CE14} = {EECC5C81-259B-4FB3-BB80-496D7C98CE14}
		{03FFF189-18D1-448C-A40B-4F80E7CA8FA2} = {03FFF189-18D1-448C-A40B-4F80E7CA8FA2}
	EndProjectSection
EndProject
Project("{EAF909A5-FA59-4C3D-9431-0FCC20D5BCF9}") = "benchmark", "tests\benchmark.icproj", "{5EE09D77-7CAF-433E-8D50-689A7147CD2E}"
	ProjectSection(ProjectDependencies) = postProject
		{AF49135E-17B5-4206-872C-8B981E0956ED} = {AF49135E-17B5-4206-872C-8B981E0956ED}
		{EECC5C81-259B-4FB3-BB80-496D7C98CE14} = {EECC5C81-259B-4FB3-BB80-496D7C98CE14}
		{03FFF189-18D1-448C-A40B-4F80E7CA8FA2} = {03FFF189-18D1-448C-A40B-4F80E7CA8FA2}
	EndProjectSection
EndProject
Project("{EAF909A5-FA59-4C3D-9431-0FCC20D5BCF9}") = "embree_avx2", "kernels\xeon\embree_avx2.icproj", "{9759EDD7-BD83-4B0B-8C6E-250D7601B54F}"
EndProject
Project("{EAF909A5-FA59-4C3D-9431-0FCC20D5BCF9}") = "tutorial_device", "tutorials\common\tutorial\tutorial_device.icproj", "{69BA839D-C769-4611-BB55-FFA30C7BF870}"
	ProjectSection(ProjectDependencies) = postProject
		{EECC5C81-259B-4FB3-BB80-496D7C98CE14} = {EECC5C81-259B-4FB3-BB80-496D7C98CE14}
		{03FFF189-18D1-448C-A40B-4F80E7CA8FA2} = {03FFF189-18D1-448C-A40B-4F80E7CA8FA2}
	EndProjectSection
EndProject
Project("{2150E333-8FDC-42A3-9474-1A3956D46DE8}") = "ispc", "ispc", "{E727C895-C19F-4AF5-94D4-53DD2375211F}"
EndProject
Project("{2150E333-8FDC-42A3-9474-1A3956D46DE8}") = "single", "single", "{7BA99E0B-A22B-4351-BAC0-878658B32210}"
EndProject
Project("{EAF909A5-FA59-4C3D-9431-0FCC20D5BCF9}") = "tutorial01", "tutorials\tutorial01\tutorial01.icproj", "{1C8B68C3-C4A7-4F84-971F-C82F3B5175DF}"
	ProjectSection(ProjectDependencies) = postProject
		{CD26A317-1FF5-4AC1-9C8E-74E1D038E1DE} = {CD26A317-1FF5-4AC1-9C8E-74E1D038E1DE}
		{AF49135E-17B5-4206-872C-8B981E0956ED} = {AF49135E-17B5-4206-872C-8B981E0956ED}
		{EECC5C81-259B-4FB3-BB80-496D7C98CE14} = {EECC5C81-259B-4FB3-BB80-496D7C98CE14}
		{03FFF189-18D1-448C-A40B-4F80E7CA8FA2} = {03FFF189-18D1-448C-A40B-4F80E7CA8FA2}
		{69BA839D-C769-4611-BB55-FFA30C7BF870} = {69BA839D-C769-4611-BB55-FFA30C7BF870}
		{8F98B3AB-320B-4BFE-9E19-978F6EE55CBE} = {8F98B3AB-320B-4BFE-9E19-978F6EE55CBE}
		{5247C0B5-EB71-46E4-BD8A-9AD4973825DF} = {5247C0B5-EB71-46E4-BD8A-9AD4973825DF}
	EndProjectSection
EndProject
Project("{EAF909A5-FA59-4C3D-9431-0FCC20D5BCF9}") = "tutorial02", "tutorials\tutorial02\tutorial02.icproj", "{F1DAC226-2190-47B4-8416-8968474CCDE8}"
	ProjectSection(ProjectDependencies) = postProject
		{CD26A317-1FF5-4AC1-9C8E-74E1D038E1DE} = {CD26A317-1FF5-4AC1-9C8E-74E1D038E1DE}
		{AF49135E-17B5-4206-872C-8B981E0956ED} = {AF49135E-17B5-4206-872C-8B981E0956ED}
		{EECC5C81-259B-4FB3-BB80-496D7C98CE14} = {EECC5C81-259B-4FB3-BB80-496D7C98CE14}
		{03FFF189-18D1-448C-A40B-4F80E7CA8FA2} = {03FFF189-18D1-448C-A40B-4F80E7CA8FA2}
		{69BA839D-C769-4611-BB55-FFA30C7BF870} = {69BA839D-C769-4611-BB55-FFA30C7BF870}
		{8F98B3AB-320B-4BFE-9E19-978F6EE55CBE} = {8F98B3AB-320B-4BFE-9E19-978F6EE55CBE}
		{5247C0B5-EB71-46E4-BD8A-9AD4973825DF} = {5247C0B5-EB71-46E4-BD8A-9AD4973825DF}
	EndProjectSection
EndProject
Project("{EAF909A5-FA59-4C3D-9431-0FCC20D5BCF9}") = "tutorial04", "tutorials\tutorial04\tutorial04.icproj", "{A9A64E0C-B0CC-46AD-BB4C-03692C53160E}"
	ProjectSection(ProjectDependencies) = postProject
		{CD26A317-1FF5-4AC1-9C8E-74E1D038E1DE} = {CD26A317-1FF5-4AC1-9C8E-74E1D038E1DE}
		{AF49135E-17B5-4206-872C-8B981E0956ED} = {AF49135E-17B5-4206-872C-8B981E0956ED}
		{EECC5C81-259B-4FB3-BB80-496D7C98CE14} = {EECC5C81-259B-4FB3-BB80-496D7C98CE14}
		{03FFF189-18D1-448C-A40B-4F80E7CA8FA2} = {03FFF189-18D1-448C-A40B-4F80E7CA8FA2}
		{69BA839D-C769-4611-BB55-FFA30C7BF870} = {69BA839D-C769-4611-BB55-FFA30C7BF870}
		{8F98B3AB-320B-4BFE-9E19-978F6EE55CBE} = {8F98B3AB-320B-4BFE-9E19-978F6EE55CBE}
		{5247C0B5-EB71-46E4-BD8A-9AD4973825DF} = {5247C0B5-EB71-46E4-BD8A-9AD4973825DF}
	EndProjectSection
EndProject
Project("{EAF909A5-FA59-4C3D-9431-0FCC20D5BCF9}") = "tutorial05", "tutorials\tutorial05\tutorial05.icproj", "{E37568C3-C1B1-48D8-AD3C-F1411E36DF75}"
	ProjectSection(ProjectDependencies) = postProject
		{CD26A317-1FF5-4AC1-9C8E-74E1D038E1DE} = {CD26A317-1FF5-4AC1-9C8E-74E1D038E1DE}
		{AF49135E-17B5-4206-872C-8B981E0956ED} = {AF49135E-17B5-4206-872C-8B981E0956ED}
		{EECC5C81-259B-4FB3-BB80-496D7C98CE14} = {EECC5C81-259B-4FB3-BB80-496D7C98CE14}
		{03FFF189-18D1-448C-A40B-4F80E7CA8FA2} = {03FFF189-18D1-448C-A40B-4F80E7CA8FA2}
		{69BA839D-C769-4611-BB55-FFA30C7BF870} = {69BA839D-C769-4611-BB55-FFA30C7BF870}
		{8F98B3AB-320B-4BFE-9E19-978F6EE55CBE} = {8F98B3AB-320B-4BFE-9E19-978F6EE55CBE}
		{5247C0B5-EB71-46E4-BD8A-9AD4973825DF} = {5247C0B5-EB71-46E4-BD8A-9AD4973825DF}
	EndProjectSection
EndProject
Project("{EAF909A5-FA59-4C3D-9431-0FCC20D5BCF9}") = "tutorial06", "tutorials\tutorial06\tutorial06.icproj", "{EA071D3C-04D0-4E42-A377-FD781FB24E98}"
	ProjectSection(ProjectDependencies) = postProject
		{CD26A317-1FF5-4AC1-9C8E-74E1D038E1DE} = {CD26A317-1FF5-4AC1-9C8E-74E1D038E1DE}
		{AF49135E-17B5-4206-872C-8B981E0956ED} = {AF49135E-17B5-4206-872C-8B981E0956ED}
		{EECC5C81-259B-4FB3-BB80-496D7C98CE14} = {EECC5C81-259B-4FB3-BB80-496D7C98CE14}
		{03FFF189-18D1-448C-A40B-4F80E7CA8FA2} = {03FFF189-18D1-448C-A40B-4F80E7CA8FA2}
		{69BA839D-C769-4611-BB55-FFA30C7BF870} = {69BA839D-C769-4611-BB55-FFA30C7BF870}
		{8F98B3AB-320B-4BFE-9E19-978F6EE55CBE} = {8F98B3AB-320B-4BFE-9E19-978F6EE55CBE}
		{5247C0B5-EB71-46E4-BD8A-9AD4973825DF} = {5247C0B5-EB71-46E4-BD8A-9AD4973825DF}
	EndProjectSection
EndProject
Project("{EAF909A5-FA59-4C3D-9431-0FCC20D5BCF9}") = "tutorial03", "tutorials\tutorial03\tutorial03.icproj", "{EAD71D3C-04D0-4E42-A377-FD781FB24E98}"
	ProjectSection(ProjectDependencies) = postProject
		{CD26A317-1FF5-4AC1-9C8E-74E1D038E1DE} = {CD26A317-1FF5-4AC1-9C8E-74E1D038E1DE}
		{AF49135E-17B5-4206-872C-8B981E0956ED} = {AF49135E-17B5-4206-872C-8B981E0956ED}
		{EECC5C81-259B-4FB3-BB80-496D7C98CE14} = {EECC5C81-259B-4FB3-BB80-496D7C98CE14}
		{03FFF189-18D1-448C-A40B-4F80E7CA8FA2} = {03FFF189-18D1-448C-A40B-4F80E7CA8FA2}
		{69BA839D-C769-4611-BB55-FFA30C7BF870} = {69BA839D-C769-4611-BB55-FFA30C7BF870}
		{8F98B3AB-320B-4BFE-9E19-978F6EE55CBE} = {8F98B3AB-320B-4BFE-9E19-978F6EE55CBE}
		{5247C0B5-EB71-46E4-BD8A-9AD4973825DF} = {5247C0B5-EB71-46E4-BD8A-9AD4973825DF}
	EndProjectSection
EndProject
Project("{EAF909A5-FA59-4C3D-9431-0FCC20D5BCF9}") = "tutorial05_ispc", "tutorials\tutorial05\tutorial05_ispc.icproj", "{1790DC8D-FE51-42A9-972F-AFD5A36AF94D}"
	ProjectSection(ProjectDependencies) = postProject
		{CD26A317-1FF5-4AC1-9C8E-74E1D038E1DE} = {CD26A317-1FF5-4AC1-9C8E-74E1D038E1DE}
		{AF49135E-17B5-4206-872C-8B981E0956ED} = {AF49135E-17B5-4206-872C-8B981E0956ED}
		{EECC5C81-259B-4FB3-BB80-496D7C98CE14} = {EECC5C81-259B-4FB3-BB80-496D7C98CE14}
		{03FFF189-18D1-448C-A40B-4F80E7CA8FA2} = {03FFF189-18D1-448C-A40B-4F80E7CA8FA2}
		{8F98B3AB-320B-4BFE-9E19-978F6EE55CBE} = {8F98B3AB-320B-4BFE-9E19-978F6EE55CBE}
		{5247C0B5-EB71-46E4-BD8A-9AD4973825DF} = {5247C0B5-EB71-46E4-BD8A-9AD4973825DF}
	EndProjectSection
EndProject
Project("{EAF909A5-FA59-4C3D-9431-0FCC20D5BCF9}") = "tutorial06_ispc", "tutorials\tutorial06\tutorial06_ispc.icproj", "{7209C442-58E4-48D8-ABAD-B90C9A170416}"
	ProjectSection(ProjectDependencies) = postProject
		{CD26A317-1FF5-4AC1-9C8E-74E1D038E1DE} = {CD26A317-1FF5-4AC1-9C8E-74E1D038E1DE}
		{AF49135E-17B5-4206-872C-8B981E0956ED} = {AF49135E-17B5-4206-872C-8B981E0956ED}
		{EECC5C81-259B-4FB3-BB80-496D7C98CE14} = {EECC5C81-259B-4FB3-BB80-496D7C98CE14}
		{03FFF189-18D1-448C-A40B-4F80E7CA8FA2} = {03FFF189-18D1-448C-A40B-4F80E7CA8FA2}
		{8F98B3AB-320B-4BFE-9E19-978F6EE55CBE} = {8F98B3AB-320B-4BFE-9E19-978F6EE55CBE}
		{5247C0B5-EB71-46E4-BD8A-9AD4973825DF} = {5247C0B5-EB71-46E4-BD8A-9AD4973825DF}
	EndProjectSection
EndProject
Project("{EAF909A5-FA59-4C3D-9431-0FCC20D5BCF9}") = "tutorial07_ispc", "tutorials\tutorial07\tutorial07_ispc.icproj", "{1790DC87-FE51-42A9-972F-AFD5A36AF94C}"
	ProjectSection(ProjectDependencies) = postProject
		{CD26A317-1FF5-4AC1-9C8E-74E1D038E1DE} = {CD26A317-1FF5-4AC1-9C8E-74E1D038E1DE}
		{AF49135E-17B5-4206-872C-8B981E0956ED} = {AF49135E-17B5-4206-872C-8B981E0956ED}
		{EECC5C81-259B-4FB3-BB80-496D7C98CE14} = {EECC5C81-259B-4FB3-BB80-496D7C98CE14}
		{03FFF189-18D1-448C-A40B-4F80E7CA8FA2} = {03FFF189-18D1-448C-A40B-4F80E7CA8FA2}
		{8F98B3AB-320B-4BFE-9E19-978F6EE55CBE} = {8F98B3AB-320B-4BFE-9E19-978F6EE55CBE}
		{5247C0B5-EB71-46E4-BD8A-9AD4973825DF} = {5247C0B5-EB71-46E4-BD8A-9AD4973825DF}
	EndProjectSection
EndProject
Project("{EAF909A5-FA59-4C3D-9431-0FCC20D5BCF9}") = "tutorial07", "tutorials\tutorial07\tutorial07.icproj", "{E3756873-C1B1-48D8-AD3C-F1411E36DF74}"
	ProjectSection(ProjectDependencies) = postProject
		{CD26A317-1FF5-4AC1-9C8E-74E1D038E1DE} = {CD26A317-1FF5-4AC1-9C8E-74E1D038E1DE}
		{AF49135E-17B5-4206-872C-8B981E0956ED} = {AF49135E-17B5-4206-872C-8B981E0956ED}
		{EECC5C81-259B-4FB3-BB80-496D7C98CE14} = {EECC5C81-259B-4FB3-BB80-496D7C98CE14}
		{03FFF189-18D1-448C-A40B-4F80E7CA8FA2} = {03FFF189-18D1-448C-A40B-4F80E7CA8FA2}
		{69BA839D-C769-4611-BB55-FFA30C7BF870} = {69BA839D-C769-4611-BB55-FFA30C7BF870}
		{8F98B3AB-320B-4BFE-9E19-978F6EE55CBE} = {8F98B3AB-320B-4BFE-9E19-978F6EE55CBE}
		{5247C0B5-EB71-46E4-BD8A-9AD4973825DF} = {5247C0B5-EB71-46E4-BD8A-9AD4973825DF}
	EndProjectSection
EndProject
Global
	GlobalSection(IntelOptPkgProperties) = preSolution
		LoadPackage = true
	EndGlobalSection
	GlobalSection(SolutionConfigurationPlatforms) = preSolution
		Debug|Win32 = Debug|Win32
		Debug|x64 = Debug|x64
		Release|Win32 = Release|Win32
		Release|x64 = Release|x64
		ReleaseAVX|Win32 = ReleaseAVX|Win32
		ReleaseAVX|x64 = ReleaseAVX|x64
		ReleaseAVX2|Win32 = ReleaseAVX2|Win32
		ReleaseAVX2|x64 = ReleaseAVX2|x64
	EndGlobalSection
	GlobalSection(ProjectConfigurationPlatforms) = postSolution
		{EECC5C81-259B-4FB3-BB80-496D7C98CE14}.Debug|Win32.ActiveCfg = Debug|Win32
		{EECC5C81-259B-4FB3-BB80-496D7C98CE14}.Debug|Win32.Build.0 = Debug|Win32
		{EECC5C81-259B-4FB3-BB80-496D7C98CE14}.Debug|x64.ActiveCfg = Debug|x64
		{EECC5C81-259B-4FB3-BB80-496D7C98CE14}.Debug|x64.Build.0 = Debug|x64
		{EECC5C81-259B-4FB3-BB80-496D7C98CE14}.Release|Win32.ActiveCfg = Release|Win32
		{EECC5C81-259B-4FB3-BB80-496D7C98CE14}.Release|Win32.Build.0 = Release|Win32
		{EECC5C81-259B-4FB3-BB80-496D7C98CE14}.Release|x64.ActiveCfg = Release|x64
		{EECC5C81-259B-4FB3-BB80-496D7C98CE14}.Release|x64.Build.0 = Release|x64
		{EECC5C81-259B-4FB3-BB80-496D7C98CE14}.ReleaseAVX|Win32.ActiveCfg = ReleaseAVX|Win32
		{EECC5C81-259B-4FB3-BB80-496D7C98CE14}.ReleaseAVX|Win32.Build.0 = ReleaseAVX|Win32
		{EECC5C81-259B-4FB3-BB80-496D7C98CE14}.ReleaseAVX|x64.ActiveCfg = ReleaseAVX|x64
		{EECC5C81-259B-4FB3-BB80-496D7C98CE14}.ReleaseAVX|x64.Build.0 = ReleaseAVX|x64
		{EECC5C81-259B-4FB3-BB80-496D7C98CE14}.ReleaseAVX2|Win32.ActiveCfg = ReleaseAVX2|Win32
		{EECC5C81-259B-4FB3-BB80-496D7C98CE14}.ReleaseAVX2|Win32.Build.0 = ReleaseAVX2|Win32
		{EECC5C81-259B-4FB3-BB80-496D7C98CE14}.ReleaseAVX2|x64.ActiveCfg = ReleaseAVX2|x64
		{EECC5C81-259B-4FB3-BB80-496D7C98CE14}.ReleaseAVX2|x64.Build.0 = ReleaseAVX2|x64
		{03FFF189-18D1-448C-A40B-4F80E7CA8FA2}.Debug|Win32.ActiveCfg = Debug|Win32
		{03FFF189-18D1-448C-A40B-4F80E7CA8FA2}.Debug|Win32.Build.0 = Debug|Win32
		{03FFF189-18D1-448C-A40B-4F80E7CA8FA2}.Debug|x64.ActiveCfg = Debug|x64
		{03FFF189-18D1-448C-A40B-4F80E7CA8FA2}.Debug|x64.Build.0 = Debug|x64
		{03FFF189-18D1-448C-A40B-4F80E7CA8FA2}.Release|Win32.ActiveCfg = Release|Win32
		{03FFF189-18D1-448C-A40B-4F80E7CA8FA2}.Release|Win32.Build.0 = Release|Win32
		{03FFF189-18D1-448C-A40B-4F80E7CA8FA2}.Release|x64.ActiveCfg = Release|x64
		{03FFF189-18D1-448C-A40B-4F80E7CA8FA2}.Release|x64.Build.0 = Release|x64
		{03FFF189-18D1-448C-A40B-4F80E7CA8FA2}.ReleaseAVX|Win32.ActiveCfg = ReleaseAVX|Win32
		{03FFF189-18D1-448C-A40B-4F80E7CA8FA2}.ReleaseAVX|Win32.Build.0 = ReleaseAVX|Win32
		{03FFF189-18D1-448C-A40B-4F80E7CA8FA2}.ReleaseAVX|x64.ActiveCfg = ReleaseAVX|x64
		{03FFF189-18D1-448C-A40B-4F80E7CA8FA2}.ReleaseAVX|x64.Build.0 = ReleaseAVX|x64
		{03FFF189-18D1-448C-A40B-4F80E7CA8FA2}.ReleaseAVX2|Win32.ActiveCfg = ReleaseAVX2|Win32
		{03FFF189-18D1-448C-A40B-4F80E7CA8FA2}.ReleaseAVX2|Win32.Build.0 = ReleaseAVX2|Win32
		{03FFF189-18D1-448C-A40B-4F80E7CA8FA2}.ReleaseAVX2|x64.ActiveCfg = ReleaseAVX2|x64
		{03FFF189-18D1-448C-A40B-4F80E7CA8FA2}.ReleaseAVX2|x64.Build.0 = ReleaseAVX2|x64
		{6C891227-B162-480E-BEF1-AA567DA852D6}.Debug|Win32.ActiveCfg = Debug|Win32
		{6C891227-B162-480E-BEF1-AA567DA852D6}.Debug|x64.ActiveCfg = Debug|x64
		{6C891227-B162-480E-BEF1-AA567DA852D6}.Release|Win32.ActiveCfg = Release|Win32
		{6C891227-B162-480E-BEF1-AA567DA852D6}.Release|x64.ActiveCfg = Release|x64
		{6C891227-B162-480E-BEF1-AA567DA852D6}.ReleaseAVX|Win32.ActiveCfg = ReleaseAVX|Win32
		{6C891227-B162-480E-BEF1-AA567DA852D6}.ReleaseAVX|Win32.Build.0 = ReleaseAVX|Win32
		{6C891227-B162-480E-BEF1-AA567DA852D6}.ReleaseAVX|x64.ActiveCfg = ReleaseAVX|x64
		{6C891227-B162-480E-BEF1-AA567DA852D6}.ReleaseAVX|x64.Build.0 = ReleaseAVX|x64
		{6C891227-B162-480E-BEF1-AA567DA852D6}.ReleaseAVX2|Win32.ActiveCfg = ReleaseAVX2|Win32
		{6C891227-B162-480E-BEF1-AA567DA852D6}.ReleaseAVX2|Win32.Build.0 = ReleaseAVX2|Win32
		{6C891227-B162-480E-BEF1-AA567DA852D6}.ReleaseAVX2|x64.ActiveCfg = ReleaseAVX2|x64
		{6C891227-B162-480E-BEF1-AA567DA852D6}.ReleaseAVX2|x64.Build.0 = ReleaseAVX2|x64
		{8F98B3AB-320B-4BFE-9E19-978F6EE55CBE}.Debug|Win32.ActiveCfg = Debug|Win32
		{8F98B3AB-320B-4BFE-9E19-978F6EE55CBE}.Debug|Win32.Build.0 = Debug|Win32
		{8F98B3AB-320B-4BFE-9E19-978F6EE55CBE}.Debug|x64.ActiveCfg = Debug|x64
		{8F98B3AB-320B-4BFE-9E19-978F6EE55CBE}.Debug|x64.Build.0 = Debug|x64
		{8F98B3AB-320B-4BFE-9E19-978F6EE55CBE}.Release|Win32.ActiveCfg = Release|Win32
		{8F98B3AB-320B-4BFE-9E19-978F6EE55CBE}.Release|Win32.Build.0 = Release|Win32
		{8F98B3AB-320B-4BFE-9E19-978F6EE55CBE}.Release|x64.ActiveCfg = Release|x64
		{8F98B3AB-320B-4BFE-9E19-978F6EE55CBE}.Release|x64.Build.0 = Release|x64
		{8F98B3AB-320B-4BFE-9E19-978F6EE55CBE}.ReleaseAVX|Win32.ActiveCfg = ReleaseAVX|Win32
		{8F98B3AB-320B-4BFE-9E19-978F6EE55CBE}.ReleaseAVX|Win32.Build.0 = ReleaseAVX|Win32
		{8F98B3AB-320B-4BFE-9E19-978F6EE55CBE}.ReleaseAVX|x64.ActiveCfg = ReleaseAVX|x64
		{8F98B3AB-320B-4BFE-9E19-978F6EE55CBE}.ReleaseAVX|x64.Build.0 = ReleaseAVX|x64
		{8F98B3AB-320B-4BFE-9E19-978F6EE55CBE}.ReleaseAVX2|Win32.ActiveCfg = ReleaseAVX2|Win32
		{8F98B3AB-320B-4BFE-9E19-978F6EE55CBE}.ReleaseAVX2|Win32.Build.0 = ReleaseAVX2|Win32
		{8F98B3AB-320B-4BFE-9E19-978F6EE55CBE}.ReleaseAVX2|x64.ActiveCfg = ReleaseAVX2|x64
		{8F98B3AB-320B-4BFE-9E19-978F6EE55CBE}.ReleaseAVX2|x64.Build.0 = ReleaseAVX2|x64
		{AF49135E-17B5-4206-872C-8B981E0956ED}.Debug|Win32.ActiveCfg = Debug|Win32
		{AF49135E-17B5-4206-872C-8B981E0956ED}.Debug|Win32.Build.0 = Debug|Win32
		{AF49135E-17B5-4206-872C-8B981E0956ED}.Debug|x64.ActiveCfg = Debug|x64
		{AF49135E-17B5-4206-872C-8B981E0956ED}.Debug|x64.Build.0 = Debug|x64
		{AF49135E-17B5-4206-872C-8B981E0956ED}.Release|Win32.ActiveCfg = Release|Win32
		{AF49135E-17B5-4206-872C-8B981E0956ED}.Release|Win32.Build.0 = Release|Win32
		{AF49135E-17B5-4206-872C-8B981E0956ED}.Release|x64.ActiveCfg = Release|x64
		{AF49135E-17B5-4206-872C-8B981E0956ED}.Release|x64.Build.0 = Release|x64
		{AF49135E-17B5-4206-872C-8B981E0956ED}.ReleaseAVX|Win32.ActiveCfg = ReleaseAVX|Win32
		{AF49135E-17B5-4206-872C-8B981E0956ED}.ReleaseAVX|Win32.Build.0 = ReleaseAVX|Win32
		{AF49135E-17B5-4206-872C-8B981E0956ED}.ReleaseAVX|x64.ActiveCfg = ReleaseAVX|x64
		{AF49135E-17B5-4206-872C-8B981E0956ED}.ReleaseAVX|x64.Build.0 = ReleaseAVX|x64
		{AF49135E-17B5-4206-872C-8B981E0956ED}.ReleaseAVX2|Win32.ActiveCfg = ReleaseAVX2|Win32
		{AF49135E-17B5-4206-872C-8B981E0956ED}.ReleaseAVX2|Win32.Build.0 = ReleaseAVX2|Win32
		{AF49135E-17B5-4206-872C-8B981E0956ED}.ReleaseAVX2|x64.ActiveCfg = ReleaseAVX2|x64
		{AF49135E-17B5-4206-872C-8B981E0956ED}.ReleaseAVX2|x64.Build.0 = ReleaseAVX2|x64
		{CD26A317-1FF5-4AC1-9C8E-74E1D038E1DE}.Debug|Win32.ActiveCfg = Debug|Win32
		{CD26A317-1FF5-4AC1-9C8E-74E1D038E1DE}.Debug|Win32.Build.0 = Debug|Win32
		{CD26A317-1FF5-4AC1-9C8E-74E1D038E1DE}.Debug|x64.ActiveCfg = Debug|x64
		{CD26A317-1FF5-4AC1-9C8E-74E1D038E1DE}.Debug|x64.Build.0 = Debug|x64
		{CD26A317-1FF5-4AC1-9C8E-74E1D038E1DE}.Release|Win32.ActiveCfg = Release|Win32
		{CD26A317-1FF5-4AC1-9C8E-74E1D038E1DE}.Release|Win32.Build.0 = Release|Win32
		{CD26A317-1FF5-4AC1-9C8E-74E1D038E1DE}.Release|x64.ActiveCfg = Release|x64
		{CD26A317-1FF5-4AC1-9C8E-74E1D038E1DE}.Release|x64.Build.0 = Release|x64
		{CD26A317-1FF5-4AC1-9C8E-74E1D038E1DE}.ReleaseAVX|Win32.ActiveCfg = ReleaseAVX|Win32
		{CD26A317-1FF5-4AC1-9C8E-74E1D038E1DE}.ReleaseAVX|Win32.Build.0 = ReleaseAVX|Win32
		{CD26A317-1FF5-4AC1-9C8E-74E1D038E1DE}.ReleaseAVX|x64.ActiveCfg = ReleaseAVX|x64
		{CD26A317-1FF5-4AC1-9C8E-74E1D038E1DE}.ReleaseAVX|x64.Build.0 = ReleaseAVX|x64
		{CD26A317-1FF5-4AC1-9C8E-74E1D038E1DE}.ReleaseAVX2|Win32.ActiveCfg = ReleaseAVX2|Win32
		{CD26A317-1FF5-4AC1-9C8E-74E1D038E1DE}.ReleaseAVX2|Win32.Build.0 = ReleaseAVX2|Win32
		{CD26A317-1FF5-4AC1-9C8E-74E1D038E1DE}.ReleaseAVX2|x64.ActiveCfg = ReleaseAVX2|x64
		{CD26A317-1FF5-4AC1-9C8E-74E1D038E1DE}.ReleaseAVX2|x64.Build.0 = ReleaseAVX2|x64
		{1790DC8D-FE51-42A9-972F-AFD5A36AF94C}.Debug|Win32.ActiveCfg = Debug|Win32
		{1790DC8D-FE51-42A9-972F-AFD5A36AF94C}.Debug|Win32.Build.0 = Debug|Win32
		{1790DC8D-FE51-42A9-972F-AFD5A36AF94C}.Debug|x64.ActiveCfg = Debug|x64
		{1790DC8D-FE51-42A9-972F-AFD5A36AF94C}.Debug|x64.Build.0 = Debug|x64
		{1790DC8D-FE51-42A9-972F-AFD5A36AF94C}.Release|Win32.ActiveCfg = Release|Win32
		{1790DC8D-FE51-42A9-972F-AFD5A36AF94C}.Release|Win32.Build.0 = Release|Win32
		{1790DC8D-FE51-42A9-972F-AFD5A36AF94C}.Release|x64.ActiveCfg = Release|x64
		{1790DC8D-FE51-42A9-972F-AFD5A36AF94C}.Release|x64.Build.0 = Release|x64
		{1790DC8D-FE51-42A9-972F-AFD5A36AF94C}.ReleaseAVX|Win32.ActiveCfg = ReleaseAVX|Win32
		{1790DC8D-FE51-42A9-972F-AFD5A36AF94C}.ReleaseAVX|Win32.Build.0 = ReleaseAVX|Win32
		{1790DC8D-FE51-42A9-972F-AFD5A36AF94C}.ReleaseAVX|x64.ActiveCfg = ReleaseAVX|x64
		{1790DC8D-FE51-42A9-972F-AFD5A36AF94C}.ReleaseAVX|x64.Build.0 = ReleaseAVX|x64
		{1790DC8D-FE51-42A9-972F-AFD5A36AF94C}.ReleaseAVX2|Win32.ActiveCfg = ReleaseAVX2|Win32
		{1790DC8D-FE51-42A9-972F-AFD5A36AF94C}.ReleaseAVX2|Win32.Build.0 = ReleaseAVX2|Win32
		{1790DC8D-FE51-42A9-972F-AFD5A36AF94C}.ReleaseAVX2|x64.ActiveCfg = ReleaseAVX2|x64
		{1790DC8D-FE51-42A9-972F-AFD5A36AF94C}.ReleaseAVX2|x64.Build.0 = ReleaseAVX2|x64
		{2217BEC8-47A8-48B4-B0CF-C1BA7C003FE6}.Debug|Win32.ActiveCfg = Debug|Win32
		{2217BEC8-47A8-48B4-B0CF-C1BA7C003FE6}.Debug|Win32.Build.0 = Debug|Win32
		{2217BEC8-47A8-48B4-B0CF-C1BA7C003FE6}.Debug|x64.ActiveCfg = Debug|x64
		{2217BEC8-47A8-48B4-B0CF-C1BA7C003FE6}.Debug|x64.Build.0 = Debug|x64
		{2217BEC8-47A8-48B4-B0CF-C1BA7C003FE6}.Release|Win32.ActiveCfg = Release|Win32
		{2217BEC8-47A8-48B4-B0CF-C1BA7C003FE6}.Release|Win32.Build.0 = Release|Win32
		{2217BEC8-47A8-48B4-B0CF-C1BA7C003FE6}.Release|x64.ActiveCfg = Release|x64
		{2217BEC8-47A8-48B4-B0CF-C1BA7C003FE6}.Release|x64.Build.0 = Release|x64
		{2217BEC8-47A8-48B4-B0CF-C1BA7C003FE6}.ReleaseAVX|Win32.ActiveCfg = ReleaseAVX|Win32
		{2217BEC8-47A8-48B4-B0CF-C1BA7C003FE6}.ReleaseAVX|Win32.Build.0 = ReleaseAVX|Win32
		{2217BEC8-47A8-48B4-B0CF-C1BA7C003FE6}.ReleaseAVX|x64.ActiveCfg = ReleaseAVX|x64
		{2217BEC8-47A8-48B4-B0CF-C1BA7C003FE6}.ReleaseAVX|x64.Build.0 = ReleaseAVX|x64
		{2217BEC8-47A8-48B4-B0CF-C1BA7C003FE6}.ReleaseAVX2|Win32.ActiveCfg = ReleaseAVX2|Win32
		{2217BEC8-47A8-48B4-B0CF-C1BA7C003FE6}.ReleaseAVX2|Win32.Build.0 = ReleaseAVX2|Win32
		{2217BEC8-47A8-48B4-B0CF-C1BA7C003FE6}.ReleaseAVX2|x64.ActiveCfg = ReleaseAVX2|x64
		{2217BEC8-47A8-48B4-B0CF-C1BA7C003FE6}.ReleaseAVX2|x64.Build.0 = ReleaseAVX2|x64
		{A9B28D03-8690-4B27-967E-AFB0C73FF7D5}.Debug|Win32.ActiveCfg = Debug|Win32
		{A9B28D03-8690-4B27-967E-AFB0C73FF7D5}.Debug|Win32.Build.0 = Debug|Win32
		{A9B28D03-8690-4B27-967E-AFB0C73FF7D5}.Debug|x64.ActiveCfg = Debug|x64
		{A9B28D03-8690-4B27-967E-AFB0C73FF7D5}.Debug|x64.Build.0 = Debug|x64
		{A9B28D03-8690-4B27-967E-AFB0C73FF7D5}.Release|Win32.ActiveCfg = Release|Win32
		{A9B28D03-8690-4B27-967E-AFB0C73FF7D5}.Release|Win32.Build.0 = Release|Win32
		{A9B28D03-8690-4B27-967E-AFB0C73FF7D5}.Release|x64.ActiveCfg = Release|x64
		{A9B28D03-8690-4B27-967E-AFB0C73FF7D5}.Release|x64.Build.0 = Release|x64
		{A9B28D03-8690-4B27-967E-AFB0C73FF7D5}.ReleaseAVX|Win32.ActiveCfg = ReleaseAVX|Win32
		{A9B28D03-8690-4B27-967E-AFB0C73FF7D5}.ReleaseAVX|Win32.Build.0 = ReleaseAVX|Win32
		{A9B28D03-8690-4B27-967E-AFB0C73FF7D5}.ReleaseAVX|x64.ActiveCfg = ReleaseAVX|x64
		{A9B28D03-8690-4B27-967E-AFB0C73FF7D5}.ReleaseAVX|x64.Build.0 = ReleaseAVX|x64
		{A9B28D03-8690-4B27-967E-AFB0C73FF7D5}.ReleaseAVX2|Win32.ActiveCfg = ReleaseAVX2|Win32
		{A9B28D03-8690-4B27-967E-AFB0C73FF7D5}.ReleaseAVX2|Win32.Build.0 = ReleaseAVX2|Win32
		{A9B28D03-8690-4B27-967E-AFB0C73FF7D5}.ReleaseAVX2|x64.ActiveCfg = ReleaseAVX2|x64
		{A9B28D03-8690-4B27-967E-AFB0C73FF7D5}.ReleaseAVX2|x64.Build.0 = ReleaseAVX2|x64
		{72B9C442-58E4-48D8-ABAD-B90C9A170416}.Debug|Win32.ActiveCfg = Debug|Win32
		{72B9C442-58E4-48D8-ABAD-B90C9A170416}.Debug|Win32.Build.0 = Debug|Win32
		{72B9C442-58E4-48D8-ABAD-B90C9A170416}.Debug|x64.ActiveCfg = Debug|x64
		{72B9C442-58E4-48D8-ABAD-B90C9A170416}.Debug|x64.Build.0 = Debug|x64
		{72B9C442-58E4-48D8-ABAD-B90C9A170416}.Release|Win32.ActiveCfg = Release|Win32
		{72B9C442-58E4-48D8-ABAD-B90C9A170416}.Release|Win32.Build.0 = Release|Win32
		{72B9C442-58E4-48D8-ABAD-B90C9A170416}.Release|x64.ActiveCfg = Release|x64
		{72B9C442-58E4-48D8-ABAD-B90C9A170416}.Release|x64.Build.0 = Release|x64
		{72B9C442-58E4-48D8-ABAD-B90C9A170416}.ReleaseAVX|Win32.ActiveCfg = ReleaseAVX|Win32
		{72B9C442-58E4-48D8-ABAD-B90C9A170416}.ReleaseAVX|Win32.Build.0 = ReleaseAVX|Win32
		{72B9C442-58E4-48D8-ABAD-B90C9A170416}.ReleaseAVX|x64.ActiveCfg = ReleaseAVX|x64
		{72B9C442-58E4-48D8-ABAD-B90C9A170416}.ReleaseAVX|x64.Build.0 = ReleaseAVX|x64
		{72B9C442-58E4-48D8-ABAD-B90C9A170416}.ReleaseAVX2|Win32.ActiveCfg = ReleaseAVX2|Win32
		{72B9C442-58E4-48D8-ABAD-B90C9A170416}.ReleaseAVX2|Win32.Build.0 = ReleaseAVX2|Win32
		{72B9C442-58E4-48D8-ABAD-B90C9A170416}.ReleaseAVX2|x64.ActiveCfg = ReleaseAVX2|x64
		{72B9C442-58E4-48D8-ABAD-B90C9A170416}.ReleaseAVX2|x64.Build.0 = ReleaseAVX2|x64
		{067D21D4-2E1A-45F7-9DEE-23638BF2C58F}.Debug|Win32.ActiveCfg = Debug|Win32
		{067D21D4-2E1A-45F7-9DEE-23638BF2C58F}.Debug|Win32.Build.0 = Debug|Win32
		{067D21D4-2E1A-45F7-9DEE-23638BF2C58F}.Debug|x64.ActiveCfg = Debug|x64
		{067D21D4-2E1A-45F7-9DEE-23638BF2C58F}.Debug|x64.Build.0 = Debug|x64
		{067D21D4-2E1A-45F7-9DEE-23638BF2C58F}.Release|Win32.ActiveCfg = Release|Win32
		{067D21D4-2E1A-45F7-9DEE-23638BF2C58F}.Release|Win32.Build.0 = Release|Win32
		{067D21D4-2E1A-45F7-9DEE-23638BF2C58F}.Release|x64.ActiveCfg = Release|x64
		{067D21D4-2E1A-45F7-9DEE-23638BF2C58F}.Release|x64.Build.0 = Release|x64
		{067D21D4-2E1A-45F7-9DEE-23638BF2C58F}.ReleaseAVX|Win32.ActiveCfg = ReleaseAVX|Win32
		{067D21D4-2E1A-45F7-9DEE-23638BF2C58F}.ReleaseAVX|Win32.Build.0 = ReleaseAVX|Win32
		{067D21D4-2E1A-45F7-9DEE-23638BF2C58F}.ReleaseAVX|x64.ActiveCfg = ReleaseAVX|x64
		{067D21D4-2E1A-45F7-9DEE-23638BF2C58F}.ReleaseAVX|x64.Build.0 = ReleaseAVX|x64
		{067D21D4-2E1A-45F7-9DEE-23638BF2C58F}.ReleaseAVX2|Win32.ActiveCfg = ReleaseAVX2|Win32
		{067D21D4-2E1A-45F7-9DEE-23638BF2C58F}.ReleaseAVX2|Win32.Build.0 = ReleaseAVX2|Win32
		{067D21D4-2E1A-45F7-9DEE-23638BF2C58F}.ReleaseAVX2|x64.ActiveCfg = ReleaseAVX2|x64
		{067D21D4-2E1A-45F7-9DEE-23638BF2C58F}.ReleaseAVX2|x64.Build.0 = ReleaseAVX2|x64
		{E37568C3-C1B1-48D8-AD3C-F1411E36DF74}.Debug|Win32.ActiveCfg = Debug|Win32
		{E37568C3-C1B1-48D8-AD3C-F1411E36DF74}.Debug|Win32.Build.0 = Debug|Win32
		{E37568C3-C1B1-48D8-AD3C-F1411E36DF74}.Debug|x64.ActiveCfg = Debug|x64
		{E37568C3-C1B1-48D8-AD3C-F1411E36DF74}.Debug|x64.Build.0 = Debug|x64
		{E37568C3-C1B1-48D8-AD3C-F1411E36DF74}.Release|Win32.ActiveCfg = Release|Win32
		{E37568C3-C1B1-48D8-AD3C-F1411E36DF74}.Release|Win32.Build.0 = Release|Win32
		{E37568C3-C1B1-48D8-AD3C-F1411E36DF74}.Release|x64.ActiveCfg = Release|x64
		{E37568C3-C1B1-48D8-AD3C-F1411E36DF74}.Release|x64.Build.0 = Release|x64
		{E37568C3-C1B1-48D8-AD3C-F1411E36DF74}.ReleaseAVX|Win32.ActiveCfg = ReleaseAVX|Win32
		{E37568C3-C1B1-48D8-AD3C-F1411E36DF74}.ReleaseAVX|Win32.Build.0 = ReleaseAVX|Win32
		{E37568C3-C1B1-48D8-AD3C-F1411E36DF74}.ReleaseAVX|x64.ActiveCfg = ReleaseAVX|x64
		{E37568C3-C1B1-48D8-AD3C-F1411E36DF74}.ReleaseAVX|x64.Build.0 = ReleaseAVX|x64
		{E37568C3-C1B1-48D8-AD3C-F1411E36DF74}.ReleaseAVX2|Win32.ActiveCfg = ReleaseAVX2|Win32
		{E37568C3-C1B1-48D8-AD3C-F1411E36DF74}.ReleaseAVX2|Win32.Build.0 = ReleaseAVX2|Win32
		{E37568C3-C1B1-48D8-AD3C-F1411E36DF74}.ReleaseAVX2|x64.ActiveCfg = ReleaseAVX2|x64
		{E37568C3-C1B1-48D8-AD3C-F1411E36DF74}.ReleaseAVX2|x64.Build.0 = ReleaseAVX2|x64
		{5247C0B5-EB71-46E4-BD8A-9AD4973825DF}.Debug|Win32.ActiveCfg = Debug|Win32
		{5247C0B5-EB71-46E4-BD8A-9AD4973825DF}.Debug|Win32.Build.0 = Debug|Win32
		{5247C0B5-EB71-46E4-BD8A-9AD4973825DF}.Debug|x64.ActiveCfg = Debug|x64
		{5247C0B5-EB71-46E4-BD8A-9AD4973825DF}.Debug|x64.Build.0 = Debug|x64
		{5247C0B5-EB71-46E4-BD8A-9AD4973825DF}.Release|Win32.ActiveCfg = Release|Win32
		{5247C0B5-EB71-46E4-BD8A-9AD4973825DF}.Release|Win32.Build.0 = Release|Win32
		{5247C0B5-EB71-46E4-BD8A-9AD4973825DF}.Release|x64.ActiveCfg = Release|x64
		{5247C0B5-EB71-46E4-BD8A-9AD4973825DF}.Release|x64.Build.0 = Release|x64
		{5247C0B5-EB71-46E4-BD8A-9AD4973825DF}.ReleaseAVX|Win32.ActiveCfg = ReleaseAVX|Win32
		{5247C0B5-EB71-46E4-BD8A-9AD4973825DF}.ReleaseAVX|Win32.Build.0 = ReleaseAVX|Win32
		{5247C0B5-EB71-46E4-BD8A-9AD4973825DF}.ReleaseAVX|x64.ActiveCfg = ReleaseAVX|x64
		{5247C0B5-EB71-46E4-BD8A-9AD4973825DF}.ReleaseAVX|x64.Build.0 = ReleaseAVX|x64
		{5247C0B5-EB71-46E4-BD8A-9AD4973825DF}.ReleaseAVX2|Win32.ActiveCfg = ReleaseAVX2|Win32
		{5247C0B5-EB71-46E4-BD8A-9AD4973825DF}.ReleaseAVX2|Win32.Build.0 = ReleaseAVX2|Win32
		{5247C0B5-EB71-46E4-BD8A-9AD4973825DF}.ReleaseAVX2|x64.ActiveCfg = ReleaseAVX2|x64
		{5247C0B5-EB71-46E4-BD8A-9AD4973825DF}.ReleaseAVX2|x64.Build.0 = ReleaseAVX2|x64
		{CEB2AAA7-DFB3-4955-B138-7BDF792C3D33}.Debug|Win32.ActiveCfg = Debug|Win32
		{CEB2AAA7-DFB3-4955-B138-7BDF792C3D33}.Debug|Win32.Build.0 = Debug|Win32
		{CEB2AAA7-DFB3-4955-B138-7BDF792C3D33}.Debug|x64.ActiveCfg = Debug|x64
		{CEB2AAA7-DFB3-4955-B138-7BDF792C3D33}.Debug|x64.Build.0 = Debug|x64
		{CEB2AAA7-DFB3-4955-B138-7BDF792C3D33}.Release|Win32.ActiveCfg = Release|Win32
		{CEB2AAA7-DFB3-4955-B138-7BDF792C3D33}.Release|Win32.Build.0 = Release|Win32
		{CEB2AAA7-DFB3-4955-B138-7BDF792C3D33}.Release|x64.ActiveCfg = Release|x64
		{CEB2AAA7-DFB3-4955-B138-7BDF792C3D33}.Release|x64.Build.0 = Release|x64
		{CEB2AAA7-DFB3-4955-B138-7BDF792C3D33}.ReleaseAVX|Win32.ActiveCfg = ReleaseAVX|Win32
		{CEB2AAA7-DFB3-4955-B138-7BDF792C3D33}.ReleaseAVX|Win32.Build.0 = ReleaseAVX|Win32
		{CEB2AAA7-DFB3-4955-B138-7BDF792C3D33}.ReleaseAVX|x64.ActiveCfg = ReleaseAVX|x64
		{CEB2AAA7-DFB3-4955-B138-7BDF792C3D33}.ReleaseAVX|x64.Build.0 = ReleaseAVX|x64
		{CEB2AAA7-DFB3-4955-B138-7BDF792C3D33}.ReleaseAVX2|Win32.ActiveCfg = ReleaseAVX2|Win32
		{CEB2AAA7-DFB3-4955-B138-7BDF792C3D33}.ReleaseAVX2|Win32.Build.0 = ReleaseAVX2|Win32
		{CEB2AAA7-DFB3-4955-B138-7BDF792C3D33}.ReleaseAVX2|x64.ActiveCfg = ReleaseAVX2|x64
		{CEB2AAA7-DFB3-4955-B138-7BDF792C3D33}.ReleaseAVX2|x64.Build.0 = ReleaseAVX2|x64
		{5EE09D77-7CAF-433E-8D50-689A7147CD2E}.Debug|Win32.ActiveCfg = Debug|Win32
		{5EE09D77-7CAF-433E-8D50-689A7147CD2E}.Debug|Win32.Build.0 = Debug|Win32
		{5EE09D77-7CAF-433E-8D50-689A7147CD2E}.Debug|x64.ActiveCfg = Debug|x64
		{5EE09D77-7CAF-433E-8D50-689A7147CD2E}.Debug|x64.Build.0 = Debug|x64
		{5EE09D77-7CAF-433E-8D50-689A7147CD2E}.Release|Win32.ActiveCfg = Release|Win32
		{5EE09D77-7CAF-433E-8D50-689A7147CD2E}.Release|Win32.Build.0 = Release|Win32
		{5EE09D77-7CAF-433E-8D50-689A7147CD2E}.Release|x64.ActiveCfg = Release|x64
		{5EE09D77-7CAF-433E-8D50-689A7147CD2E}.Release|x64.Build.0 = Release|x64
		{5EE09D77-7CAF-433E-8D50-689A7147CD2E}.ReleaseAVX|Win32.ActiveCfg = ReleaseAVX|Win32
		{5EE09D77-7CAF-433E-8D50-689A7147CD2E}.ReleaseAVX|Win32.Build.0 = ReleaseAVX|Win32
		{5EE09D77-7CAF-433E-8D50-689A7147CD2E}.ReleaseAVX|x64.ActiveCfg = ReleaseAVX|x64
		{5EE09D77-7CAF-433E-8D50-689A7147CD2E}.ReleaseAVX|x64.Build.0 = ReleaseAVX|x64
		{5EE09D77-7CAF-433E-8D50-689A7147CD2E}.ReleaseAVX2|Win32.ActiveCfg = ReleaseAVX2|Win32
		{5EE09D77-7CAF-433E-8D50-689A7147CD2E}.ReleaseAVX2|Win32.Build.0 = ReleaseAVX2|Win32
		{5EE09D77-7CAF-433E-8D50-689A7147CD2E}.ReleaseAVX2|x64.ActiveCfg = ReleaseAVX2|x64
		{5EE09D77-7CAF-433E-8D50-689A7147CD2E}.ReleaseAVX2|x64.Build.0 = ReleaseAVX2|x64
		{9759EDD7-BD83-4B0B-8C6E-250D7601B54F}.Debug|Win32.ActiveCfg = Debug|Win32
		{9759EDD7-BD83-4B0B-8C6E-250D7601B54F}.Debug|x64.ActiveCfg = Debug|x64
		{9759EDD7-BD83-4B0B-8C6E-250D7601B54F}.Release|Win32.ActiveCfg = Release|Win32
		{9759EDD7-BD83-4B0B-8C6E-250D7601B54F}.Release|x64.ActiveCfg = Release|x64
		{9759EDD7-BD83-4B0B-8C6E-250D7601B54F}.ReleaseAVX|Win32.ActiveCfg = ReleaseAVX|Win32
		{9759EDD7-BD83-4B0B-8C6E-250D7601B54F}.ReleaseAVX|x64.ActiveCfg = ReleaseAVX|x64
		{9759EDD7-BD83-4B0B-8C6E-250D7601B54F}.ReleaseAVX2|Win32.ActiveCfg = ReleaseAVX2|Win32
		{9759EDD7-BD83-4B0B-8C6E-250D7601B54F}.ReleaseAVX2|Win32.Build.0 = ReleaseAVX2|Win32
		{9759EDD7-BD83-4B0B-8C6E-250D7601B54F}.ReleaseAVX2|x64.ActiveCfg = ReleaseAVX2|x64
		{9759EDD7-BD83-4B0B-8C6E-250D7601B54F}.ReleaseAVX2|x64.Build.0 = ReleaseAVX2|x64
		{69BA839D-C769-4611-BB55-FFA30C7BF870}.Debug|Win32.ActiveCfg = Debug|Win32
		{69BA839D-C769-4611-BB55-FFA30C7BF870}.Debug|Win32.Build.0 = Debug|Win32
		{69BA839D-C769-4611-BB55-FFA30C7BF870}.Debug|x64.ActiveCfg = Debug|x64
		{69BA839D-C769-4611-BB55-FFA30C7BF870}.Debug|x64.Build.0 = Debug|x64
		{69BA839D-C769-4611-BB55-FFA30C7BF870}.Release|Win32.ActiveCfg = Release|Win32
		{69BA839D-C769-4611-BB55-FFA30C7BF870}.Release|Win32.Build.0 = Release|Win32
		{69BA839D-C769-4611-BB55-FFA30C7BF870}.Release|x64.ActiveCfg = Release|x64
		{69BA839D-C769-4611-BB55-FFA30C7BF870}.Release|x64.Build.0 = Release|x64
		{69BA839D-C769-4611-BB55-FFA30C7BF870}.ReleaseAVX|Win32.ActiveCfg = ReleaseAVX|Win32
		{69BA839D-C769-4611-BB55-FFA30C7BF870}.ReleaseAVX|Win32.Build.0 = ReleaseAVX|Win32
		{69BA839D-C769-4611-BB55-FFA30C7BF870}.ReleaseAVX|x64.ActiveCfg = ReleaseAVX|x64
		{69BA839D-C769-4611-BB55-FFA30C7BF870}.ReleaseAVX|x64.Build.0 = ReleaseAVX|x64
		{69BA839D-C769-4611-BB55-FFA30C7BF870}.ReleaseAVX2|Win32.ActiveCfg = ReleaseAVX2|Win32
		{69BA839D-C769-4611-BB55-FFA30C7BF870}.ReleaseAVX2|Win32.Build.0 = ReleaseAVX2|Win32
		{69BA839D-C769-4611-BB55-FFA30C7BF870}.ReleaseAVX2|x64.ActiveCfg = ReleaseAVX2|x64
		{69BA839D-C769-4611-BB55-FFA30C7BF870}.ReleaseAVX2|x64.Build.0 = ReleaseAVX2|x64
		{1C8B68C3-C4A7-4F84-971F-C82F3B5175DF}.Debug|Win32.ActiveCfg = Debug|Win32
		{1C8B68C3-C4A7-4F84-971F-C82F3B5175DF}.Debug|Win32.Build.0 = Debug|Win32
		{1C8B68C3-C4A7-4F84-971F-C82F3B5175DF}.Debug|x64.ActiveCfg = Debug|x64
		{1C8B68C3-C4A7-4F84-971F-C82F3B5175DF}.Debug|x64.Build.0 = Debug|x64
		{1C8B68C3-C4A7-4F84-971F-C82F3B5175DF}.Release|Win32.ActiveCfg = Release|Win32
		{1C8B68C3-C4A7-4F84-971F-C82F3B5175DF}.Release|Win32.Build.0 = Release|Win32
		{1C8B68C3-C4A7-4F84-971F-C82F3B5175DF}.Release|x64.ActiveCfg = Release|x64
		{1C8B68C3-C4A7-4F84-971F-C82F3B5175DF}.Release|x64.Build.0 = Release|x64
		{1C8B68C3-C4A7-4F84-971F-C82F3B5175DF}.ReleaseAVX|Win32.ActiveCfg = ReleaseAVX|Win32
		{1C8B68C3-C4A7-4F84-971F-C82F3B5175DF}.ReleaseAVX|Win32.Build.0 = ReleaseAVX|Win32
		{1C8B68C3-C4A7-4F84-971F-C82F3B5175DF}.ReleaseAVX|x64.ActiveCfg = ReleaseAVX|x64
		{1C8B68C3-C4A7-4F84-971F-C82F3B5175DF}.ReleaseAVX|x64.Build.0 = ReleaseAVX|x64
		{1C8B68C3-C4A7-4F84-971F-C82F3B5175DF}.ReleaseAVX2|Win32.ActiveCfg = ReleaseAVX2|Win32
		{1C8B68C3-C4A7-4F84-971F-C82F3B5175DF}.ReleaseAVX2|Win32.Build.0 = ReleaseAVX2|Win32
		{1C8B68C3-C4A7-4F84-971F-C82F3B5175DF}.ReleaseAVX2|x64.ActiveCfg = ReleaseAVX2|x64
		{1C8B68C3-C4A7-4F84-971F-C82F3B5175DF}.ReleaseAVX2|x64.Build.0 = ReleaseAVX2|x64
		{F1DAC226-2190-47B4-8416-8968474CCDE8}.Debug|Win32.ActiveCfg = Debug|Win32
		{F1DAC226-2190-47B4-8416-8968474CCDE8}.Debug|Win32.Build.0 = Debug|Win32
		{F1DAC226-2190-47B4-8416-8968474CCDE8}.Debug|x64.ActiveCfg = Debug|x64
		{F1DAC226-2190-47B4-8416-8968474CCDE8}.Debug|x64.Build.0 = Debug|x64
		{F1DAC226-2190-47B4-8416-8968474CCDE8}.Release|Win32.ActiveCfg = Release|Win32
		{F1DAC226-2190-47B4-8416-8968474CCDE8}.Release|Win32.Build.0 = Release|Win32
		{F1DAC226-2190-47B4-8416-8968474CCDE8}.Release|x64.ActiveCfg = Release|x64
		{F1DAC226-2190-47B4-8416-8968474CCDE8}.Release|x64.Build.0 = Release|x64
		{F1DAC226-2190-47B4-8416-8968474CCDE8}.ReleaseAVX|Win32.ActiveCfg = ReleaseAVX|Win32
		{F1DAC226-2190-47B4-8416-8968474CCDE8}.ReleaseAVX|Win32.Build.0 = ReleaseAVX|Win32
		{F1DAC226-2190-47B4-8416-8968474CCDE8}.ReleaseAVX|x64.ActiveCfg = ReleaseAVX|x64
		{F1DAC226-2190-47B4-8416-8968474CCDE8}.ReleaseAVX|x64.Build.0 = ReleaseAVX|x64
		{F1DAC226-2190-47B4-8416-8968474CCDE8}.ReleaseAVX2|Win32.ActiveCfg = ReleaseAVX2|Win32
		{F1DAC226-2190-47B4-8416-8968474CCDE8}.ReleaseAVX2|Win32.Build.0 = ReleaseAVX2|Win32
		{F1DAC226-2190-47B4-8416-8968474CCDE8}.ReleaseAVX2|x64.ActiveCfg = ReleaseAVX2|x64
		{F1DAC226-2190-47B4-8416-8968474CCDE8}.ReleaseAVX2|x64.Build.0 = ReleaseAVX2|x64
		{A9A64E0C-B0CC-46AD-BB4C-03692C53160E}.Debug|Win32.ActiveCfg = Debug|Win32
		{A9A64E0C-B0CC-46AD-BB4C-03692C53160E}.Debug|Win32.Build.0 = Debug|Win32
		{A9A64E0C-B0CC-46AD-BB4C-03692C53160E}.Debug|x64.ActiveCfg = Debug|x64
		{A9A64E0C-B0CC-46AD-BB4C-03692C53160E}.Debug|x64.Build.0 = Debug|x64
		{A9A64E0C-B0CC-46AD-BB4C-03692C53160E}.Release|Win32.ActiveCfg = Release|Win32
		{A9A64E0C-B0CC-46AD-BB4C-03692C53160E}.Release|Win32.Build.0 = Release|Win32
		{A9A64E0C-B0CC-46AD-BB4C-03692C53160E}.Release|x64.ActiveCfg = Release|x64
		{A9A64E0C-B0CC-46AD-BB4C-03692C53160E}.Release|x64.Build.0 = Release|x64
		{A9A64E0C-B0CC-46AD-BB4C-03692C53160E}.ReleaseAVX|Win32.ActiveCfg = ReleaseAVX|Win32
		{A9A64E0C-B0CC-46AD-BB4C-03692C53160E}.ReleaseAVX|Win32.Build.0 = ReleaseAVX|Win32
		{A9A64E0C-B0CC-46AD-BB4C-03692C53160E}.ReleaseAVX|x64.ActiveCfg = ReleaseAVX|x64
		{A9A64E0C-B0CC-46AD-BB4C-03692C53160E}.ReleaseAVX|x64.Build.0 = ReleaseAVX|x64
		{A9A64E0C-B0CC-46AD-BB4C-03692C53160E}.ReleaseAVX2|Win32.ActiveCfg = ReleaseAVX2|Win32
		{A9A64E0C-B0CC-46AD-BB4C-03692C53160E}.ReleaseAVX2|Win32.Build.0 = ReleaseAVX2|Win32
		{A9A64E0C-B0CC-46AD-BB4C-03692C53160E}.ReleaseAVX2|x64.ActiveCfg = ReleaseAVX2|x64
		{A9A64E0C-B0CC-46AD-BB4C-03692C53160E}.ReleaseAVX2|x64.Build.0 = ReleaseAVX2|x64
		{E37568C3-C1B1-48D8-AD3C-F1411E36DF75}.Debug|Win32.ActiveCfg = Debug|Win32
		{E37568C3-C1B1-48D8-AD3C-F1411E36DF75}.Debug|Win32.Build.0 = Debug|Win32
		{E37568C3-C1B1-48D8-AD3C-F1411E36DF75}.Debug|x64.ActiveCfg = Debug|x64
		{E37568C3-C1B1-48D8-AD3C-F1411E36DF75}.Debug|x64.Build.0 = Debug|x64
		{E37568C3-C1B1-48D8-AD3C-F1411E36DF75}.Release|Win32.ActiveCfg = Release|Win32
		{E37568C3-C1B1-48D8-AD3C-F1411E36DF75}.Release|Win32.Build.0 = Release|Win32
		{E37568C3-C1B1-48D8-AD3C-F1411E36DF75}.Release|x64.ActiveCfg = Release|x64
		{E37568C3-C1B1-48D8-AD3C-F1411E36DF75}.Release|x64.Build.0 = Release|x64
		{E37568C3-C1B1-48D8-AD3C-F1411E36DF75}.ReleaseAVX|Win32.ActiveCfg = ReleaseAVX|Win32
		{E37568C3-C1B1-48D8-AD3C-F1411E36DF75}.ReleaseAVX|Win32.Build.0 = ReleaseAVX|Win32
		{E37568C3-C1B1-48D8-AD3C-F1411E36DF75}.ReleaseAVX|x64.ActiveCfg = ReleaseAVX|x64
		{E37568C3-C1B1-48D8-AD3C-F1411E36DF75}.ReleaseAVX|x64.Build.0 = ReleaseAVX|x64
		{E37568C3-C1B1-48D8-AD3C-F1411E36DF75}.ReleaseAVX2|Win32.ActiveCfg = ReleaseAVX2|Win32
		{E37568C3-C1B1-48D8-AD3C-F1411E36DF75}.ReleaseAVX2|Win32.Build.0 = ReleaseAVX2|Win32
		{E37568C3-C1B1-48D8-AD3C-F1411E36DF75}.ReleaseAVX2|x64.ActiveCfg = ReleaseAVX2|x64
		{E37568C3-C1B1-48D8-AD3C-F1411E36DF75}.ReleaseAVX2|x64.Build.0 = ReleaseAVX2|x64
		{EA071D3C-04D0-4E42-A377-FD781FB24E98}.Debug|Win32.ActiveCfg = Debug|Win32
		{EA071D3C-04D0-4E42-A377-FD781FB24E98}.Debug|Win32.Build.0 = Debug|Win32
		{EA071D3C-04D0-4E42-A377-FD781FB24E98}.Debug|x64.ActiveCfg = Debug|x64
		{EA071D3C-04D0-4E42-A377-FD781FB24E98}.Debug|x64.Build.0 = Debug|x64
		{EA071D3C-04D0-4E42-A377-FD781FB24E98}.Release|Win32.ActiveCfg = Release|Win32
		{EA071D3C-04D0-4E42-A377-FD781FB24E98}.Release|Win32.Build.0 = Release|Win32
		{EA071D3C-04D0-4E42-A377-FD781FB24E98}.Release|x64.ActiveCfg = Release|x64
		{EA071D3C-04D0-4E42-A377-FD781FB24E98}.Release|x64.Build.0 = Release|x64
		{EA071D3C-04D0-4E42-A377-FD781FB24E98}.ReleaseAVX|Win32.ActiveCfg = ReleaseAVX|Win32
		{EA071D3C-04D0-4E42-A377-FD781FB24E98}.ReleaseAVX|Win32.Build.0 = ReleaseAVX|Win32
		{EA071D3C-04D0-4E42-A377-FD781FB24E98}.ReleaseAVX|x64.ActiveCfg = ReleaseAVX|x64
		{EA071D3C-04D0-4E42-A377-FD781FB24E98}.ReleaseAVX|x64.Build.0 = ReleaseAVX|x64
		{EA071D3C-04D0-4E42-A377-FD781FB24E98}.ReleaseAVX2|Win32.ActiveCfg = ReleaseAVX2|Win32
		{EA071D3C-04D0-4E42-A377-FD781FB24E98}.ReleaseAVX2|Win32.Build.0 = ReleaseAVX2|Win32
		{EA071D3C-04D0-4E42-A377-FD781FB24E98}.ReleaseAVX2|x64.ActiveCfg = ReleaseAVX2|x64
		{EA071D3C-04D0-4E42-A377-FD781FB24E98}.ReleaseAVX2|x64.Build.0 = ReleaseAVX2|x64
		{EAD71D3C-04D0-4E42-A377-FD781FB24E98}.Debug|Win32.ActiveCfg = Debug|Win32
		{EAD71D3C-04D0-4E42-A377-FD781FB24E98}.Debug|Win32.Build.0 = Debug|Win32
		{EAD71D3C-04D0-4E42-A377-FD781FB24E98}.Debug|x64.ActiveCfg = Debug|x64
		{EAD71D3C-04D0-4E42-A377-FD781FB24E98}.Debug|x64.Build.0 = Debug|x64
		{EAD71D3C-04D0-4E42-A377-FD781FB24E98}.Release|Win32.ActiveCfg = Release|Win32
		{EAD71D3C-04D0-4E42-A377-FD781FB24E98}.Release|Win32.Build.0 = Release|Win32
		{EAD71D3C-04D0-4E42-A377-FD781FB24E98}.Release|x64.ActiveCfg = Release|x64
		{EAD71D3C-04D0-4E42-A377-FD781FB24E98}.Release|x64.Build.0 = Release|x64
		{EAD71D3C-04D0-4E42-A377-FD781FB24E98}.ReleaseAVX|Win32.ActiveCfg = ReleaseAVX|Win32
		{EAD71D3C-04D0-4E42-A377-FD781FB24E98}.ReleaseAVX|Win32.Build.0 = ReleaseAVX|Win32
		{EAD71D3C-04D0-4E42-A377-FD781FB24E98}.ReleaseAVX|x64.ActiveCfg = ReleaseAVX|x64
		{EAD71D3C-04D0-4E42-A377-FD781FB24E98}.ReleaseAVX|x64.Build.0 = ReleaseAVX|x64
		{EAD71D3C-04D0-4E42-A377-FD781FB24E98}.ReleaseAVX2|Win32.ActiveCfg = ReleaseAVX2|Win32
		{EAD71D3C-04D0-4E42-A377-FD781FB24E98}.ReleaseAVX2|Win32.Build.0 = ReleaseAVX2|Win32
		{EAD71D3C-04D0-4E42-A377-FD781FB24E98}.ReleaseAVX2|x64.ActiveCfg = ReleaseAVX2|x64
		{EAD71D3C-04D0-4E42-A377-FD781FB24E98}.ReleaseAVX2|x64.Build.0 = ReleaseAVX2|x64
		{1790DC8D-FE51-42A9-972F-AFD5A36AF94D}.Debug|Win32.ActiveCfg = Debug|Win32
		{1790DC8D-FE51-42A9-972F-AFD5A36AF94D}.Debug|Win32.Build.0 = Debug|Win32
		{1790DC8D-FE51-42A9-972F-AFD5A36AF94D}.Debug|x64.ActiveCfg = Debug|x64
		{1790DC8D-FE51-42A9-972F-AFD5A36AF94D}.Debug|x64.Build.0 = Debug|x64
		{1790DC8D-FE51-42A9-972F-AFD5A36AF94D}.Release|Win32.ActiveCfg = Release|Win32
		{1790DC8D-FE51-42A9-972F-AFD5A36AF94D}.Release|Win32.Build.0 = Release|Win32
		{1790DC8D-FE51-42A9-972F-AFD5A36AF94D}.Release|x64.ActiveCfg = Release|x64
		{1790DC8D-FE51-42A9-972F-AFD5A36AF94D}.Release|x64.Build.0 = Release|x64
		{1790DC8D-FE51-42A9-972F-AFD5A36AF94D}.ReleaseAVX|Win32.ActiveCfg = ReleaseAVX|Win32
		{1790DC8D-FE51-42A9-972F-AFD5A36AF94D}.ReleaseAVX|Win32.Build.0 = ReleaseAVX|Win32
		{1790DC8D-FE51-42A9-972F-AFD5A36AF94D}.ReleaseAVX|x64.ActiveCfg = ReleaseAVX|x64
		{1790DC8D-FE51-42A9-972F-AFD5A36AF94D}.ReleaseAVX|x64.Build.0 = ReleaseAVX|x64
		{1790DC8D-FE51-42A9-972F-AFD5A36AF94D}.ReleaseAVX2|Win32.ActiveCfg = ReleaseAVX2|Win32
		{1790DC8D-FE51-42A9-972F-AFD5A36AF94D}.ReleaseAVX2|Win32.Build.0 = ReleaseAVX2|Win32
		{1790DC8D-FE51-42A9-972F-AFD5A36AF94D}.ReleaseAVX2|x64.ActiveCfg = ReleaseAVX2|x64
		{1790DC8D-FE51-42A9-972F-AFD5A36AF94D}.ReleaseAVX2|x64.Build.0 = ReleaseAVX2|x64
		{7209C442-58E4-48D8-ABAD-B90C9A170416}.Debug|Win32.ActiveCfg = Debug|Win32
		{7209C442-58E4-48D8-ABAD-B90C9A170416}.Debug|Win32.Build.0 = Debug|Win32
		{7209C442-58E4-48D8-ABAD-B90C9A170416}.Debug|x64.ActiveCfg = Debug|x64
		{7209C442-58E4-48D8-ABAD-B90C9A170416}.Debug|x64.Build.0 = Debug|x64
		{7209C442-58E4-48D8-ABAD-B90C9A170416}.Release|Win32.ActiveCfg = Release|Win32
		{7209C442-58E4-48D8-ABAD-B90C9A170416}.Release|Win32.Build.0 = Release|Win32
		{7209C442-58E4-48D8-ABAD-B90C9A170416}.Release|x64.ActiveCfg = Release|x64
		{7209C442-58E4-48D8-ABAD-B90C9A170416}.Release|x64.Build.0 = Release|x64
		{7209C442-58E4-48D8-ABAD-B90C9A170416}.ReleaseAVX|Win32.ActiveCfg = ReleaseAVX|Win32
		{7209C442-58E4-48D8-ABAD-B90C9A170416}.ReleaseAVX|Win32.Build.0 = ReleaseAVX|Win32
		{7209C442-58E4-48D8-ABAD-B90C9A170416}.ReleaseAVX|x64.ActiveCfg = ReleaseAVX|x64
		{7209C442-58E4-48D8-ABAD-B90C9A170416}.ReleaseAVX|x64.Build.0 = ReleaseAVX|x64
		{7209C442-58E4-48D8-ABAD-B90C9A170416}.ReleaseAVX2|Win32.ActiveCfg = ReleaseAVX2|Win32
		{7209C442-58E4-48D8-ABAD-B90C9A170416}.ReleaseAVX2|Win32.Build.0 = ReleaseAVX2|Win32
		{7209C442-58E4-48D8-ABAD-B90C9A170416}.ReleaseAVX2|x64.ActiveCfg = ReleaseAVX2|x64
		{7209C442-58E4-48D8-ABAD-B90C9A170416}.ReleaseAVX2|x64.Build.0 = ReleaseAVX2|x64
		{1790DC87-FE51-42A9-972F-AFD5A36AF94C}.Debug|Win32.ActiveCfg = Debug|Win32
		{1790DC87-FE51-42A9-972F-AFD5A36AF94C}.Debug|Win32.Build.0 = Debug|Win32
		{1790DC87-FE51-42A9-972F-AFD5A36AF94C}.Debug|x64.ActiveCfg = Debug|x64
		{1790DC87-FE51-42A9-972F-AFD5A36AF94C}.Debug|x64.Build.0 = Debug|x64
		{1790DC87-FE51-42A9-972F-AFD5A36AF94C}.Release|Win32.ActiveCfg = Release|Win32
		{1790DC87-FE51-42A9-972F-AFD5A36AF94C}.Release|Win32.Build.0 = Release|Win32
		{1790DC87-FE51-42A9-972F-AFD5A36AF94C}.Release|x64.ActiveCfg = Release|x64
		{1790DC87-FE51-42A9-972F-AFD5A36AF94C}.Release|x64.Build.0 = Release|x64
		{1790DC87-FE51-42A9-972F-AFD5A36AF94C}.ReleaseAVX|Win32.ActiveCfg = ReleaseAVX|Win32
		{1790DC87-FE51-42A9-972F-AFD5A36AF94C}.ReleaseAVX|Win32.Build.0 = ReleaseAVX|Win32
		{1790DC87-FE51-42A9-972F-AFD5A36AF94C}.ReleaseAVX|x64.ActiveCfg = ReleaseAVX|x64
		{1790DC87-FE51-42A9-972F-AFD5A36AF94C}.ReleaseAVX|x64.Build.0 = ReleaseAVX|x64
		{1790DC87-FE51-42A9-972F-AFD5A36AF94C}.ReleaseAVX2|Win32.ActiveCfg = ReleaseAVX2|Win32
		{1790DC87-FE51-42A9-972F-AFD5A36AF94C}.ReleaseAVX2|Win32.Build.0 = ReleaseAVX2|Win32
		{1790DC87-FE51-42A9-972F-AFD5A36AF94C}.ReleaseAVX2|x64.ActiveCfg = ReleaseAVX2|x64
		{1790DC87-FE51-42A9-972F-AFD5A36AF94C}.ReleaseAVX2|x64.Build.0 = ReleaseAVX2|x64
		{E3756873-C1B1-48D8-AD3C-F1411E36DF74}.Debug|Win32.ActiveCfg = Debug|Win32
		{E3756873-C1B1-48D8-AD3C-F1411E36DF74}.Debug|Win32.Build.0 = Debug|Win32
		{E3756873-C1B1-48D8-AD3C-F1411E36DF74}.Debug|x64.ActiveCfg = Debug|x64
		{E3756873-C1B1-48D8-AD3C-F1411E36DF74}.Debug|x64.Build.0 = Debug|x64
		{E3756873-C1B1-48D8-AD3C-F1411E36DF74}.Release|Win32.ActiveCfg = Release|Win32
		{E3756873-C1B1-48D8-AD3C-F1411E36DF74}.Release|Win32.Build.0 = Release|Win32
		{E3756873-C1B1-48D8-AD3C-F1411E36DF74}.Release|x64.ActiveCfg = Release|x64
		{E3756873-C1B1-48D8-AD3C-F1411E36DF74}.Release|x64.Build.0 = Release|x64
		{E3756873-C1B1-48D8-AD3C-F1411E36DF74}.ReleaseAVX|Win32.ActiveCfg = ReleaseAVX|Win32
		{E3756873-C1B1-48D8-AD3C-F1411E36DF74}.ReleaseAVX|Win32.Build.0 = ReleaseAVX|Win32
		{E3756873-C1B1-48D8-AD3C-F1411E36DF74}.ReleaseAVX|x64.ActiveCfg = ReleaseAVX|x64
		{E3756873-C1B1-48D8-AD3C-F1411E36DF74}.ReleaseAVX|x64.Build.0 = ReleaseAVX|x64
		{E3756873-C1B1-48D8-AD3C-F1411E36DF74}.ReleaseAVX2|Win32.ActiveCfg = ReleaseAVX2|Win32
		{E3756873-C1B1-48D8-AD3C-F1411E36DF74}.ReleaseAVX2|Win32.Build.0 = ReleaseAVX2|Win32
		{E3756873-C1B1-48D8-AD3C-F1411E36DF74}.ReleaseAVX2|x64.ActiveCfg = ReleaseAVX2|x64
		{E3756873-C1B1-48D8-AD3C-F1411E36DF74}.ReleaseAVX2|x64.Build.0 = ReleaseAVX2|x64
		{B118AB3D-AB5B-4D86-90C2-8E91E8457710}.Debug|Win32.ActiveCfg = Debug|Win32
		{B118AB3D-AB5B-4D86-90C2-8E91E8457710}.Debug|Win32.Build.0 = Debug|Win32
		{B118AB3D-AB5B-4D86-90C2-8E91E8457710}.Debug|x64.ActiveCfg = Debug|x64
		{B118AB3D-AB5B-4D86-90C2-8E91E8457710}.Debug|x64.Build.0 = Debug|x64
		{B118AB3D-AB5B-4D86-90C2-8E91E8457710}.Release|Win32.ActiveCfg = Release|Win32
		{B118AB3D-AB5B-4D86-90C2-8E91E8457710}.Release|Win32.Build.0 = Release|Win32
		{B118AB3D-AB5B-4D86-90C2-8E91E8457710}.Release|x64.ActiveCfg = Release|x64
		{B118AB3D-AB5B-4D86-90C2-8E91E8457710}.Release|x64.Build.0 = Release|x64
		{B118AB3D-AB5B-4D86-90C2-8E91E8457710}.ReleaseAVX|Win32.ActiveCfg = ReleaseAVX|Win32
		{B118AB3D-AB5B-4D86-90C2-8E91E8457710}.ReleaseAVX|Win32.Build.0 = ReleaseAVX|Win32
		{B118AB3D-AB5B-4D86-90C2-8E91E8457710}.ReleaseAVX|x64.ActiveCfg = ReleaseAVX|x64
		{B118AB3D-AB5B-4D86-90C2-8E91E8457710}.ReleaseAVX|x64.Build.0 = ReleaseAVX|x64
		{B118AB3D-AB5B-4D86-90C2-8E91E8457710}.ReleaseAVX2|Win32.ActiveCfg = ReleaseAVX2|Win32
		{B118AB3D-AB5B-4D86-90C2-8E91E8457710}.ReleaseAVX2|Win32.Build.0 = ReleaseAVX2|Win32
		{B118AB3D-AB5B-4D86-90C2-8E91E8457710}.ReleaseAVX2|x64.ActiveCfg = ReleaseAVX2|x64
		{B118AB3D-AB5B-4D86-90C2-8E91E8457710}.ReleaseAVX2|x64.Build.0 = ReleaseAVX2|x64
		{ED858C9A-C161-4036-8DF7-EB169BCB81BC}.Debug|Win32.ActiveCfg = Debug|Win32
		{ED858C9A-C161-4036-8DF7-EB169BCB81BC}.Debug|Win32.Build.0 = Debug|Win32
		{ED858C9A-C161-4036-8DF7-EB169BCB81BC}.Debug|x64.ActiveCfg = Debug|x64
		{ED858C9A-C161-4036-8DF7-EB169BCB81BC}.Debug|x64.Build.0 = Debug|x64
		{ED858C9A-C161-4036-8DF7-EB169BCB81BC}.Release|Win32.ActiveCfg = Release|Win32
		{ED858C9A-C161-4036-8DF7-EB169BCB81BC}.Release|Win32.Build.0 = Release|Win32
		{ED858C9A-C161-4036-8DF7-EB169BCB81BC}.Release|x64.ActiveCfg = Release|x64
		{ED858C9A-C161-4036-8DF7-EB169BCB81BC}.Release|x64.Build.0 = Release|x64
		{ED858C9A-C161-4036-8DF7-EB169BCB81BC}.ReleaseAVX|Win32.ActiveCfg = ReleaseAVX|Win32
		{ED858C9A-C161-4036-8DF7-EB169BCB81BC}.ReleaseAVX|Win32.Build.0 = ReleaseAVX|Win32
		{ED858C9A-C161-4036-8DF7-EB169BCB81BC}.ReleaseAVX|x64.ActiveCfg = ReleaseAVX|x64
		{ED858C9A-C161-4036-8DF7-EB169BCB81BC}.ReleaseAVX|x64.Build.0 = ReleaseAVX|x64
		{ED858C9A-C161-4036-8DF7-EB169BCB81BC}.ReleaseAVX2|Win32.ActiveCfg = ReleaseAVX2|Win32
		{ED858C9A-C161-4036-8DF7-EB169BCB81BC}.ReleaseAVX2|Win32.Build.0 = ReleaseAVX2|Win32
		{ED858C9A-C161-4036-8DF7-EB169BCB81BC}.ReleaseAVX2|x64.ActiveCfg = ReleaseAVX2|x64
		{ED858C9A-C161-4036-8DF7-EB169BCB81BC}.ReleaseAVX2|x64.Build.0 = ReleaseAVX2|x64
		{ED858C9A-C161-4036-8DF7-EB169BCB81BF}.Debug|Win32.ActiveCfg = Debug|Win32
		{ED858C9A-C161-4036-8DF7-EB169BCB81BF}.Debug|x64.ActiveCfg = Debug|x64
		{ED858C9A-C161-4036-8DF7-EB169BCB81BF}.Release|Win32.ActiveCfg = Release|Win32
		{ED858C9A-C161-4036-8DF7-EB169BCB81BF}.Release|x64.ActiveCfg = Release|x64
		{ED858C9A-C161-4036-8DF7-EB169BCB81BF}.ReleaseAVX|Win32.ActiveCfg = ReleaseAVX|Win32
		{ED858C9A-C161-4036-8DF7-EB169BCB81BF}.ReleaseAVX|Win32.Build.0 = ReleaseAVX|Win32
		{ED858C9A-C161-4036-8DF7-EB169BCB81BF}.ReleaseAVX|x64.ActiveCfg = ReleaseAVX|x64
		{ED858C9A-C161-4036-8DF7-EB169BCB81BF}.ReleaseAVX|x64.Build.0 = ReleaseAVX|x64
		{ED858C9A-C161-4036-8DF7-EB169BCB81BF}.ReleaseAVX2|Win32.ActiveCfg = ReleaseAVX2|Win32
		{ED858C9A-C161-4036-8DF7-EB169BCB81BF}.ReleaseAVX2|Win32.Build.0 = ReleaseAVX2|Win32
		{ED858C9A-C161-4036-8DF7-EB169BCB81BF}.ReleaseAVX2|x64.ActiveCfg = ReleaseAVX2|x64
		{ED858C9A-C161-4036-8DF7-EB169BCB81BF}.ReleaseAVX2|x64.Build.0 = ReleaseAVX2|x64
		{46A3A15E-AE35-41E9-824A-C542F8BA226E}.Debug|Win32.ActiveCfg = Debug|Win32
		{46A3A15E-AE35-41E9-824A-C542F8BA226E}.Debug|Win32.Build.0 = Debug|Win32
		{46A3A15E-AE35-41E9-824A-C542F8BA226E}.Debug|x64.ActiveCfg = Debug|x64
		{46A3A15E-AE35-41E9-824A-C542F8BA226E}.Debug|x64.Build.0 = Debug|x64
		{46A3A15E-AE35-41E9-824A-C542F8BA226E}.Release|Win32.ActiveCfg = Release|Win32
		{46A3A15E-AE35-41E9-824A-C542F8BA226E}.Release|Win32.Build.0 = Release|Win32
		{46A3A15E-AE35-41E9-824A-C542F8BA226E}.Release|x64.ActiveCfg = Release|x64
		{46A3A15E-AE35-41E9-824A-C542F8BA226E}.Release|x64.Build.0 = Release|x64
		{46A3A15E-AE35-41E9-824A-C542F8BA226E}.ReleaseAVX|Win32.ActiveCfg = ReleaseAVX|Win32
		{46A3A15E-AE35-41E9-824A-C542F8BA226E}.ReleaseAVX|Win32.Build.0 = ReleaseAVX|Win32
		{46A3A15E-AE35-41E9-824A-C542F8BA226E}.ReleaseAVX|x64.ActiveCfg = ReleaseAVX|x64
		{46A3A15E-AE35-41E9-824A-C542F8BA226E}.ReleaseAVX|x64.Build.0 = ReleaseAVX|x64
		{46A3A15E-AE35-41E9-824A-C542F8BA226E}.ReleaseAVX2|Win32.ActiveCfg = ReleaseAVX2|Win32
		{46A3A15E-AE35-41E9-824A-C542F8BA226E}.ReleaseAVX2|Win32.Build.0 = ReleaseAVX2|Win32
		{46A3A15E-AE35-41E9-824A-C542F8BA226E}.ReleaseAVX2|x64.ActiveCfg = ReleaseAVX2|x64
		{46A3A15E-AE35-41E9-824A-C542F8BA226E}.ReleaseAVX2|x64.Build.0 = ReleaseAVX2|x64
		{47A3A15E-AE35-41E9-824A-C542F8BA226E}.Debug|Win32.ActiveCfg = Debug|Win32
		{47A3A15E-AE35-41E9-824A-C542F8BA226E}.Debug|Win32.Build.0 = Debug|Win32
		{47A3A15E-AE35-41E9-824A-C542F8BA226E}.Debug|x64.ActiveCfg = Debug|x64
		{47A3A15E-AE35-41E9-824A-C542F8BA226E}.Debug|x64.Build.0 = Debug|x64
		{47A3A15E-AE35-41E9-824A-C542F8BA226E}.Release|Win32.ActiveCfg = Release|Win32
		{47A3A15E-AE35-41E9-824A-C542F8BA226E}.Release|Win32.Build.0 = Release|Win32
		{47A3A15E-AE35-41E9-824A-C542F8BA226E}.Release|x64.ActiveCfg = Release|x64
		{47A3A15E-AE35-41E9-824A-C542F8BA226E}.Release|x64.Build.0 = Release|x64
		{47A3A15E-AE35-41E9-824A-C542F8BA226E}.ReleaseAVX|Win32.ActiveCfg = ReleaseAVX|Win32
		{47A3A15E-AE35-41E9-824A-C542F8BA226E}.ReleaseAVX|Win32.Build.0 = ReleaseAVX|Win32
		{47A3A15E-AE35-41E9-824A-C542F8BA226E}.ReleaseAVX|x64.ActiveCfg = ReleaseAVX|x64
		{47A3A15E-AE35-41E9-824A-C542F8BA226E}.ReleaseAVX|x64.Build.0 = ReleaseAVX|x64
		{47A3A15E-AE35-41E9-824A-C542F8BA226E}.ReleaseAVX2|Win32.ActiveCfg = ReleaseAVX2|Win32
		{47A3A15E-AE35-41E9-824A-C542F8BA226E}.ReleaseAVX2|Win32.Build.0 = ReleaseAVX2|Win32
		{47A3A15E-AE35-41E9-824A-C542F8BA226E}.ReleaseAVX2|x64.ActiveCfg = ReleaseAVX2|x64
		{47A3A15E-AE35-41E9-824A-C542F8BA226E}.ReleaseAVX2|x64.Build.0 = ReleaseAVX2|x64
		{898B98E9-4D18-4FB0-9E56-7A600F4F6DA7}.Debug|Win32.ActiveCfg = Debug|Win32
		{898B98E9-4D18-4FB0-9E56-7A600F4F6DA7}.Debug|Win32.Build.0 = Debug|Win32
		{898B98E9-4D18-4FB0-9E56-7A600F4F6DA7}.Debug|x64.ActiveCfg = Debug|x64
		{898B98E9-4D18-4FB0-9E56-7A600F4F6DA7}.Debug|x64.Build.0 = Debug|x64
		{898B98E9-4D18-4FB0-9E56-7A600F4F6DA7}.Release|Win32.ActiveCfg = Release|Win32
		{898B98E9-4D18-4FB0-9E56-7A600F4F6DA7}.Release|Win32.Build.0 = Release|Win32
		{898B98E9-4D18-4FB0-9E56-7A600F4F6DA7}.Release|x64.ActiveCfg = Release|x64
		{898B98E9-4D18-4FB0-9E56-7A600F4F6DA7}.Release|x64.Build.0 = Release|x64
		{898B98E9-4D18-4FB0-9E56-7A600F4F6DA7}.ReleaseAVX|Win32.ActiveCfg = ReleaseAVX|Win32
		{898B98E9-4D18-4FB0-9E56-7A600F4F6DA7}.ReleaseAVX|Win32.Build.0 = ReleaseAVX|Win32
		{898B98E9-4D18-4FB0-9E56-7A600F4F6DA7}.ReleaseAVX|x64.ActiveCfg = ReleaseAVX|x64
		{898B98E9-4D18-4FB0-9E56-7A600F4F6DA7}.ReleaseAVX|x64.Build.0 = ReleaseAVX|x64
		{898B98E9-4D18-4FB0-9E56-7A600F4F6DA7}.ReleaseAVX2|Win32.ActiveCfg = ReleaseAVX2|Win32
		{898B98E9-4D18-4FB0-9E56-7A600F4F6DA7}.ReleaseAVX2|Win32.Build.0 = ReleaseAVX2|Win32
		{898B98E9-4D18-4FB0-9E56-7A600F4F6DA7}.ReleaseAVX2|x64.ActiveCfg = ReleaseAVX2|x64
		{898B98E9-4D18-4FB0-9E56-7A600F4F6DA7}.ReleaseAVX2|x64.Build.0 = ReleaseAVX2|x64
		{ED848C9A-D481-4036-9DF7-EB16912381BC}.Debug|Win32.ActiveCfg = Debug|Win32
		{ED848C9A-D481-4036-9DF7-EB16912381BC}.Debug|Win32.Build.0 = Debug|Win32
		{ED848C9A-D481-4036-9DF7-EB16912381BC}.Debug|x64.ActiveCfg = Debug|x64
		{ED848C9A-D481-4036-9DF7-EB16912381BC}.Debug|x64.Build.0 = Debug|x64
		{ED848C9A-D481-4036-9DF7-EB16912381BC}.Release|Win32.ActiveCfg = Release|Win32
		{ED848C9A-D481-4036-9DF7-EB16912381BC}.Release|Win32.Build.0 = Release|Win32
		{ED848C9A-D481-4036-9DF7-EB16912381BC}.Release|x64.ActiveCfg = Release|x64
		{ED848C9A-D481-4036-9DF7-EB16912381BC}.Release|x64.Build.0 = Release|x64
		{ED848C9A-D481-4036-9DF7-EB16912381BC}.ReleaseAVX|Win32.ActiveCfg = ReleaseAVX|Win32
		{ED848C9A-D481-4036-9DF7-EB16912381BC}.ReleaseAVX|Win32.Build.0 = ReleaseAVX|Win32
		{ED848C9A-D481-4036-9DF7-EB16912381BC}.ReleaseAVX|x64.ActiveCfg = ReleaseAVX|x64
		{ED848C9A-D481-4036-9DF7-EB16912381BC}.ReleaseAVX|x64.Build.0 = ReleaseAVX|x64
		{ED848C9A-D481-4036-9DF7-EB16912381BC}.ReleaseAVX2|Win32.ActiveCfg = ReleaseAVX2|Win32
		{ED848C9A-D481-4036-9DF7-EB16912381BC}.ReleaseAVX2|Win32.Build.0 = ReleaseAVX2|Win32
		{ED848C9A-D481-4036-9DF7-EB16912381BC}.ReleaseAVX2|x64.ActiveCfg = ReleaseAVX2|x64
		{ED848C9A-D481-4036-9DF7-EB16912381BC}.ReleaseAVX2|x64.Build.0 = ReleaseAVX2|x64
		{ED848C9A-D161-4036-9DF7-EB16912381EC}.Debug|Win32.ActiveCfg = Debug|Win32
		{ED848C9A-D161-4036-9DF7-EB16912381EC}.Debug|Win32.Build.0 = Debug|Win32
		{ED848C9A-D161-4036-9DF7-EB16912381EC}.Debug|x64.ActiveCfg = Debug|x64
		{ED848C9A-D161-4036-9DF7-EB16912381EC}.Debug|x64.Build.0 = Debug|x64
		{ED848C9A-D161-4036-9DF7-EB16912381EC}.Release|Win32.ActiveCfg = Release|Win32
		{ED848C9A-D161-4036-9DF7-EB16912381EC}.Release|Win32.Build.0 = Release|Win32
		{ED848C9A-D161-4036-9DF7-EB16912381EC}.Release|x64.ActiveCfg = Release|x64
		{ED848C9A-D161-4036-9DF7-EB16912381EC}.Release|x64.Build.0 = Release|x64
		{ED848C9A-D161-4036-9DF7-EB16912381EC}.ReleaseAVX|Win32.ActiveCfg = ReleaseAVX|Win32
		{ED848C9A-D161-4036-9DF7-EB16912381EC}.ReleaseAVX|Win32.Build.0 = ReleaseAVX|Win32
		{ED848C9A-D161-4036-9DF7-EB16912381EC}.ReleaseAVX|x64.ActiveCfg = ReleaseAVX|x64
		{ED848C9A-D161-4036-9DF7-EB16912381EC}.ReleaseAVX|x64.Build.0 = ReleaseAVX|x64
		{ED848C9A-D161-4036-9DF7-EB16912381EC}.ReleaseAVX2|Win32.ActiveCfg = ReleaseAVX2|Win32
		{ED848C9A-D161-4036-9DF7-EB16912381EC}.ReleaseAVX2|Win32.Build.0 = ReleaseAVX2|Win32
		{ED848C9A-D161-4036-9DF7-EB16912381EC}.ReleaseAVX2|x64.ActiveCfg = ReleaseAVX2|x64
		{ED848C9A-D161-4036-9DF7-EB16912381EC}.ReleaseAVX2|x64.Build.0 = ReleaseAVX2|x64
		{E0848C9A-D461-4046-9DF7-EB16912381EC}.Debug|Win32.ActiveCfg = Debug|Win32
		{E0848C9A-D461-4046-9DF7-EB16912381EC}.Debug|Win32.Build.0 = Debug|Win32
		{E0848C9A-D461-4046-9DF7-EB16912381EC}.Debug|x64.ActiveCfg = Debug|x64
		{E0848C9A-D461-4046-9DF7-EB16912381EC}.Debug|x64.Build.0 = Debug|x64
		{E0848C9A-D461-4046-9DF7-EB16912381EC}.Release|Win32.ActiveCfg = Release|Win32
		{E0848C9A-D461-4046-9DF7-EB16912381EC}.Release|Win32.Build.0 = Release|Win32
		{E0848C9A-D461-4046-9DF7-EB16912381EC}.Release|x64.ActiveCfg = Release|x64
		{E0848C9A-D461-4046-9DF7-EB16912381EC}.Release|x64.Build.0 = Release|x64
		{E0848C9A-D461-4046-9DF7-EB16912381EC}.ReleaseAVX|Win32.ActiveCfg = ReleaseAVX|Win32
		{E0848C9A-D461-4046-9DF7-EB16912381EC}.ReleaseAVX|Win32.Build.0 = ReleaseAVX|Win32
		{E0848C9A-D461-4046-9DF7-EB16912381EC}.ReleaseAVX|x64.ActiveCfg = ReleaseAVX|x64
		{E0848C9A-D461-4046-9DF7-EB16912381EC}.ReleaseAVX|x64.Build.0 = ReleaseAVX|x64
		{E0848C9A-D461-4046-9DF7-EB16912381EC}.ReleaseAVX2|Win32.ActiveCfg = ReleaseAVX2|Win32
		{E0848C9A-D461-4046-9DF7-EB16912381EC}.ReleaseAVX2|Win32.Build.0 = ReleaseAVX2|Win32
		{E0848C9A-D461-4046-9DF7-EB16912381EC}.ReleaseAVX2|x64.ActiveCfg = ReleaseAVX2|x64
		{E0848C9A-D461-4046-9DF7-EB16912381EC}.ReleaseAVX2|x64.Build.0 = ReleaseAVX2|x64
		{ED848C9A-D431-4036-9DF7-EB16912381EC}.Debug|Win32.ActiveCfg = Debug|Win32
		{ED848C9A-D431-4036-9DF7-EB16912381EC}.Debug|Win32.Build.0 = Debug|Win32
		{ED848C9A-D431-4036-9DF7-EB16912381EC}.Debug|x64.ActiveCfg = Debug|x64
		{ED848C9A-D431-4036-9DF7-EB16912381EC}.Debug|x64.Build.0 = Debug|x64
		{ED848C9A-D431-4036-9DF7-EB16912381EC}.Release|Win32.ActiveCfg = Release|Win32
		{ED848C9A-D431-4036-9DF7-EB16912381EC}.Release|Win32.Build.0 = Release|Win32
		{ED848C9A-D431-4036-9DF7-EB16912381EC}.Release|x64.ActiveCfg = Release|x64
		{ED848C9A-D431-4036-9DF7-EB16912381EC}.Release|x64.Build.0 = Release|x64
		{ED848C9A-D431-4036-9DF7-EB16912381EC}.ReleaseAVX|Win32.ActiveCfg = ReleaseAVX|Win32
		{ED848C9A-D431-4036-9DF7-EB16912381EC}.ReleaseAVX|Win32.Build.0 = ReleaseAVX|Win32
		{ED848C9A-D431-4036-9DF7-EB16912381EC}.ReleaseAVX|x64.ActiveCfg = ReleaseAVX|x64
		{ED848C9A-D431-4036-9DF7-EB16912381EC}.ReleaseAVX|x64.Build.0 = ReleaseAVX|x64
		{ED848C9A-D431-4036-9DF7-EB16912381EC}.ReleaseAVX2|Win32.ActiveCfg = ReleaseAVX2|Win32
		{ED848C9A-D431-4036-9DF7-EB16912381EC}.ReleaseAVX2|Win32.Build.0 = ReleaseAVX2|Win32
		{ED848C9A-D431-4036-9DF7-EB16912381EC}.ReleaseAVX2|x64.ActiveCfg = ReleaseAVX2|x64
		{ED848C9A-D431-4036-9DF7-EB16912381EC}.ReleaseAVX2|x64.Build.0 = ReleaseAVX2|x64
		{898BA8E9-4D18-4FB0-9E55-7A600F4F6DA7}.Debug|Win32.ActiveCfg = Debug|Win32
		{898BA8E9-4D18-4FB0-9E55-7A600F4F6DA7}.Debug|Win32.Build.0 = Debug|Win32
		{898BA8E9-4D18-4FB0-9E55-7A600F4F6DA7}.Debug|x64.ActiveCfg = Debug|x64
		{898BA8E9-4D18-4FB0-9E55-7A600F4F6DA7}.Debug|x64.Build.0 = Debug|x64
		{898BA8E9-4D18-4FB0-9E55-7A600F4F6DA7}.Release|Win32.ActiveCfg = Release|Win32
		{898BA8E9-4D18-4FB0-9E55-7A600F4F6DA7}.Release|Win32.Build.0 = Release|Win32
		{898BA8E9-4D18-4FB0-9E55-7A600F4F6DA7}.Release|x64.ActiveCfg = Release|x64
		{898BA8E9-4D18-4FB0-9E55-7A600F4F6DA7}.Release|x64.Build.0 = Release|x64
		{898BA8E9-4D18-4FB0-9E55-7A600F4F6DA7}.ReleaseAVX|Win32.ActiveCfg = ReleaseAVX|Win32
		{898BA8E9-4D18-4FB0-9E55-7A600F4F6DA7}.ReleaseAVX|Win32.Build.0 = ReleaseAVX|Win32
		{898BA8E9-4D18-4FB0-9E55-7A600F4F6DA7}.ReleaseAVX|x64.ActiveCfg = ReleaseAVX|x64
		{898BA8E9-4D18-4FB0-9E55-7A600F4F6DA7}.ReleaseAVX|x64.Build.0 = ReleaseAVX|x64
		{898BA8E9-4D18-4FB0-9E55-7A600F4F6DA7}.ReleaseAVX2|Win32.ActiveCfg = ReleaseAVX2|Win32
		{898BA8E9-4D18-4FB0-9E55-7A600F4F6DA7}.ReleaseAVX2|Win32.Build.0 = ReleaseAVX2|Win32
		{898BA8E9-4D18-4FB0-9E55-7A600F4F6DA7}.ReleaseAVX2|x64.ActiveCfg = ReleaseAVX2|x64
		{898BA8E9-4D18-4FB0-9E55-7A600F4F6DA7}.ReleaseAVX2|x64.Build.0 = ReleaseAVX2|x64
		{C42537A0-DFC4-4D06-B036-1B04D0B32BBA}.Debug|Win32.ActiveCfg = Debug|Win32
		{C42537A0-DFC4-4D06-B036-1B04D0B32BBA}.Debug|Win32.Build.0 = Debug|Win32
		{C42537A0-DFC4-4D06-B036-1B04D0B32BBA}.Debug|x64.ActiveCfg = Debug|x64
		{C42537A0-DFC4-4D06-B036-1B04D0B32BBA}.Debug|x64.Build.0 = Debug|x64
		{C42537A0-DFC4-4D06-B036-1B04D0B32BBA}.Release|Win32.ActiveCfg = Release|Win32
		{C42537A0-DFC4-4D06-B036-1B04D0B32BBA}.Release|Win32.Build.0 = Release|Win32
		{C42537A0-DFC4-4D06-B036-1B04D0B32BBA}.Release|x64.ActiveCfg = Release|x64
		{C42537A0-DFC4-4D06-B036-1B04D0B32BBA}.Release|x64.Build.0 = Release|x64
		{C42537A0-DFC4-4D06-B036-1B04D0B32BBA}.ReleaseAVX|Win32.ActiveCfg = ReleaseAVX|Win32
		{C42537A0-DFC4-4D06-B036-1B04D0B32BBA}.ReleaseAVX|Win32.Build.0 = ReleaseAVX|Win32
		{C42537A0-DFC4-4D06-B036-1B04D0B32BBA}.ReleaseAVX|x64.ActiveCfg = ReleaseAVX|x64
		{C42537A0-DFC4-4D06-B036-1B04D0B32BBA}.ReleaseAVX|x64.Build.0 = ReleaseAVX|x64
		{C42537A0-DFC4-4D06-B036-1B04D0B32BBA}.ReleaseAVX2|Win32.ActiveCfg = ReleaseAVX2|Win32
		{C42537A0-DFC4-4D06-B036-1B04D0B32BBA}.ReleaseAVX2|Win32.Build.0 = ReleaseAVX2|Win32
		{C42537A0-DFC4-4D06-B036-1B04D0B32BBA}.ReleaseAVX2|x64.ActiveCfg = ReleaseAVX2|x64
		{C42537A0-DFC4-4D06-B036-1B04D0B32BBA}.ReleaseAVX2|x64.Build.0 = ReleaseAVX2|x64
		{C42537A0-DFC4-4D46-B036-1B04D0312B6A}.Debug|Win32.ActiveCfg = Debug|Win32
		{C42537A0-DFC4-4D46-B036-1B04D0312B6A}.Debug|Win32.Build.0 = Debug|Win32
		{C42537A0-DFC4-4D46-B036-1B04D0312B6A}.Debug|x64.ActiveCfg = Debug|x64
		{C42537A0-DFC4-4D46-B036-1B04D0312B6A}.Debug|x64.Build.0 = Debug|x64
		{C42537A0-DFC4-4D46-B036-1B04D0312B6A}.Release|Win32.ActiveCfg = Release|Win32
		{C42537A0-DFC4-4D46-B036-1B04D0312B6A}.Release|Win32.Build.0 = Release|Win32
		{C42537A0-DFC4-4D46-B036-1B04D0312B6A}.Release|x64.ActiveCfg = Release|x64
		{C42537A0-DFC4-4D46-B036-1B04D0312B6A}.Release|x64.Build.0 = Release|x64
		{C42537A0-DFC4-4D46-B036-1B04D0312B6A}.ReleaseAVX|Win32.ActiveCfg = ReleaseAVX|Win32
		{C42537A0-DFC4-4D46-B036-1B04D0312B6A}.ReleaseAVX|Win32.Build.0 = ReleaseAVX|Win32
		{C42537A0-DFC4-4D46-B036-1B04D0312B6A}.ReleaseAVX|x64.ActiveCfg = ReleaseAVX|x64
		{C42537A0-DFC4-4D46-B036-1B04D0312B6A}.ReleaseAVX|x64.Build.0 = ReleaseAVX|x64
		{C42537A0-DFC4-4D46-B036-1B04D0312B6A}.ReleaseAVX2|Win32.ActiveCfg = ReleaseAVX2|Win32
		{C42537A0-DFC4-4D46-B036-1B04D0312B6A}.ReleaseAVX2|Win32.Build.0 = ReleaseAVX2|Win32
		{C42537A0-DFC4-4D46-B036-1B04D0312B6A}.ReleaseAVX2|x64.ActiveCfg = ReleaseAVX2|x64
		{C42537A0-DFC4-4D46-B036-1B04D0312B6A}.ReleaseAVX2|x64.Build.0 = ReleaseAVX2|x64
		{2D858C9A-C161-4036-8DF7-EB1694CB81BF}.Debug|Win32.ActiveCfg = Debug|Win32
		{2D858C9A-C161-4036-8DF7-EB1694CB81BF}.Debug|x64.ActiveCfg = Debug|x64
		{2D858C9A-C161-4036-8DF7-EB1694CB81BF}.Release|Win32.ActiveCfg = Release|Win32
		{2D858C9A-C161-4036-8DF7-EB1694CB81BF}.Release|x64.ActiveCfg = Release|x64
		{2D858C9A-C161-4036-8DF7-EB1694CB81BF}.ReleaseAVX|Win32.ActiveCfg = ReleaseAVX|Win32
		{2D858C9A-C161-4036-8DF7-EB1694CB81BF}.ReleaseAVX|x64.ActiveCfg = ReleaseAVX|x64
		{2D858C9A-C161-4036-8DF7-EB1694CB81BF}.ReleaseAVX2|Win32.ActiveCfg = ReleaseAVX2|Win32
		{2D858C9A-C161-4036-8DF7-EB1694CB81BF}.ReleaseAVX2|Win32.Build.0 = ReleaseAVX2|Win32
		{2D858C9A-C161-4036-8DF7-EB1694CB81BF}.ReleaseAVX2|x64.ActiveCfg = ReleaseAVX2|x64
		{2D858C9A-C161-4036-8DF7-EB1694CB81BF}.ReleaseAVX2|x64.Build.0 = ReleaseAVX2|x64
		{898B92E9-4118-4FB0-9E56-7A600F4F6DB7}.Debug|Win32.ActiveCfg = Debug|Win32
		{898B92E9-4118-4FB0-9E56-7A600F4F6DB7}.Debug|Win32.Build.0 = Debug|Win32
		{898B92E9-4118-4FB0-9E56-7A600F4F6DB7}.Debug|x64.ActiveCfg = Debug|x64
		{898B92E9-4118-4FB0-9E56-7A600F4F6DB7}.Debug|x64.Build.0 = Debug|x64
		{898B92E9-4118-4FB0-9E56-7A600F4F6DB7}.Release|Win32.ActiveCfg = Release|Win32
		{898B92E9-4118-4FB0-9E56-7A600F4F6DB7}.Release|Win32.Build.0 = Release|Win32
		{898B92E9-4118-4FB0-9E56-7A600F4F6DB7}.Release|x64.ActiveCfg = Release|x64
		{898B92E9-4118-4FB0-9E56-7A600F4F6DB7}.Release|x64.Build.0 = Release|x64
		{898B92E9-4118-4FB0-9E56-7A600F4F6DB7}.ReleaseAVX|Win32.ActiveCfg = ReleaseAVX|Win32
		{898B92E9-4118-4FB0-9E56-7A600F4F6DB7}.ReleaseAVX|Win32.Build.0 = ReleaseAVX|Win32
		{898B92E9-4118-4FB0-9E56-7A600F4F6DB7}.ReleaseAVX|x64.ActiveCfg = ReleaseAVX|x64
		{898B92E9-4118-4FB0-9E56-7A600F4F6DB7}.ReleaseAVX|x64.Build.0 = ReleaseAVX|x64
		{898B92E9-4118-4FB0-9E56-7A600F4F6DB7}.ReleaseAVX2|Win32.ActiveCfg = ReleaseAVX2|Win32
		{898B92E9-4118-4FB0-9E56-7A600F4F6DB7}.ReleaseAVX2|Win32.Build.0 = ReleaseAVX2|Win32
		{898B92E9-4118-4FB0-9E56-7A600F4F6DB7}.ReleaseAVX2|x64.ActiveCfg = ReleaseAVX2|x64
		{898B92E9-4118-4FB0-9E56-7A600F4F6DB7}.ReleaseAVX2|x64.Build.0 = ReleaseAVX2|x64
		{ED828C9A-D461-4036-9DF7-EB169BCB81BC}.Debug|Win32.ActiveCfg = Debug|Win32
		{ED828C9A-D461-4036-9DF7-EB169BCB81BC}.Debug|Win32.Build.0 = Debug|Win32
		{ED828C9A-D461-4036-9DF7-EB169BCB81BC}.Debug|x64.ActiveCfg = Debug|x64
		{ED828C9A-D461-4036-9DF7-EB169BCB81BC}.Debug|x64.Build.0 = Debug|x64
		{ED828C9A-D461-4036-9DF7-EB169BCB81BC}.Release|Win32.ActiveCfg = Release|Win32
		{ED828C9A-D461-4036-9DF7-EB169BCB81BC}.Release|Win32.Build.0 = Release|Win32
		{ED828C9A-D461-4036-9DF7-EB169BCB81BC}.Release|x64.ActiveCfg = Release|x64
		{ED828C9A-D461-4036-9DF7-EB169BCB81BC}.Release|x64.Build.0 = Release|x64
		{ED828C9A-D461-4036-9DF7-EB169BCB81BC}.ReleaseAVX|Win32.ActiveCfg = ReleaseAVX|Win32
		{ED828C9A-D461-4036-9DF7-EB169BCB81BC}.ReleaseAVX|Win32.Build.0 = ReleaseAVX|Win32
		{ED828C9A-D461-4036-9DF7-EB169BCB81BC}.ReleaseAVX|x64.ActiveCfg = ReleaseAVX|x64
		{ED828C9A-D461-4036-9DF7-EB169BCB81BC}.ReleaseAVX|x64.Build.0 = ReleaseAVX|x64
		{ED828C9A-D461-4036-9DF7-EB169BCB81BC}.ReleaseAVX2|Win32.ActiveCfg = ReleaseAVX2|Win32
		{ED828C9A-D461-4036-9DF7-EB169BCB81BC}.ReleaseAVX2|Win32.Build.0 = ReleaseAVX2|Win32
		{ED828C9A-D461-4036-9DF7-EB169BCB81BC}.ReleaseAVX2|x64.ActiveCfg = ReleaseAVX2|x64
		{ED828C9A-D461-4036-9DF7-EB169BCB81BC}.ReleaseAVX2|x64.Build.0 = ReleaseAVX2|x64
		{C42537AE-DFC4-4D06-BF36-1B04D0B32BBA}.Debug|Win32.ActiveCfg = Debug|Win32
		{C42537AE-DFC4-4D06-BF36-1B04D0B32BBA}.Debug|Win32.Build.0 = Debug|Win32
		{C42537AE-DFC4-4D06-BF36-1B04D0B32BBA}.Debug|x64.ActiveCfg = Debug|x64
		{C42537AE-DFC4-4D06-BF36-1B04D0B32BBA}.Debug|x64.Build.0 = Debug|x64
		{C42537AE-DFC4-4D06-BF36-1B04D0B32BBA}.Release|Win32.ActiveCfg = Release|Win32
		{C42537AE-DFC4-4D06-BF36-1B04D0B32BBA}.Release|Win32.Build.0 = Release|Win32
		{C42537AE-DFC4-4D06-BF36-1B04D0B32BBA}.Release|x64.ActiveCfg = Release|x64
		{C42537AE-DFC4-4D06-BF36-1B04D0B32BBA}.Release|x64.Build.0 = Release|x64
		{C42537AE-DFC4-4D06-BF36-1B04D0B32BBA}.ReleaseAVX|Win32.ActiveCfg = ReleaseAVX|Win32
		{C42537AE-DFC4-4D06-BF36-1B04D0B32BBA}.ReleaseAVX|Win32.Build.0 = ReleaseAVX|Win32
		{C42537AE-DFC4-4D06-BF36-1B04D0B32BBA}.ReleaseAVX|x64.ActiveCfg = ReleaseAVX|x64
		{C42537AE-DFC4-4D06-BF36-1B04D0B32BBA}.ReleaseAVX|x64.Build.0 = ReleaseAVX|x64
		{C42537AE-DFC4-4D06-BF36-1B04D0B32BBA}.ReleaseAVX2|Win32.ActiveCfg = ReleaseAVX2|Win32
		{C42537AE-DFC4-4D06-BF36-1B04D0B32BBA}.ReleaseAVX2|Win32.Build.0 = ReleaseAVX2|Win32
		{C42537AE-DFC4-4D06-BF36-1B04D0B32BBA}.ReleaseAVX2|x64.ActiveCfg = ReleaseAVX2|x64
		{C42537AE-DFC4-4D06-BF36-1B04D0B32BBA}.ReleaseAVX2|x64.Build.0 = ReleaseAVX2|x64
		{C42637AE-DFC4-4D16-BF36-1B04D0B32BBA}.Debug|Win32.ActiveCfg = Debug|Win32
		{C42637AE-DFC4-4D16-BF36-1B04D0B32BBA}.Debug|Win32.Build.0 = Debug|Win32
		{C42637AE-DFC4-4D16-BF36-1B04D0B32BBA}.Debug|x64.ActiveCfg = Debug|x64
		{C42637AE-DFC4-4D16-BF36-1B04D0B32BBA}.Debug|x64.Build.0 = Debug|x64
		{C42637AE-DFC4-4D16-BF36-1B04D0B32BBA}.Release|Win32.ActiveCfg = Release|Win32
		{C42637AE-DFC4-4D16-BF36-1B04D0B32BBA}.Release|Win32.Build.0 = Release|Win32
		{C42637AE-DFC4-4D16-BF36-1B04D0B32BBA}.Release|x64.ActiveCfg = Release|x64
		{C42637AE-DFC4-4D16-BF36-1B04D0B32BBA}.Release|x64.Build.0 = Release|x64
		{C42637AE-DFC4-4D16-BF36-1B04D0B32BBA}.ReleaseAVX|Win32.ActiveCfg = ReleaseAVX|Win32
		{C42637AE-DFC4-4D16-BF36-1B04D0B32BBA}.ReleaseAVX|Win32.Build.0 = ReleaseAVX|Win32
		{C42637AE-DFC4-4D16-BF36-1B04D0B32BBA}.ReleaseAVX|x64.ActiveCfg = ReleaseAVX|x64
		{C42637AE-DFC4-4D16-BF36-1B04D0B32BBA}.ReleaseAVX|x64.Build.0 = ReleaseAVX|x64
		{C42637AE-DFC4-4D16-BF36-1B04D0B32BBA}.ReleaseAVX2|Win32.ActiveCfg = ReleaseAVX2|Win32
		{C42637AE-DFC4-4D16-BF36-1B04D0B32BBA}.ReleaseAVX2|Win32.Build.0 = ReleaseAVX2|Win32
		{C42637AE-DFC4-4D16-BF36-1B04D0B32BBA}.ReleaseAVX2|x64.ActiveCfg = ReleaseAVX2|x64
		{C42637AE-DFC4-4D16-BF36-1B04D0B32BBA}.ReleaseAVX2|x64.Build.0 = ReleaseAVX2|x64
		{C42637AE-DFF4-4D16-BF36-1B04D1B32BBA}.Debug|Win32.ActiveCfg = Debug|Win32
		{C42637AE-DFF4-4D16-BF36-1B04D1B32BBA}.Debug|Win32.Build.0 = Debug|Win32
		{C42637AE-DFF4-4D16-BF36-1B04D1B32BBA}.Debug|x64.ActiveCfg = Debug|x64
		{C42637AE-DFF4-4D16-BF36-1B04D1B32BBA}.Debug|x64.Build.0 = Debug|x64
		{C42637AE-DFF4-4D16-BF36-1B04D1B32BBA}.Release|Win32.ActiveCfg = Release|Win32
		{C42637AE-DFF4-4D16-BF36-1B04D1B32BBA}.Release|Win32.Build.0 = Release|Win32
		{C42637AE-DFF4-4D16-BF36-1B04D1B32BBA}.Release|x64.ActiveCfg = Release|x64
		{C42637AE-DFF4-4D16-BF36-1B04D1B32BBA}.Release|x64.Build.0 = Release|x64
		{C42637AE-DFF4-4D16-BF36-1B04D1B32BBA}.ReleaseAVX|Win32.ActiveCfg = ReleaseAVX|Win32
		{C42637AE-DFF4-4D16-BF36-1B04D1B32BBA}.ReleaseAVX|Win32.Build.0 = ReleaseAVX|Win32
		{C42637AE-DFF4-4D16-BF36-1B04D1B32BBA}.ReleaseAVX|x64.ActiveCfg = ReleaseAVX|x64
		{C42637AE-DFF4-4D16-BF36-1B04D1B32BBA}.ReleaseAVX|x64.Build.0 = ReleaseAVX|x64
		{C42637AE-DFF4-4D16-BF36-1B04D1B32BBA}.ReleaseAVX2|Win32.ActiveCfg = ReleaseAVX2|Win32
		{C42637AE-DFF4-4D16-BF36-1B04D1B32BBA}.ReleaseAVX2|Win32.Build.0 = ReleaseAVX2|Win32
		{C42637AE-DFF4-4D16-BF36-1B04D1B32BBA}.ReleaseAVX2|x64.ActiveCfg = ReleaseAVX2|x64
		{C42637AE-DFF4-4D16-BF36-1B04D1B32BBA}.ReleaseAVX2|x64.Build.0 = ReleaseAVX2|x64
		{C41637AE-D2F4-4D26-BF36-1B04D1B32ABF}.Debug|Win32.ActiveCfg = Debug|Win32
		{C41637AE-D2F4-4D26-BF36-1B04D1B32ABF}.Debug|Win32.Build.0 = Debug|Win32
		{C41637AE-D2F4-4D26-BF36-1B04D1B32ABF}.Debug|x64.ActiveCfg = Debug|x64
		{C41637AE-D2F4-4D26-BF36-1B04D1B32ABF}.Debug|x64.Build.0 = Debug|x64
		{C41637AE-D2F4-4D26-BF36-1B04D1B32ABF}.Release|Win32.ActiveCfg = Release|Win32
		{C41637AE-D2F4-4D26-BF36-1B04D1B32ABF}.Release|Win32.Build.0 = Release|Win32
		{C41637AE-D2F4-4D26-BF36-1B04D1B32ABF}.Release|x64.ActiveCfg = Release|x64
		{C41637AE-D2F4-4D26-BF36-1B04D1B32ABF}.Release|x64.Build.0 = Release|x64
		{C41637AE-D2F4-4D26-BF36-1B04D1B32ABF}.ReleaseAVX|Win32.ActiveCfg = ReleaseAVX|Win32
		{C41637AE-D2F4-4D26-BF36-1B04D1B32ABF}.ReleaseAVX|Win32.Build.0 = ReleaseAVX|Win32
		{C41637AE-D2F4-4D26-BF36-1B04D1B32ABF}.ReleaseAVX|x64.ActiveCfg = ReleaseAVX|x64
		{C41637AE-D2F4-4D26-BF36-1B04D1B32ABF}.ReleaseAVX|x64.Build.0 = ReleaseAVX|x64
		{C41637AE-D2F4-4D26-BF36-1B04D1B32ABF}.ReleaseAVX2|Win32.ActiveCfg = ReleaseAVX2|Win32
		{C41637AE-D2F4-4D26-BF36-1B04D1B32ABF}.ReleaseAVX2|Win32.Build.0 = ReleaseAVX2|Win32
		{C41637AE-D2F4-4D26-BF36-1B04D1B32ABF}.ReleaseAVX2|x64.ActiveCfg = ReleaseAVX2|x64
		{C41637AE-D2F4-4D26-BF36-1B04D1B32ABF}.ReleaseAVX2|x64.Build.0 = ReleaseAVX2|x64
		{C42537AE-DFC4-4D06-BF36-1B04D0B32BBB}.Debug|Win32.ActiveCfg = Debug|Win32
		{C42537AE-DFC4-4D06-BF36-1B04D0B32BBB}.Debug|Win32.Build.0 = Debug|Win32
		{C42537AE-DFC4-4D06-BF36-1B04D0B32BBB}.Debug|x64.ActiveCfg = Debug|x64
		{C42537AE-DFC4-4D06-BF36-1B04D0B32BBB}.Debug|x64.Build.0 = Debug|x64
		{C42537AE-DFC4-4D06-BF36-1B04D0B32BBB}.Release|Win32.ActiveCfg = Release|Win32
		{C42537AE-DFC4-4D06-BF36-1B04D0B32BBB}.Release|Win32.Build.0 = Release|Win32
		{C42537AE-DFC4-4D06-BF36-1B04D0B32BBB}.Release|x64.ActiveCfg = Release|x64
		{C42537AE-DFC4-4D06-BF36-1B04D0B32BBB}.Release|x64.Build.0 = Release|x64
		{C42537AE-DFC4-4D06-BF36-1B04D0B32BBB}.ReleaseAVX|Win32.ActiveCfg = ReleaseAVX|Win32
		{C42537AE-DFC4-4D06-BF36-1B04D0B32BBB}.ReleaseAVX|Win32.Build.0 = ReleaseAVX|Win32
		{C42537AE-DFC4-4D06-BF36-1B04D0B32BBB}.ReleaseAVX|x64.ActiveCfg = ReleaseAVX|x64
		{C42537AE-DFC4-4D06-BF36-1B04D0B32BBB}.ReleaseAVX|x64.Build.0 = ReleaseAVX|x64
		{C42537AE-DFC4-4D06-BF36-1B04D0B32BBB}.ReleaseAVX2|Win32.ActiveCfg = ReleaseAVX2|Win32
		{C42537AE-DFC4-4D06-BF36-1B04D0B32BBB}.ReleaseAVX2|Win32.Build.0 = ReleaseAVX2|Win32
		{C42537AE-DFC4-4D06-BF36-1B04D0B32BBB}.ReleaseAVX2|x64.ActiveCfg = ReleaseAVX2|x64
		{C42537AE-DFC4-4D06-BF36-1B04D0B32BBB}.ReleaseAVX2|x64.Build.0 = ReleaseAVX2|x64
		{C40637AE-D2F4-4D16-BF36-1B04D1B32ABA}.Debug|Win32.ActiveCfg = Debug|Win32
		{C40637AE-D2F4-4D16-BF36-1B04D1B32ABA}.Debug|Win32.Build.0 = Debug|Win32
		{C40637AE-D2F4-4D16-BF36-1B04D1B32ABA}.Debug|x64.ActiveCfg = Debug|x64
		{C40637AE-D2F4-4D16-BF36-1B04D1B32ABA}.Debug|x64.Build.0 = Debug|x64
		{C40637AE-D2F4-4D16-BF36-1B04D1B32ABA}.Release|Win32.ActiveCfg = Release|Win32
		{C40637AE-D2F4-4D16-BF36-1B04D1B32ABA}.Release|Win32.Build.0 = Release|Win32
		{C40637AE-D2F4-4D16-BF36-1B04D1B32ABA}.Release|x64.ActiveCfg = Release|x64
		{C40637AE-D2F4-4D16-BF36-1B04D1B32ABA}.Release|x64.Build.0 = Release|x64
		{C40637AE-D2F4-4D16-BF36-1B04D1B32ABA}.ReleaseAVX|Win32.ActiveCfg = ReleaseAVX|Win32
		{C40637AE-D2F4-4D16-BF36-1B04D1B32ABA}.ReleaseAVX|Win32.Build.0 = ReleaseAVX|Win32
		{C40637AE-D2F4-4D16-BF36-1B04D1B32ABA}.ReleaseAVX|x64.ActiveCfg = ReleaseAVX|x64
		{C40637AE-D2F4-4D16-BF36-1B04D1B32ABA}.ReleaseAVX|x64.Build.0 = ReleaseAVX|x64
		{C40637AE-D2F4-4D16-BF36-1B04D1B32ABA}.ReleaseAVX2|Win32.ActiveCfg = ReleaseAVX2|Win32
		{C40637AE-D2F4-4D16-BF36-1B04D1B32ABA}.ReleaseAVX2|Win32.Build.0 = ReleaseAVX2|Win32
		{C40637AE-D2F4-4D16-BF36-1B04D1B32ABA}.ReleaseAVX2|x64.ActiveCfg = ReleaseAVX2|x64
		{C40637AE-D2F4-4D16-BF36-1B04D1B32ABA}.ReleaseAVX2|x64.Build.0 = ReleaseAVX2|x64
		{C42637AE-D2F4-4D16-BF36-1B04D1B32ABA}.Debug|Win32.ActiveCfg = Debug|Win32
		{C42637AE-D2F4-4D16-BF36-1B04D1B32ABA}.Debug|Win32.Build.0 = Debug|Win32
		{C42637AE-D2F4-4D16-BF36-1B04D1B32ABA}.Debug|x64.ActiveCfg = Debug|x64
		{C42637AE-D2F4-4D16-BF36-1B04D1B32ABA}.Debug|x64.Build.0 = Debug|x64
		{C42637AE-D2F4-4D16-BF36-1B04D1B32ABA}.Release|Win32.ActiveCfg = Release|Win32
		{C42637AE-D2F4-4D16-BF36-1B04D1B32ABA}.Release|Win32.Build.0 = Release|Win32
		{C42637AE-D2F4-4D16-BF36-1B04D1B32ABA}.Release|x64.ActiveCfg = Release|x64
		{C42637AE-D2F4-4D16-BF36-1B04D1B32ABA}.Release|x64.Build.0 = Release|x64
		{C42637AE-D2F4-4D16-BF36-1B04D1B32ABA}.ReleaseAVX|Win32.ActiveCfg = ReleaseAVX|Win32
		{C42637AE-D2F4-4D16-BF36-1B04D1B32ABA}.ReleaseAVX|Win32.Build.0 = ReleaseAVX|Win32
		{C42637AE-D2F4-4D16-BF36-1B04D1B32ABA}.ReleaseAVX|x64.ActiveCfg = ReleaseAVX|x64
		{C42637AE-D2F4-4D16-BF36-1B04D1B32ABA}.ReleaseAVX|x64.Build.0 = ReleaseAVX|x64
		{C42637AE-D2F4-4D16-BF36-1B04D1B32ABA}.ReleaseAVX2|Win32.ActiveCfg = ReleaseAVX2|Win32
		{C42637AE-D2F4-4D16-BF36-1B04D1B32ABA}.ReleaseAVX2|Win32.Build.0 = ReleaseAVX2|Win32
		{C42637AE-D2F4-4D16-BF36-1B04D1B32ABA}.ReleaseAVX2|x64.ActiveCfg = ReleaseAVX2|x64
		{C42637AE-D2F4-4D16-BF36-1B04D1B32ABA}.ReleaseAVX2|x64.Build.0 = ReleaseAVX2|x64
		{ED828C9A-D461-4036-9DF7-EB169BCB81BD}.Debug|Win32.ActiveCfg = Debug|Win32
		{ED828C9A-D461-4036-9DF7-EB169BCB81BD}.Debug|Win32.Build.0 = Debug|Win32
		{ED828C9A-D461-4036-9DF7-EB169BCB81BD}.Debug|x64.ActiveCfg = Debug|x64
		{ED828C9A-D461-4036-9DF7-EB169BCB81BD}.Debug|x64.Build.0 = Debug|x64
		{ED828C9A-D461-4036-9DF7-EB169BCB81BD}.Release|Win32.ActiveCfg = Release|Win32
		{ED828C9A-D461-4036-9DF7-EB169BCB81BD}.Release|Win32.Build.0 = Release|Win32
		{ED828C9A-D461-4036-9DF7-EB169BCB81BD}.Release|x64.ActiveCfg = Release|x64
		{ED828C9A-D461-4036-9DF7-EB169BCB81BD}.Release|x64.Build.0 = Release|x64
		{ED828C9A-D461-4036-9DF7-EB169BCB81BD}.ReleaseAVX|Win32.ActiveCfg = ReleaseAVX|Win32
		{ED828C9A-D461-4036-9DF7-EB169BCB81BD}.ReleaseAVX|Win32.Build.0 = ReleaseAVX|Win32
		{ED828C9A-D461-4036-9DF7-EB169BCB81BD}.ReleaseAVX|x64.ActiveCfg = ReleaseAVX|x64
		{ED828C9A-D461-4036-9DF7-EB169BCB81BD}.ReleaseAVX|x64.Build.0 = ReleaseAVX|x64
		{ED828C9A-D461-4036-9DF7-EB169BCB81BD}.ReleaseAVX2|Win32.ActiveCfg = ReleaseAVX2|Win32
		{ED828C9A-D461-4036-9DF7-EB169BCB81BD}.ReleaseAVX2|Win32.Build.0 = ReleaseAVX2|Win32
		{ED828C9A-D461-4036-9DF7-EB169BCB81BD}.ReleaseAVX2|x64.ActiveCfg = ReleaseAVX2|x64
		{ED828C9A-D461-4036-9DF7-EB169BCB81BD}.ReleaseAVX2|x64.Build.0 = ReleaseAVX2|x64
		{E0048C9A-D461-4046-9DF7-EB16912381EC}.Debug|Win32.ActiveCfg = Debug|Win32
		{E0048C9A-D461-4046-9DF7-EB16912381EC}.Debug|Win32.Build.0 = Debug|Win32
		{E0048C9A-D461-4046-9DF7-EB16912381EC}.Debug|x64.ActiveCfg = Debug|x64
		{E0048C9A-D461-4046-9DF7-EB16912381EC}.Debug|x64.Build.0 = Debug|x64
		{E0048C9A-D461-4046-9DF7-EB16912381EC}.Release|Win32.ActiveCfg = Release|Win32
		{E0048C9A-D461-4046-9DF7-EB16912381EC}.Release|Win32.Build.0 = Release|Win32
		{E0048C9A-D461-4046-9DF7-EB16912381EC}.Release|x64.ActiveCfg = Release|x64
		{E0048C9A-D461-4046-9DF7-EB16912381EC}.Release|x64.Build.0 = Release|x64
		{E0048C9A-D461-4046-9DF7-EB16912381EC}.ReleaseAVX|Win32.ActiveCfg = ReleaseAVX|Win32
		{E0048C9A-D461-4046-9DF7-EB16912381EC}.ReleaseAVX|Win32.Build.0 = ReleaseAVX|Win32
		{E0048C9A-D461-4046-9DF7-EB16912381EC}.ReleaseAVX|x64.ActiveCfg = ReleaseAVX|x64
		{E0048C9A-D461-4046-9DF7-EB16912381EC}.ReleaseAVX|x64.Build.0 = ReleaseAVX|x64
		{E0048C9A-D461-4046-9DF7-EB16912381EC}.ReleaseAVX2|Win32.ActiveCfg = ReleaseAVX2|Win32
		{E0048C9A-D461-4046-9DF7-EB16912381EC}.ReleaseAVX2|Win32.Build.0 = ReleaseAVX2|Win32
		{E0048C9A-D461-4046-9DF7-EB16912381EC}.ReleaseAVX2|x64.ActiveCfg = ReleaseAVX2|x64
		{E0048C9A-D461-4046-9DF7-EB16912381EC}.ReleaseAVX2|x64.Build.0 = ReleaseAVX2|x64
		{C425377E-DFC4-4D06-BF36-1B04D0B32BBA}.Debug|Win32.ActiveCfg = Debug|Win32
		{C425377E-DFC4-4D06-BF36-1B04D0B32BBA}.Debug|x64.ActiveCfg = Debug|x64
		{C425377E-DFC4-4D06-BF36-1B04D0B32BBA}.Release|Win32.ActiveCfg = Release|Win32
		{C425377E-DFC4-4D06-BF36-1B04D0B32BBA}.Release|x64.ActiveCfg = Release|x64
		{C425377E-DFC4-4D06-BF36-1B04D0B32BBA}.ReleaseAVX|Win32.ActiveCfg = ReleaseAVX|Win32
		{C425377E-DFC4-4D06-BF36-1B04D0B32BBA}.ReleaseAVX|x64.ActiveCfg = ReleaseAVX|x64
		{C425377E-DFC4-4D06-BF36-1B04D0B32BBA}.ReleaseAVX2|Win32.ActiveCfg = ReleaseAVX2|Win32
		{C425377E-DFC4-4D06-BF36-1B04D0B32BBA}.ReleaseAVX2|x64.ActiveCfg = ReleaseAVX2|x64
	EndGlobalSection
	GlobalSection(SolutionProperties) = preSolution
		HideSolutionNode = FALSE
	EndGlobalSection
	GlobalSection(NestedProjects) = preSolution
		{F51DB532-2CFB-4C4C-9C3A-B23F94C2811D} = {B8B3B14B-6548-4865-B642-3257D264C487}
		{E727C895-C19F-4AF5-94D4-53DD2375211F} = {B8B3B14B-6548-4865-B642-3257D264C487}
		{7BA99E0B-A22B-4351-BAC0-878658B32210} = {B8B3B14B-6548-4865-B642-3257D264C487}
		{8F98B3AB-320B-4BFE-9E19-978F6EE55CBE} = {F51DB532-2CFB-4C4C-9C3A-B23F94C2811D}
		{AF49135E-17B5-4206-872C-8B981E0956ED} = {F51DB532-2CFB-4C4C-9C3A-B23F94C2811D}
		{CD26A317-1FF5-4AC1-9C8E-74E1D038E1DE} = {F51DB532-2CFB-4C4C-9C3A-B23F94C2811D}
		{5247C0B5-EB71-46E4-BD8A-9AD4973825DF} = {F51DB532-2CFB-4C4C-9C3A-B23F94C2811D}
		{69BA839D-C769-4611-BB55-FFA30C7BF870} = {F51DB532-2CFB-4C4C-9C3A-B23F94C2811D}
		{72A6AB6C-ACD3-423A-AF37-D23EAEC6028A} = {5151A90B-A6E3-4BBB-9E16-755198BB7F96}
		{EECC5C81-259B-4FB3-BB80-496D7C98CE14} = {72A6AB6C-ACD3-423A-AF37-D23EAEC6028A}
		{03FFF189-18D1-448C-A40B-4F80E7CA8FA2} = {72A6AB6C-ACD3-423A-AF37-D23EAEC6028A}
		{6C891227-B162-480E-BEF1-AA567DA852D6} = {72A6AB6C-ACD3-423A-AF37-D23EAEC6028A}
		{9759EDD7-BD83-4B0B-8C6E-250D7601B54F} = {72A6AB6C-ACD3-423A-AF37-D23EAEC6028A}
		{2217BEC8-47A8-48B4-B0CF-C1BA7C003FE6} = {E727C895-C19F-4AF5-94D4-53DD2375211F}
		{A9B28D03-8690-4B27-967E-AFB0C73FF7D5} = {E727C895-C19F-4AF5-94D4-53DD2375211F}
		{72B9C442-58E4-48D8-ABAD-B90C9A170416} = {E727C895-C19F-4AF5-94D4-53DD2375211F}
		{067D21D4-2E1A-45F7-9DEE-23638BF2C58F} = {E727C895-C19F-4AF5-94D4-53DD2375211F}
		{1790DC8D-FE51-42A9-972F-AFD5A36AF94C} = {E727C895-C19F-4AF5-94D4-53DD2375211F}
		{1790DC8D-FE51-42A9-972F-AFD5A36AF94D} = {E727C895-C19F-4AF5-94D4-53DD2375211F}
		{7209C442-58E4-48D8-ABAD-B90C9A170416} = {E727C895-C19F-4AF5-94D4-53DD2375211F}
		{1790DC87-FE51-42A9-972F-AFD5A36AF94C} = {E727C895-C19F-4AF5-94D4-53DD2375211F}
		{E37568C3-C1B1-48D8-AD3C-F1411E36DF74} = {7BA99E0B-A22B-4351-BAC0-878658B32210}
		{1C8B68C3-C4A7-4F84-971F-C82F3B5175DF} = {7BA99E0B-A22B-4351-BAC0-878658B32210}
		{F1DAC226-2190-47B4-8416-8968474CCDE8} = {7BA99E0B-A22B-4351-BAC0-878658B32210}
		{A9A64E0C-B0CC-46AD-BB4C-03692C53160E} = {7BA99E0B-A22B-4351-BAC0-878658B32210}
		{E37568C3-C1B1-48D8-AD3C-F1411E36DF75} = {7BA99E0B-A22B-4351-BAC0-878658B32210}
		{EA071D3C-04D0-4E42-A377-FD781FB24E98} = {7BA99E0B-A22B-4351-BAC0-878658B32210}
		{EAD71D3C-04D0-4E42-A377-FD781FB24E98} = {7BA99E0B-A22B-4351-BAC0-878658B32210}
		{E3756873-C1B1-48D8-AD3C-F1411E36DF74} = {7BA99E0B-A22B-4351-BAC0-878658B32210}
		{CEB2AAA7-DFB3-4955-B138-7BDF792C3D33} = {8C9F4C3F-7C09-4205-B479-C292EBC0461A}
		{5EE09D77-7CAF-433E-8D50-689A7147CD2E} = {8C9F4C3F-7C09-4205-B479-C292EBC0461A}
	EndGlobalSection
EndGlobal
