Microsoft Visual Studio Solution File, Format Version 11.00
# Visual Studio 2010
Project("{8BC9CEB8-8B4A-11D0-8D11-00A0C91BC942}") = "ALL_BUILD", "ALL_BUILD.vcxproj", "{082B18A9-07BB-3FCA-A487-A885B09914FF}"
	ProjectSection(ProjectDependencies) = postProject
		{8AB1104F-B101-3199-A7EE-5D06209E6979} = {8AB1104F-B101-3199-A7EE-5D06209E6979}
		{46BF4922-4EF2-3ED5-B9D4-D6EDF458D933} = {46BF4922-4EF2-3ED5-B9D4-D6EDF458D933}
		{B1772E2A-6448-37B7-8A62-AA45B5E0E63D} = {B1772E2A-6448-37B7-8A62-AA45B5E0E63D}
		{B30F0881-5E88-352E-96E4-B90C7FC2CA0F} = {B30F0881-5E88-352E-96E4-B90C7FC2CA0F}
		{ACB90610-B215-30EE-920B-A3590C9C5EA7} = {ACB90610-B215-30EE-920B-A3590C9C5EA7}
		{2CD82F07-D661-3E3D-8817-4A6FA2B7A391} = {2CD82F07-D661-3E3D-8817-4A6FA2B7A391}
		{62D0DE76-92DC-3E36-8194-B042471D3D50} = {62D0DE76-92DC-3E36-8194-B042471D3D50}
		{3331CB6A-F04B-3C81-A231-D8062BF47AB0} = {3331CB6A-F04B-3C81-A231-D8062BF47AB0}
		{C0E18C8B-903A-3F5A-B92F-BAE8364436B7} = {C0E18C8B-903A-3F5A-B92F-BAE8364436B7}
		{1FB2535C-32C5-330F-8B25-1AB59BEDB31A} = {1FB2535C-32C5-330F-8B25-1AB59BEDB31A}
		{A60782A8-2DB7-3EE7-BD9B-C9CBACB0D10F} = {A60782A8-2DB7-3EE7-BD9B-C9CBACB0D10F}
		{BFCA2BDE-4472-32ED-BDC9-AE51AA6570BB} = {BFCA2BDE-4472-32ED-BDC9-AE51AA6570BB}
		{D458D7D3-0D17-3798-8437-1E35181FDC47} = {D458D7D3-0D17-3798-8437-1E35181FDC47}
		{CB7EBDAC-F57A-3591-9018-F1625CCA504B} = {CB7EBDAC-F57A-3591-9018-F1625CCA504B}
		{0E57B860-EEA8-335A-8A0D-B6E1F36262D8} = {0E57B860-EEA8-335A-8A0D-B6E1F36262D8}
		{36D2A9AB-456E-332A-86BD-1EF2D63BADFE} = {36D2A9AB-456E-332A-86BD-1EF2D63BADFE}
		{F66FCAAB-E000-3C06-AC76-90DF2178507A} = {F66FCAAB-E000-3C06-AC76-90DF2178507A}
		{61AFAD46-0A4D-3F32-8E17-17C860C9DEAE} = {61AFAD46-0A4D-3F32-8E17-17C860C9DEAE}
		{050463A1-D9A2-389E-99E9-246D0C91D5C1} = {050463A1-D9A2-389E-99E9-246D0C91D5C1}
		{600ADE90-5D0E-3D50-AB12-0A5B1E51EB06} = {600ADE90-5D0E-3D50-AB12-0A5B1E51EB06}
		{1E442846-021E-3F4B-8B7C-41BA90F6C0D4} = {1E442846-021E-3F4B-8B7C-41BA90F6C0D4}
		{A0667ED1-6021-3554-AF34-EDDBCFC327BF} = {A0667ED1-6021-3554-AF34-EDDBCFC327BF}
		{200602E1-4146-3782-975F-EEEB060AA1D3} = {200602E1-4146-3782-975F-EEEB060AA1D3}
		{2DDFCDAC-C4BF-346D-A9C3-ADD70DBFE7C3} = {2DDFCDAC-C4BF-346D-A9C3-ADD70DBFE7C3}
		{C675906B-49EE-394A-A415-4816B8C9A4EB} = {C675906B-49EE-394A-A415-4816B8C9A4EB}
		{7EE9A504-35C9-323B-9C19-E03AC90BA968} = {7EE9A504-35C9-323B-9C19-E03AC90BA968}
		{97211C70-401D-3C39-973E-BE22B168D7E6} = {97211C70-401D-3C39-973E-BE22B168D7E6}
		{2DC35D9C-E359-396F-9417-7FAED9B278BD} = {2DC35D9C-E359-396F-9417-7FAED9B278BD}
		{C4A7A088-1CCD-30B1-97C1-762E36A4B9F3} = {C4A7A088-1CCD-30B1-97C1-762E36A4B9F3}
		{134AD1D3-67B2-3941-89A1-8C31E6C273D5} = {134AD1D3-67B2-3941-89A1-8C31E6C273D5}
		{7431EDEA-81E5-3323-AAA3-97864DD5D600} = {7431EDEA-81E5-3323-AAA3-97864DD5D600}
		{BC955D53-D0AE-3B16-BBE1-F503F0E088E9} = {BC955D53-D0AE-3B16-BBE1-F503F0E088E9}
		{69B046A2-CB50-384D-89B6-AA01EE395ACA} = {69B046A2-CB50-384D-89B6-AA01EE395ACA}
		{2BEC5969-89B4-31DB-AF6E-DC747F676EBE} = {2BEC5969-89B4-31DB-AF6E-DC747F676EBE}
		{B2504D58-7074-3197-AC8C-D472920A3E3F} = {B2504D58-7074-3197-AC8C-D472920A3E3F}
	EndProjectSection
EndProject
Project("{8BC9CEB8-8B4A-11D0-8D11-00A0C91BC942}") = "INSTALL", "INSTALL.vcxproj", "{58F5FD90-6F9C-322C-8BBF-6E78DAC96727}"
	ProjectSection(ProjectDependencies) = postProject
		{082B18A9-07BB-3FCA-A487-A885B09914FF} = {082B18A9-07BB-3FCA-A487-A885B09914FF}
		{8AB1104F-B101-3199-A7EE-5D06209E6979} = {8AB1104F-B101-3199-A7EE-5D06209E6979}
	EndProjectSection
EndProject
Project("{8BC9CEB8-8B4A-11D0-8D11-00A0C91BC942}") = "PACKAGE", "PACKAGE.vcxproj", "{37B7DC91-8FC6-380B-B844-0B69226688BE}"
	ProjectSection(ProjectDependencies) = postProject
		{082B18A9-07BB-3FCA-A487-A885B09914FF} = {082B18A9-07BB-3FCA-A487-A885B09914FF}
		{8AB1104F-B101-3199-A7EE-5D06209E6979} = {8AB1104F-B101-3199-A7EE-5D06209E6979}
	EndProjectSection
EndProject
Project("{8BC9CEB8-8B4A-11D0-8D11-00A0C91BC942}") = "ZERO_CHECK", "ZERO_CHECK.vcxproj", "{8AB1104F-B101-3199-A7EE-5D06209E6979}"
	ProjectSection(ProjectDependencies) = postProject
	EndProjectSection
EndProject
Project("{8BC9CEB8-8B4A-11D0-8D11-00A0C91BC942}") = "benchmark", "tests\benchmark.vcxproj", "{46BF4922-4EF2-3ED5-B9D4-D6EDF458D933}"
	ProjectSection(ProjectDependencies) = postProject
		{8AB1104F-B101-3199-A7EE-5D06209E6979} = {8AB1104F-B101-3199-A7EE-5D06209E6979}
		{C0E18C8B-903A-3F5A-B92F-BAE8364436B7} = {C0E18C8B-903A-3F5A-B92F-BAE8364436B7}
		{1FB2535C-32C5-330F-8B25-1AB59BEDB31A} = {1FB2535C-32C5-330F-8B25-1AB59BEDB31A}
		{A60782A8-2DB7-3EE7-BD9B-C9CBACB0D10F} = {A60782A8-2DB7-3EE7-BD9B-C9CBACB0D10F}
		{BFCA2BDE-4472-32ED-BDC9-AE51AA6570BB} = {BFCA2BDE-4472-32ED-BDC9-AE51AA6570BB}
		{050463A1-D9A2-389E-99E9-246D0C91D5C1} = {050463A1-D9A2-389E-99E9-246D0C91D5C1}
		{C675906B-49EE-394A-A415-4816B8C9A4EB} = {C675906B-49EE-394A-A415-4816B8C9A4EB}
		{97211C70-401D-3C39-973E-BE22B168D7E6} = {97211C70-401D-3C39-973E-BE22B168D7E6}
	EndProjectSection
EndProject
Project("{8BC9CEB8-8B4A-11D0-8D11-00A0C91BC942}") = "bvh_access", "tutorials\bvh_access\bvh_access.vcxproj", "{B1772E2A-6448-37B7-8A62-AA45B5E0E63D}"
	ProjectSection(ProjectDependencies) = postProject
		{8AB1104F-B101-3199-A7EE-5D06209E6979} = {8AB1104F-B101-3199-A7EE-5D06209E6979}
		{C0E18C8B-903A-3F5A-B92F-BAE8364436B7} = {C0E18C8B-903A-3F5A-B92F-BAE8364436B7}
		{1FB2535C-32C5-330F-8B25-1AB59BEDB31A} = {1FB2535C-32C5-330F-8B25-1AB59BEDB31A}
		{A60782A8-2DB7-3EE7-BD9B-C9CBACB0D10F} = {A60782A8-2DB7-3EE7-BD9B-C9CBACB0D10F}
		{BFCA2BDE-4472-32ED-BDC9-AE51AA6570BB} = {BFCA2BDE-4472-32ED-BDC9-AE51AA6570BB}
		{050463A1-D9A2-389E-99E9-246D0C91D5C1} = {050463A1-D9A2-389E-99E9-246D0C91D5C1}
		{C675906B-49EE-394A-A415-4816B8C9A4EB} = {C675906B-49EE-394A-A415-4816B8C9A4EB}
		{97211C70-401D-3C39-973E-BE22B168D7E6} = {97211C70-401D-3C39-973E-BE22B168D7E6}
	EndProjectSection
EndProject
Project("{8BC9CEB8-8B4A-11D0-8D11-00A0C91BC942}") = "bvh_builder", "tutorials\bvh_builder\bvh_builder.vcxproj", "{B30F0881-5E88-352E-96E4-B90C7FC2CA0F}"
	ProjectSection(ProjectDependencies) = postProject
		{8AB1104F-B101-3199-A7EE-5D06209E6979} = {8AB1104F-B101-3199-A7EE-5D06209E6979}
		{C0E18C8B-903A-3F5A-B92F-BAE8364436B7} = {C0E18C8B-903A-3F5A-B92F-BAE8364436B7}
		{1FB2535C-32C5-330F-8B25-1AB59BEDB31A} = {1FB2535C-32C5-330F-8B25-1AB59BEDB31A}
		{A60782A8-2DB7-3EE7-BD9B-C9CBACB0D10F} = {A60782A8-2DB7-3EE7-BD9B-C9CBACB0D10F}
		{BFCA2BDE-4472-32ED-BDC9-AE51AA6570BB} = {BFCA2BDE-4472-32ED-BDC9-AE51AA6570BB}
		{CB7EBDAC-F57A-3591-9018-F1625CCA504B} = {CB7EBDAC-F57A-3591-9018-F1625CCA504B}
		{050463A1-D9A2-389E-99E9-246D0C91D5C1} = {050463A1-D9A2-389E-99E9-246D0C91D5C1}
		{600ADE90-5D0E-3D50-AB12-0A5B1E51EB06} = {600ADE90-5D0E-3D50-AB12-0A5B1E51EB06}
		{2DDFCDAC-C4BF-346D-A9C3-ADD70DBFE7C3} = {2DDFCDAC-C4BF-346D-A9C3-ADD70DBFE7C3}
		{C675906B-49EE-394A-A415-4816B8C9A4EB} = {C675906B-49EE-394A-A415-4816B8C9A4EB}
		{97211C70-401D-3C39-973E-BE22B168D7E6} = {97211C70-401D-3C39-973E-BE22B168D7E6}
		{2DC35D9C-E359-396F-9417-7FAED9B278BD} = {2DC35D9C-E359-396F-9417-7FAED9B278BD}
		{134AD1D3-67B2-3941-89A1-8C31E6C273D5} = {134AD1D3-67B2-3941-89A1-8C31E6C273D5}
		{7431EDEA-81E5-3323-AAA3-97864DD5D600} = {7431EDEA-81E5-3323-AAA3-97864DD5D600}
	EndProjectSection
EndProject
Project("{8BC9CEB8-8B4A-11D0-8D11-00A0C91BC942}") = "convert", "tutorials\convert\convert.vcxproj", "{ACB90610-B215-30EE-920B-A3590C9C5EA7}"
	ProjectSection(ProjectDependencies) = postProject
		{8AB1104F-B101-3199-A7EE-5D06209E6979} = {8AB1104F-B101-3199-A7EE-5D06209E6979}
		{CB7EBDAC-F57A-3591-9018-F1625CCA504B} = {CB7EBDAC-F57A-3591-9018-F1625CCA504B}
		{050463A1-D9A2-389E-99E9-246D0C91D5C1} = {050463A1-D9A2-389E-99E9-246D0C91D5C1}
		{2DDFCDAC-C4BF-346D-A9C3-ADD70DBFE7C3} = {2DDFCDAC-C4BF-346D-A9C3-ADD70DBFE7C3}
		{97211C70-401D-3C39-973E-BE22B168D7E6} = {97211C70-401D-3C39-973E-BE22B168D7E6}
	EndProjectSection
EndProject
Project("{8BC9CEB8-8B4A-11D0-8D11-00A0C91BC942}") = "curve_geometry", "tutorials\curve_geometry\curve_geometry.vcxproj", "{2CD82F07-D661-3E3D-8817-4A6FA2B7A391}"
	ProjectSection(ProjectDependencies) = postProject
		{8AB1104F-B101-3199-A7EE-5D06209E6979} = {8AB1104F-B101-3199-A7EE-5D06209E6979}
		{C0E18C8B-903A-3F5A-B92F-BAE8364436B7} = {C0E18C8B-903A-3F5A-B92F-BAE8364436B7}
		{1FB2535C-32C5-330F-8B25-1AB59BEDB31A} = {1FB2535C-32C5-330F-8B25-1AB59BEDB31A}
		{A60782A8-2DB7-3EE7-BD9B-C9CBACB0D10F} = {A60782A8-2DB7-3EE7-BD9B-C9CBACB0D10F}
		{BFCA2BDE-4472-32ED-BDC9-AE51AA6570BB} = {BFCA2BDE-4472-32ED-BDC9-AE51AA6570BB}
		{CB7EBDAC-F57A-3591-9018-F1625CCA504B} = {CB7EBDAC-F57A-3591-9018-F1625CCA504B}
		{050463A1-D9A2-389E-99E9-246D0C91D5C1} = {050463A1-D9A2-389E-99E9-246D0C91D5C1}
		{600ADE90-5D0E-3D50-AB12-0A5B1E51EB06} = {600ADE90-5D0E-3D50-AB12-0A5B1E51EB06}
		{2DDFCDAC-C4BF-346D-A9C3-ADD70DBFE7C3} = {2DDFCDAC-C4BF-346D-A9C3-ADD70DBFE7C3}
		{C675906B-49EE-394A-A415-4816B8C9A4EB} = {C675906B-49EE-394A-A415-4816B8C9A4EB}
		{97211C70-401D-3C39-973E-BE22B168D7E6} = {97211C70-401D-3C39-973E-BE22B168D7E6}
		{2DC35D9C-E359-396F-9417-7FAED9B278BD} = {2DC35D9C-E359-396F-9417-7FAED9B278BD}
		{134AD1D3-67B2-3941-89A1-8C31E6C273D5} = {134AD1D3-67B2-3941-89A1-8C31E6C273D5}
		{7431EDEA-81E5-3323-AAA3-97864DD5D600} = {7431EDEA-81E5-3323-AAA3-97864DD5D600}
	EndProjectSection
EndProject
Project("{8BC9CEB8-8B4A-11D0-8D11-00A0C91BC942}") = "displacement_geometry", "tutorials\displacement_geometry\displacement_geometry.vcxproj", "{62D0DE76-92DC-3E36-8194-B042471D3D50}"
	ProjectSection(ProjectDependencies) = postProject
		{8AB1104F-B101-3199-A7EE-5D06209E6979} = {8AB1104F-B101-3199-A7EE-5D06209E6979}
		{C0E18C8B-903A-3F5A-B92F-BAE8364436B7} = {C0E18C8B-903A-3F5A-B92F-BAE8364436B7}
		{1FB2535C-32C5-330F-8B25-1AB59BEDB31A} = {1FB2535C-32C5-330F-8B25-1AB59BEDB31A}
		{A60782A8-2DB7-3EE7-BD9B-C9CBACB0D10F} = {A60782A8-2DB7-3EE7-BD9B-C9CBACB0D10F}
		{BFCA2BDE-4472-32ED-BDC9-AE51AA6570BB} = {BFCA2BDE-4472-32ED-BDC9-AE51AA6570BB}
		{CB7EBDAC-F57A-3591-9018-F1625CCA504B} = {CB7EBDAC-F57A-3591-9018-F1625CCA504B}
		{050463A1-D9A2-389E-99E9-246D0C91D5C1} = {050463A1-D9A2-389E-99E9-246D0C91D5C1}
		{600ADE90-5D0E-3D50-AB12-0A5B1E51EB06} = {600ADE90-5D0E-3D50-AB12-0A5B1E51EB06}
		{2DDFCDAC-C4BF-346D-A9C3-ADD70DBFE7C3} = {2DDFCDAC-C4BF-346D-A9C3-ADD70DBFE7C3}
		{C675906B-49EE-394A-A415-4816B8C9A4EB} = {C675906B-49EE-394A-A415-4816B8C9A4EB}
		{97211C70-401D-3C39-973E-BE22B168D7E6} = {97211C70-401D-3C39-973E-BE22B168D7E6}
		{2DC35D9C-E359-396F-9417-7FAED9B278BD} = {2DC35D9C-E359-396F-9417-7FAED9B278BD}
		{134AD1D3-67B2-3941-89A1-8C31E6C273D5} = {134AD1D3-67B2-3941-89A1-8C31E6C273D5}
		{7431EDEA-81E5-3323-AAA3-97864DD5D600} = {7431EDEA-81E5-3323-AAA3-97864DD5D600}
	EndProjectSection
EndProject
Project("{8BC9CEB8-8B4A-11D0-8D11-00A0C91BC942}") = "dynamic_scene", "tutorials\dynamic_scene\dynamic_scene.vcxproj", "{3331CB6A-F04B-3C81-A231-D8062BF47AB0}"
	ProjectSection(ProjectDependencies) = postProject
		{8AB1104F-B101-3199-A7EE-5D06209E6979} = {8AB1104F-B101-3199-A7EE-5D06209E6979}
		{C0E18C8B-903A-3F5A-B92F-BAE8364436B7} = {C0E18C8B-903A-3F5A-B92F-BAE8364436B7}
		{1FB2535C-32C5-330F-8B25-1AB59BEDB31A} = {1FB2535C-32C5-330F-8B25-1AB59BEDB31A}
		{A60782A8-2DB7-3EE7-BD9B-C9CBACB0D10F} = {A60782A8-2DB7-3EE7-BD9B-C9CBACB0D10F}
		{BFCA2BDE-4472-32ED-BDC9-AE51AA6570BB} = {BFCA2BDE-4472-32ED-BDC9-AE51AA6570BB}
		{CB7EBDAC-F57A-3591-9018-F1625CCA504B} = {CB7EBDAC-F57A-3591-9018-F1625CCA504B}
		{050463A1-D9A2-389E-99E9-246D0C91D5C1} = {050463A1-D9A2-389E-99E9-246D0C91D5C1}
		{600ADE90-5D0E-3D50-AB12-0A5B1E51EB06} = {600ADE90-5D0E-3D50-AB12-0A5B1E51EB06}
		{2DDFCDAC-C4BF-346D-A9C3-ADD70DBFE7C3} = {2DDFCDAC-C4BF-346D-A9C3-ADD70DBFE7C3}
		{C675906B-49EE-394A-A415-4816B8C9A4EB} = {C675906B-49EE-394A-A415-4816B8C9A4EB}
		{97211C70-401D-3C39-973E-BE22B168D7E6} = {97211C70-401D-3C39-973E-BE22B168D7E6}
		{2DC35D9C-E359-396F-9417-7FAED9B278BD} = {2DC35D9C-E359-396F-9417-7FAED9B278BD}
		{134AD1D3-67B2-3941-89A1-8C31E6C273D5} = {134AD1D3-67B2-3941-89A1-8C31E6C273D5}
		{7431EDEA-81E5-3323-AAA3-97864DD5D600} = {7431EDEA-81E5-3323-AAA3-97864DD5D600}
	EndProjectSection
EndProject
Project("{8BC9CEB8-8B4A-11D0-8D11-00A0C91BC942}") = "embree", "kernels\xeon\embree.vcxproj", "{C0E18C8B-903A-3F5A-B92F-BAE8364436B7}"
	ProjectSection(ProjectDependencies) = postProject
		{8AB1104F-B101-3199-A7EE-5D06209E6979} = {8AB1104F-B101-3199-A7EE-5D06209E6979}
		{1FB2535C-32C5-330F-8B25-1AB59BEDB31A} = {1FB2535C-32C5-330F-8B25-1AB59BEDB31A}
		{A60782A8-2DB7-3EE7-BD9B-C9CBACB0D10F} = {A60782A8-2DB7-3EE7-BD9B-C9CBACB0D10F}
		{BFCA2BDE-4472-32ED-BDC9-AE51AA6570BB} = {BFCA2BDE-4472-32ED-BDC9-AE51AA6570BB}
		{050463A1-D9A2-389E-99E9-246D0C91D5C1} = {050463A1-D9A2-389E-99E9-246D0C91D5C1}
		{C675906B-49EE-394A-A415-4816B8C9A4EB} = {C675906B-49EE-394A-A415-4816B8C9A4EB}
		{97211C70-401D-3C39-973E-BE22B168D7E6} = {97211C70-401D-3C39-973E-BE22B168D7E6}
	EndProjectSection
EndProject
Project("{8BC9CEB8-8B4A-11D0-8D11-00A0C91BC942}") = "embree_avx", "kernels\xeon\embree_avx.vcxproj", "{1FB2535C-32C5-330F-8B25-1AB59BEDB31A}"
	ProjectSection(ProjectDependencies) = postProject
		{8AB1104F-B101-3199-A7EE-5D06209E6979} = {8AB1104F-B101-3199-A7EE-5D06209E6979}
	EndProjectSection
EndProject
Project("{8BC9CEB8-8B4A-11D0-8D11-00A0C91BC942}") = "embree_avx2", "kernels\xeon\embree_avx2.vcxproj", "{A60782A8-2DB7-3EE7-BD9B-C9CBACB0D10F}"
	ProjectSection(ProjectDependencies) = postProject
		{8AB1104F-B101-3199-A7EE-5D06209E6979} = {8AB1104F-B101-3199-A7EE-5D06209E6979}
	EndProjectSection
EndProject
Project("{8BC9CEB8-8B4A-11D0-8D11-00A0C91BC942}") = "embree_sse42", "kernels\xeon\embree_sse42.vcxproj", "{BFCA2BDE-4472-32ED-BDC9-AE51AA6570BB}"
	ProjectSection(ProjectDependencies) = postProject
		{8AB1104F-B101-3199-A7EE-5D06209E6979} = {8AB1104F-B101-3199-A7EE-5D06209E6979}
	EndProjectSection
EndProject
Project("{8BC9CEB8-8B4A-11D0-8D11-00A0C91BC942}") = "hair_geometry", "tutorials\hair_geometry\hair_geometry.vcxproj", "{D458D7D3-0D17-3798-8437-1E35181FDC47}"
	ProjectSection(ProjectDependencies) = postProject
		{8AB1104F-B101-3199-A7EE-5D06209E6979} = {8AB1104F-B101-3199-A7EE-5D06209E6979}
		{C0E18C8B-903A-3F5A-B92F-BAE8364436B7} = {C0E18C8B-903A-3F5A-B92F-BAE8364436B7}
		{1FB2535C-32C5-330F-8B25-1AB59BEDB31A} = {1FB2535C-32C5-330F-8B25-1AB59BEDB31A}
		{A60782A8-2DB7-3EE7-BD9B-C9CBACB0D10F} = {A60782A8-2DB7-3EE7-BD9B-C9CBACB0D10F}
		{BFCA2BDE-4472-32ED-BDC9-AE51AA6570BB} = {BFCA2BDE-4472-32ED-BDC9-AE51AA6570BB}
		{CB7EBDAC-F57A-3591-9018-F1625CCA504B} = {CB7EBDAC-F57A-3591-9018-F1625CCA504B}
		{050463A1-D9A2-389E-99E9-246D0C91D5C1} = {050463A1-D9A2-389E-99E9-246D0C91D5C1}
		{600ADE90-5D0E-3D50-AB12-0A5B1E51EB06} = {600ADE90-5D0E-3D50-AB12-0A5B1E51EB06}
		{2DDFCDAC-C4BF-346D-A9C3-ADD70DBFE7C3} = {2DDFCDAC-C4BF-346D-A9C3-ADD70DBFE7C3}
		{C675906B-49EE-394A-A415-4816B8C9A4EB} = {C675906B-49EE-394A-A415-4816B8C9A4EB}
		{97211C70-401D-3C39-973E-BE22B168D7E6} = {97211C70-401D-3C39-973E-BE22B168D7E6}
		{2DC35D9C-E359-396F-9417-7FAED9B278BD} = {2DC35D9C-E359-396F-9417-7FAED9B278BD}
		{134AD1D3-67B2-3941-89A1-8C31E6C273D5} = {134AD1D3-67B2-3941-89A1-8C31E6C273D5}
		{7431EDEA-81E5-3323-AAA3-97864DD5D600} = {7431EDEA-81E5-3323-AAA3-97864DD5D600}
	EndProjectSection
EndProject
Project("{8BC9CEB8-8B4A-11D0-8D11-00A0C91BC942}") = "image", "tutorials\common\image\image.vcxproj", "{CB7EBDAC-F57A-3591-9018-F1625CCA504B}"
	ProjectSection(ProjectDependencies) = postProject
		{8AB1104F-B101-3199-A7EE-5D06209E6979} = {8AB1104F-B101-3199-A7EE-5D06209E6979}
		{97211C70-401D-3C39-973E-BE22B168D7E6} = {97211C70-401D-3C39-973E-BE22B168D7E6}
	EndProjectSection
EndProject
Project("{8BC9CEB8-8B4A-11D0-8D11-00A0C91BC942}") = "instanced_geometry", "tutorials\instanced_geometry\instanced_geometry.vcxproj", "{0E57B860-EEA8-335A-8A0D-B6E1F36262D8}"
	ProjectSection(ProjectDependencies) = postProject
		{8AB1104F-B101-3199-A7EE-5D06209E6979} = {8AB1104F-B101-3199-A7EE-5D06209E6979}
		{C0E18C8B-903A-3F5A-B92F-BAE8364436B7} = {C0E18C8B-903A-3F5A-B92F-BAE8364436B7}
		{1FB2535C-32C5-330F-8B25-1AB59BEDB31A} = {1FB2535C-32C5-330F-8B25-1AB59BEDB31A}
		{A60782A8-2DB7-3EE7-BD9B-C9CBACB0D10F} = {A60782A8-2DB7-3EE7-BD9B-C9CBACB0D10F}
		{BFCA2BDE-4472-32ED-BDC9-AE51AA6570BB} = {BFCA2BDE-4472-32ED-BDC9-AE51AA6570BB}
		{CB7EBDAC-F57A-3591-9018-F1625CCA504B} = {CB7EBDAC-F57A-3591-9018-F1625CCA504B}
		{050463A1-D9A2-389E-99E9-246D0C91D5C1} = {050463A1-D9A2-389E-99E9-246D0C91D5C1}
		{600ADE90-5D0E-3D50-AB12-0A5B1E51EB06} = {600ADE90-5D0E-3D50-AB12-0A5B1E51EB06}
		{2DDFCDAC-C4BF-346D-A9C3-ADD70DBFE7C3} = {2DDFCDAC-C4BF-346D-A9C3-ADD70DBFE7C3}
		{C675906B-49EE-394A-A415-4816B8C9A4EB} = {C675906B-49EE-394A-A415-4816B8C9A4EB}
		{97211C70-401D-3C39-973E-BE22B168D7E6} = {97211C70-401D-3C39-973E-BE22B168D7E6}
		{2DC35D9C-E359-396F-9417-7FAED9B278BD} = {2DC35D9C-E359-396F-9417-7FAED9B278BD}
		{134AD1D3-67B2-3941-89A1-8C31E6C273D5} = {134AD1D3-67B2-3941-89A1-8C31E6C273D5}
		{7431EDEA-81E5-3323-AAA3-97864DD5D600} = {7431EDEA-81E5-3323-AAA3-97864DD5D600}
	EndProjectSection
EndProject
Project("{8BC9CEB8-8B4A-11D0-8D11-00A0C91BC942}") = "interpolation", "tutorials\interpolation\interpolation.vcxproj", "{36D2A9AB-456E-332A-86BD-1EF2D63BADFE}"
	ProjectSection(ProjectDependencies) = postProject
		{8AB1104F-B101-3199-A7EE-5D06209E6979} = {8AB1104F-B101-3199-A7EE-5D06209E6979}
		{C0E18C8B-903A-3F5A-B92F-BAE8364436B7} = {C0E18C8B-903A-3F5A-B92F-BAE8364436B7}
		{1FB2535C-32C5-330F-8B25-1AB59BEDB31A} = {1FB2535C-32C5-330F-8B25-1AB59BEDB31A}
		{A60782A8-2DB7-3EE7-BD9B-C9CBACB0D10F} = {A60782A8-2DB7-3EE7-BD9B-C9CBACB0D10F}
		{BFCA2BDE-4472-32ED-BDC9-AE51AA6570BB} = {BFCA2BDE-4472-32ED-BDC9-AE51AA6570BB}
		{CB7EBDAC-F57A-3591-9018-F1625CCA504B} = {CB7EBDAC-F57A-3591-9018-F1625CCA504B}
		{050463A1-D9A2-389E-99E9-246D0C91D5C1} = {050463A1-D9A2-389E-99E9-246D0C91D5C1}
		{600ADE90-5D0E-3D50-AB12-0A5B1E51EB06} = {600ADE90-5D0E-3D50-AB12-0A5B1E51EB06}
		{2DDFCDAC-C4BF-346D-A9C3-ADD70DBFE7C3} = {2DDFCDAC-C4BF-346D-A9C3-ADD70DBFE7C3}
		{C675906B-49EE-394A-A415-4816B8C9A4EB} = {C675906B-49EE-394A-A415-4816B8C9A4EB}
		{97211C70-401D-3C39-973E-BE22B168D7E6} = {97211C70-401D-3C39-973E-BE22B168D7E6}
		{2DC35D9C-E359-396F-9417-7FAED9B278BD} = {2DC35D9C-E359-396F-9417-7FAED9B278BD}
		{134AD1D3-67B2-3941-89A1-8C31E6C273D5} = {134AD1D3-67B2-3941-89A1-8C31E6C273D5}
		{7431EDEA-81E5-3323-AAA3-97864DD5D600} = {7431EDEA-81E5-3323-AAA3-97864DD5D600}
	EndProjectSection
EndProject
Project("{8BC9CEB8-8B4A-11D0-8D11-00A0C91BC942}") = "intersection_filter", "tutorials\intersection_filter\intersection_filter.vcxproj", "{F66FCAAB-E000-3C06-AC76-90DF2178507A}"
	ProjectSection(ProjectDependencies) = postProject
		{8AB1104F-B101-3199-A7EE-5D06209E6979} = {8AB1104F-B101-3199-A7EE-5D06209E6979}
		{C0E18C8B-903A-3F5A-B92F-BAE8364436B7} = {C0E18C8B-903A-3F5A-B92F-BAE8364436B7}
		{1FB2535C-32C5-330F-8B25-1AB59BEDB31A} = {1FB2535C-32C5-330F-8B25-1AB59BEDB31A}
		{A60782A8-2DB7-3EE7-BD9B-C9CBACB0D10F} = {A60782A8-2DB7-3EE7-BD9B-C9CBACB0D10F}
		{BFCA2BDE-4472-32ED-BDC9-AE51AA6570BB} = {BFCA2BDE-4472-32ED-BDC9-AE51AA6570BB}
		{CB7EBDAC-F57A-3591-9018-F1625CCA504B} = {CB7EBDAC-F57A-3591-9018-F1625CCA504B}
		{050463A1-D9A2-389E-99E9-246D0C91D5C1} = {050463A1-D9A2-389E-99E9-246D0C91D5C1}
		{600ADE90-5D0E-3D50-AB12-0A5B1E51EB06} = {600ADE90-5D0E-3D50-AB12-0A5B1E51EB06}
		{2DDFCDAC-C4BF-346D-A9C3-ADD70DBFE7C3} = {2DDFCDAC-C4BF-346D-A9C3-ADD70DBFE7C3}
		{C675906B-49EE-394A-A415-4816B8C9A4EB} = {C675906B-49EE-394A-A415-4816B8C9A4EB}
		{97211C70-401D-3C39-973E-BE22B168D7E6} = {97211C70-401D-3C39-973E-BE22B168D7E6}
		{2DC35D9C-E359-396F-9417-7FAED9B278BD} = {2DC35D9C-E359-396F-9417-7FAED9B278BD}
		{134AD1D3-67B2-3941-89A1-8C31E6C273D5} = {134AD1D3-67B2-3941-89A1-8C31E6C273D5}
		{7431EDEA-81E5-3323-AAA3-97864DD5D600} = {7431EDEA-81E5-3323-AAA3-97864DD5D600}
	EndProjectSection
EndProject
Project("{8BC9CEB8-8B4A-11D0-8D11-00A0C91BC942}") = "lazy_geometry", "tutorials\lazy_geometry\lazy_geometry.vcxproj", "{61AFAD46-0A4D-3F32-8E17-17C860C9DEAE}"
	ProjectSection(ProjectDependencies) = postProject
		{8AB1104F-B101-3199-A7EE-5D06209E6979} = {8AB1104F-B101-3199-A7EE-5D06209E6979}
		{C0E18C8B-903A-3F5A-B92F-BAE8364436B7} = {C0E18C8B-903A-3F5A-B92F-BAE8364436B7}
		{1FB2535C-32C5-330F-8B25-1AB59BEDB31A} = {1FB2535C-32C5-330F-8B25-1AB59BEDB31A}
		{A60782A8-2DB7-3EE7-BD9B-C9CBACB0D10F} = {A60782A8-2DB7-3EE7-BD9B-C9CBACB0D10F}
		{BFCA2BDE-4472-32ED-BDC9-AE51AA6570BB} = {BFCA2BDE-4472-32ED-BDC9-AE51AA6570BB}
		{CB7EBDAC-F57A-3591-9018-F1625CCA504B} = {CB7EBDAC-F57A-3591-9018-F1625CCA504B}
		{050463A1-D9A2-389E-99E9-246D0C91D5C1} = {050463A1-D9A2-389E-99E9-246D0C91D5C1}
		{600ADE90-5D0E-3D50-AB12-0A5B1E51EB06} = {600ADE90-5D0E-3D50-AB12-0A5B1E51EB06}
		{2DDFCDAC-C4BF-346D-A9C3-ADD70DBFE7C3} = {2DDFCDAC-C4BF-346D-A9C3-ADD70DBFE7C3}
		{C675906B-49EE-394A-A415-4816B8C9A4EB} = {C675906B-49EE-394A-A415-4816B8C9A4EB}
		{97211C70-401D-3C39-973E-BE22B168D7E6} = {97211C70-401D-3C39-973E-BE22B168D7E6}
		{2DC35D9C-E359-396F-9417-7FAED9B278BD} = {2DC35D9C-E359-396F-9417-7FAED9B278BD}
		{134AD1D3-67B2-3941-89A1-8C31E6C273D5} = {134AD1D3-67B2-3941-89A1-8C31E6C273D5}
		{7431EDEA-81E5-3323-AAA3-97864DD5D600} = {7431EDEA-81E5-3323-AAA3-97864DD5D600}
	EndProjectSection
EndProject
Project("{8BC9CEB8-8B4A-11D0-8D11-00A0C91BC942}") = "lexers", "common\lexers\lexers.vcxproj", "{050463A1-D9A2-389E-99E9-246D0C91D5C1}"
	ProjectSection(ProjectDependencies) = postProject
		{8AB1104F-B101-3199-A7EE-5D06209E6979} = {8AB1104F-B101-3199-A7EE-5D06209E6979}
		{97211C70-401D-3C39-973E-BE22B168D7E6} = {97211C70-401D-3C39-973E-BE22B168D7E6}
	EndProjectSection
EndProject
Project("{8BC9CEB8-8B4A-11D0-8D11-00A0C91BC942}") = "lights", "tutorials\common\lights\lights.vcxproj", "{600ADE90-5D0E-3D50-AB12-0A5B1E51EB06}"
	ProjectSection(ProjectDependencies) = postProject
		{8AB1104F-B101-3199-A7EE-5D06209E6979} = {8AB1104F-B101-3199-A7EE-5D06209E6979}
		{97211C70-401D-3C39-973E-BE22B168D7E6} = {97211C70-401D-3C39-973E-BE22B168D7E6}
	EndProjectSection
EndProject
Project("{8BC9CEB8-8B4A-11D0-8D11-00A0C91BC942}") = "motion_blur_geometry", "tutorials\motion_blur_geometry\motion_blur_geometry.vcxproj", "{1E442846-021E-3F4B-8B7C-41BA90F6C0D4}"
	ProjectSection(ProjectDependencies) = postProject
		{8AB1104F-B101-3199-A7EE-5D06209E6979} = {8AB1104F-B101-3199-A7EE-5D06209E6979}
		{C0E18C8B-903A-3F5A-B92F-BAE8364436B7} = {C0E18C8B-903A-3F5A-B92F-BAE8364436B7}
		{1FB2535C-32C5-330F-8B25-1AB59BEDB31A} = {1FB2535C-32C5-330F-8B25-1AB59BEDB31A}
		{A60782A8-2DB7-3EE7-BD9B-C9CBACB0D10F} = {A60782A8-2DB7-3EE7-BD9B-C9CBACB0D10F}
		{BFCA2BDE-4472-32ED-BDC9-AE51AA6570BB} = {BFCA2BDE-4472-32ED-BDC9-AE51AA6570BB}
		{CB7EBDAC-F57A-3591-9018-F1625CCA504B} = {CB7EBDAC-F57A-3591-9018-F1625CCA504B}
		{050463A1-D9A2-389E-99E9-246D0C91D5C1} = {050463A1-D9A2-389E-99E9-246D0C91D5C1}
		{600ADE90-5D0E-3D50-AB12-0A5B1E51EB06} = {600ADE90-5D0E-3D50-AB12-0A5B1E51EB06}
		{2DDFCDAC-C4BF-346D-A9C3-ADD70DBFE7C3} = {2DDFCDAC-C4BF-346D-A9C3-ADD70DBFE7C3}
		{C675906B-49EE-394A-A415-4816B8C9A4EB} = {C675906B-49EE-394A-A415-4816B8C9A4EB}
		{97211C70-401D-3C39-973E-BE22B168D7E6} = {97211C70-401D-3C39-973E-BE22B168D7E6}
		{2DC35D9C-E359-396F-9417-7FAED9B278BD} = {2DC35D9C-E359-396F-9417-7FAED9B278BD}
		{134AD1D3-67B2-3941-89A1-8C31E6C273D5} = {134AD1D3-67B2-3941-89A1-8C31E6C273D5}
		{7431EDEA-81E5-3323-AAA3-97864DD5D600} = {7431EDEA-81E5-3323-AAA3-97864DD5D600}
	EndProjectSection
EndProject
Project("{8BC9CEB8-8B4A-11D0-8D11-00A0C91BC942}") = "pathtracer", "tutorials\pathtracer\pathtracer.vcxproj", "{A0667ED1-6021-3554-AF34-EDDBCFC327BF}"
	ProjectSection(ProjectDependencies) = postProject
		{8AB1104F-B101-3199-A7EE-5D06209E6979} = {8AB1104F-B101-3199-A7EE-5D06209E6979}
		{C0E18C8B-903A-3F5A-B92F-BAE8364436B7} = {C0E18C8B-903A-3F5A-B92F-BAE8364436B7}
		{1FB2535C-32C5-330F-8B25-1AB59BEDB31A} = {1FB2535C-32C5-330F-8B25-1AB59BEDB31A}
		{A60782A8-2DB7-3EE7-BD9B-C9CBACB0D10F} = {A60782A8-2DB7-3EE7-BD9B-C9CBACB0D10F}
		{BFCA2BDE-4472-32ED-BDC9-AE51AA6570BB} = {BFCA2BDE-4472-32ED-BDC9-AE51AA6570BB}
		{CB7EBDAC-F57A-3591-9018-F1625CCA504B} = {CB7EBDAC-F57A-3591-9018-F1625CCA504B}
		{050463A1-D9A2-389E-99E9-246D0C91D5C1} = {050463A1-D9A2-389E-99E9-246D0C91D5C1}
		{600ADE90-5D0E-3D50-AB12-0A5B1E51EB06} = {600ADE90-5D0E-3D50-AB12-0A5B1E51EB06}
		{2DDFCDAC-C4BF-346D-A9C3-ADD70DBFE7C3} = {2DDFCDAC-C4BF-346D-A9C3-ADD70DBFE7C3}
		{C675906B-49EE-394A-A415-4816B8C9A4EB} = {C675906B-49EE-394A-A415-4816B8C9A4EB}
		{97211C70-401D-3C39-973E-BE22B168D7E6} = {97211C70-401D-3C39-973E-BE22B168D7E6}
		{2DC35D9C-E359-396F-9417-7FAED9B278BD} = {2DC35D9C-E359-396F-9417-7FAED9B278BD}
		{134AD1D3-67B2-3941-89A1-8C31E6C273D5} = {134AD1D3-67B2-3941-89A1-8C31E6C273D5}
		{7431EDEA-81E5-3323-AAA3-97864DD5D600} = {7431EDEA-81E5-3323-AAA3-97864DD5D600}
	EndProjectSection
EndProject
Project("{8BC9CEB8-8B4A-11D0-8D11-00A0C91BC942}") = "retrace", "tests\retrace.vcxproj", "{200602E1-4146-3782-975F-EEEB060AA1D3}"
	ProjectSection(ProjectDependencies) = postProject
		{8AB1104F-B101-3199-A7EE-5D06209E6979} = {8AB1104F-B101-3199-A7EE-5D06209E6979}
		{C0E18C8B-903A-3F5A-B92F-BAE8364436B7} = {C0E18C8B-903A-3F5A-B92F-BAE8364436B7}
		{1FB2535C-32C5-330F-8B25-1AB59BEDB31A} = {1FB2535C-32C5-330F-8B25-1AB59BEDB31A}
		{A60782A8-2DB7-3EE7-BD9B-C9CBACB0D10F} = {A60782A8-2DB7-3EE7-BD9B-C9CBACB0D10F}
		{BFCA2BDE-4472-32ED-BDC9-AE51AA6570BB} = {BFCA2BDE-4472-32ED-BDC9-AE51AA6570BB}
		{050463A1-D9A2-389E-99E9-246D0C91D5C1} = {050463A1-D9A2-389E-99E9-246D0C91D5C1}
		{C675906B-49EE-394A-A415-4816B8C9A4EB} = {C675906B-49EE-394A-A415-4816B8C9A4EB}
		{97211C70-401D-3C39-973E-BE22B168D7E6} = {97211C70-401D-3C39-973E-BE22B168D7E6}
	EndProjectSection
EndProject
Project("{8BC9CEB8-8B4A-11D0-8D11-00A0C91BC942}") = "scenegraph", "tutorials\common\scenegraph\scenegraph.vcxproj", "{2DDFCDAC-C4BF-346D-A9C3-ADD70DBFE7C3}"
	ProjectSection(ProjectDependencies) = postProject
		{8AB1104F-B101-3199-A7EE-5D06209E6979} = {8AB1104F-B101-3199-A7EE-5D06209E6979}
		{CB7EBDAC-F57A-3591-9018-F1625CCA504B} = {CB7EBDAC-F57A-3591-9018-F1625CCA504B}
		{050463A1-D9A2-389E-99E9-246D0C91D5C1} = {050463A1-D9A2-389E-99E9-246D0C91D5C1}
		{97211C70-401D-3C39-973E-BE22B168D7E6} = {97211C70-401D-3C39-973E-BE22B168D7E6}
	EndProjectSection
EndProject
Project("{8BC9CEB8-8B4A-11D0-8D11-00A0C91BC942}") = "simd", "common\simd\simd.vcxproj", "{C675906B-49EE-394A-A415-4816B8C9A4EB}"
	ProjectSection(ProjectDependencies) = postProject
		{8AB1104F-B101-3199-A7EE-5D06209E6979} = {8AB1104F-B101-3199-A7EE-5D06209E6979}
	EndProjectSection
EndProject
Project("{8BC9CEB8-8B4A-11D0-8D11-00A0C91BC942}") = "subdivision_geometry", "tutorials\subdivision_geometry\subdivision_geometry.vcxproj", "{7EE9A504-35C9-323B-9C19-E03AC90BA968}"
	ProjectSection(ProjectDependencies) = postProject
		{8AB1104F-B101-3199-A7EE-5D06209E6979} = {8AB1104F-B101-3199-A7EE-5D06209E6979}
		{C0E18C8B-903A-3F5A-B92F-BAE8364436B7} = {C0E18C8B-903A-3F5A-B92F-BAE8364436B7}
		{1FB2535C-32C5-330F-8B25-1AB59BEDB31A} = {1FB2535C-32C5-330F-8B25-1AB59BEDB31A}
		{A60782A8-2DB7-3EE7-BD9B-C9CBACB0D10F} = {A60782A8-2DB7-3EE7-BD9B-C9CBACB0D10F}
		{BFCA2BDE-4472-32ED-BDC9-AE51AA6570BB} = {BFCA2BDE-4472-32ED-BDC9-AE51AA6570BB}
		{CB7EBDAC-F57A-3591-9018-F1625CCA504B} = {CB7EBDAC-F57A-3591-9018-F1625CCA504B}
		{050463A1-D9A2-389E-99E9-246D0C91D5C1} = {050463A1-D9A2-389E-99E9-246D0C91D5C1}
		{600ADE90-5D0E-3D50-AB12-0A5B1E51EB06} = {600ADE90-5D0E-3D50-AB12-0A5B1E51EB06}
		{2DDFCDAC-C4BF-346D-A9C3-ADD70DBFE7C3} = {2DDFCDAC-C4BF-346D-A9C3-ADD70DBFE7C3}
		{C675906B-49EE-394A-A415-4816B8C9A4EB} = {C675906B-49EE-394A-A415-4816B8C9A4EB}
		{97211C70-401D-3C39-973E-BE22B168D7E6} = {97211C70-401D-3C39-973E-BE22B168D7E6}
		{2DC35D9C-E359-396F-9417-7FAED9B278BD} = {2DC35D9C-E359-396F-9417-7FAED9B278BD}
		{134AD1D3-67B2-3941-89A1-8C31E6C273D5} = {134AD1D3-67B2-3941-89A1-8C31E6C273D5}
		{7431EDEA-81E5-3323-AAA3-97864DD5D600} = {7431EDEA-81E5-3323-AAA3-97864DD5D600}
	EndProjectSection
EndProject
Project("{8BC9CEB8-8B4A-11D0-8D11-00A0C91BC942}") = "sys", "common\sys\sys.vcxproj", "{97211C70-401D-3C39-973E-BE22B168D7E6}"
	ProjectSection(ProjectDependencies) = postProject
		{8AB1104F-B101-3199-A7EE-5D06209E6979} = {8AB1104F-B101-3199-A7EE-5D06209E6979}
	EndProjectSection
EndProject
Project("{8BC9CEB8-8B4A-11D0-8D11-00A0C91BC942}") = "transport", "tutorials\common\transport\transport.vcxproj", "{2DC35D9C-E359-396F-9417-7FAED9B278BD}"
	ProjectSection(ProjectDependencies) = postProject
		{8AB1104F-B101-3199-A7EE-5D06209E6979} = {8AB1104F-B101-3199-A7EE-5D06209E6979}
		{97211C70-401D-3C39-973E-BE22B168D7E6} = {97211C70-401D-3C39-973E-BE22B168D7E6}
	EndProjectSection
EndProject
Project("{8BC9CEB8-8B4A-11D0-8D11-00A0C91BC942}") = "triangle_geometry", "tutorials\triangle_geometry\triangle_geometry.vcxproj", "{C4A7A088-1CCD-30B1-97C1-762E36A4B9F3}"
	ProjectSection(ProjectDependencies) = postProject
		{8AB1104F-B101-3199-A7EE-5D06209E6979} = {8AB1104F-B101-3199-A7EE-5D06209E6979}
		{C0E18C8B-903A-3F5A-B92F-BAE8364436B7} = {C0E18C8B-903A-3F5A-B92F-BAE8364436B7}
		{1FB2535C-32C5-330F-8B25-1AB59BEDB31A} = {1FB2535C-32C5-330F-8B25-1AB59BEDB31A}
		{A60782A8-2DB7-3EE7-BD9B-C9CBACB0D10F} = {A60782A8-2DB7-3EE7-BD9B-C9CBACB0D10F}
		{BFCA2BDE-4472-32ED-BDC9-AE51AA6570BB} = {BFCA2BDE-4472-32ED-BDC9-AE51AA6570BB}
		{CB7EBDAC-F57A-3591-9018-F1625CCA504B} = {CB7EBDAC-F57A-3591-9018-F1625CCA504B}
		{050463A1-D9A2-389E-99E9-246D0C91D5C1} = {050463A1-D9A2-389E-99E9-246D0C91D5C1}
		{600ADE90-5D0E-3D50-AB12-0A5B1E51EB06} = {600ADE90-5D0E-3D50-AB12-0A5B1E51EB06}
		{2DDFCDAC-C4BF-346D-A9C3-ADD70DBFE7C3} = {2DDFCDAC-C4BF-346D-A9C3-ADD70DBFE7C3}
		{C675906B-49EE-394A-A415-4816B8C9A4EB} = {C675906B-49EE-394A-A415-4816B8C9A4EB}
		{97211C70-401D-3C39-973E-BE22B168D7E6} = {97211C70-401D-3C39-973E-BE22B168D7E6}
		{2DC35D9C-E359-396F-9417-7FAED9B278BD} = {2DC35D9C-E359-396F-9417-7FAED9B278BD}
		{134AD1D3-67B2-3941-89A1-8C31E6C273D5} = {134AD1D3-67B2-3941-89A1-8C31E6C273D5}
		{7431EDEA-81E5-3323-AAA3-97864DD5D600} = {7431EDEA-81E5-3323-AAA3-97864DD5D600}
	EndProjectSection
EndProject
Project("{8BC9CEB8-8B4A-11D0-8D11-00A0C91BC942}") = "tutorial", "tutorials\common\tutorial\tutorial.vcxproj", "{134AD1D3-67B2-3941-89A1-8C31E6C273D5}"
	ProjectSection(ProjectDependencies) = postProject
		{8AB1104F-B101-3199-A7EE-5D06209E6979} = {8AB1104F-B101-3199-A7EE-5D06209E6979}
		{CB7EBDAC-F57A-3591-9018-F1625CCA504B} = {CB7EBDAC-F57A-3591-9018-F1625CCA504B}
		{050463A1-D9A2-389E-99E9-246D0C91D5C1} = {050463A1-D9A2-389E-99E9-246D0C91D5C1}
		{2DDFCDAC-C4BF-346D-A9C3-ADD70DBFE7C3} = {2DDFCDAC-C4BF-346D-A9C3-ADD70DBFE7C3}
		{97211C70-401D-3C39-973E-BE22B168D7E6} = {97211C70-401D-3C39-973E-BE22B168D7E6}
	EndProjectSection
EndProject
Project("{8BC9CEB8-8B4A-11D0-8D11-00A0C91BC942}") = "tutorial_device", "tutorials\common\tutorial\tutorial_device.vcxproj", "{7431EDEA-81E5-3323-AAA3-97864DD5D600}"
	ProjectSection(ProjectDependencies) = postProject
		{8AB1104F-B101-3199-A7EE-5D06209E6979} = {8AB1104F-B101-3199-A7EE-5D06209E6979}
		{CB7EBDAC-F57A-3591-9018-F1625CCA504B} = {CB7EBDAC-F57A-3591-9018-F1625CCA504B}
		{050463A1-D9A2-389E-99E9-246D0C91D5C1} = {050463A1-D9A2-389E-99E9-246D0C91D5C1}
		{600ADE90-5D0E-3D50-AB12-0A5B1E51EB06} = {600ADE90-5D0E-3D50-AB12-0A5B1E51EB06}
		{2DDFCDAC-C4BF-346D-A9C3-ADD70DBFE7C3} = {2DDFCDAC-C4BF-346D-A9C3-ADD70DBFE7C3}
		{97211C70-401D-3C39-973E-BE22B168D7E6} = {97211C70-401D-3C39-973E-BE22B168D7E6}
		{134AD1D3-67B2-3941-89A1-8C31E6C273D5} = {134AD1D3-67B2-3941-89A1-8C31E6C273D5}
	EndProjectSection
EndProject
Project("{8BC9CEB8-8B4A-11D0-8D11-00A0C91BC942}") = "uninstall", "uninstall.vcxproj", "{017C7352-6479-35CF-9A9C-51292B75A5E0}"
	ProjectSection(ProjectDependencies) = postProject
		{8AB1104F-B101-3199-A7EE-5D06209E6979} = {8AB1104F-B101-3199-A7EE-5D06209E6979}
	EndProjectSection
EndProject
Project("{8BC9CEB8-8B4A-11D0-8D11-00A0C91BC942}") = "user_geometry", "tutorials\user_geometry\user_geometry.vcxproj", "{BC955D53-D0AE-3B16-BBE1-F503F0E088E9}"
	ProjectSection(ProjectDependencies) = postProject
		{8AB1104F-B101-3199-A7EE-5D06209E6979} = {8AB1104F-B101-3199-A7EE-5D06209E6979}
		{C0E18C8B-903A-3F5A-B92F-BAE8364436B7} = {C0E18C8B-903A-3F5A-B92F-BAE8364436B7}
		{1FB2535C-32C5-330F-8B25-1AB59BEDB31A} = {1FB2535C-32C5-330F-8B25-1AB59BEDB31A}
		{A60782A8-2DB7-3EE7-BD9B-C9CBACB0D10F} = {A60782A8-2DB7-3EE7-BD9B-C9CBACB0D10F}
		{BFCA2BDE-4472-32ED-BDC9-AE51AA6570BB} = {BFCA2BDE-4472-32ED-BDC9-AE51AA6570BB}
		{CB7EBDAC-F57A-3591-9018-F1625CCA504B} = {CB7EBDAC-F57A-3591-9018-F1625CCA504B}
		{050463A1-D9A2-389E-99E9-246D0C91D5C1} = {050463A1-D9A2-389E-99E9-246D0C91D5C1}
		{600ADE90-5D0E-3D50-AB12-0A5B1E51EB06} = {600ADE90-5D0E-3D50-AB12-0A5B1E51EB06}
		{2DDFCDAC-C4BF-346D-A9C3-ADD70DBFE7C3} = {2DDFCDAC-C4BF-346D-A9C3-ADD70DBFE7C3}
		{C675906B-49EE-394A-A415-4816B8C9A4EB} = {C675906B-49EE-394A-A415-4816B8C9A4EB}
		{97211C70-401D-3C39-973E-BE22B168D7E6} = {97211C70-401D-3C39-973E-BE22B168D7E6}
		{2DC35D9C-E359-396F-9417-7FAED9B278BD} = {2DC35D9C-E359-396F-9417-7FAED9B278BD}
		{134AD1D3-67B2-3941-89A1-8C31E6C273D5} = {134AD1D3-67B2-3941-89A1-8C31E6C273D5}
		{7431EDEA-81E5-3323-AAA3-97864DD5D600} = {7431EDEA-81E5-3323-AAA3-97864DD5D600}
	EndProjectSection
EndProject
Project("{8BC9CEB8-8B4A-11D0-8D11-00A0C91BC942}") = "verify", "tests\verify.vcxproj", "{69B046A2-CB50-384D-89B6-AA01EE395ACA}"
	ProjectSection(ProjectDependencies) = postProject
		{8AB1104F-B101-3199-A7EE-5D06209E6979} = {8AB1104F-B101-3199-A7EE-5D06209E6979}
		{C0E18C8B-903A-3F5A-B92F-BAE8364436B7} = {C0E18C8B-903A-3F5A-B92F-BAE8364436B7}
		{1FB2535C-32C5-330F-8B25-1AB59BEDB31A} = {1FB2535C-32C5-330F-8B25-1AB59BEDB31A}
		{A60782A8-2DB7-3EE7-BD9B-C9CBACB0D10F} = {A60782A8-2DB7-3EE7-BD9B-C9CBACB0D10F}
		{BFCA2BDE-4472-32ED-BDC9-AE51AA6570BB} = {BFCA2BDE-4472-32ED-BDC9-AE51AA6570BB}
		{CB7EBDAC-F57A-3591-9018-F1625CCA504B} = {CB7EBDAC-F57A-3591-9018-F1625CCA504B}
		{050463A1-D9A2-389E-99E9-246D0C91D5C1} = {050463A1-D9A2-389E-99E9-246D0C91D5C1}
		{2DDFCDAC-C4BF-346D-A9C3-ADD70DBFE7C3} = {2DDFCDAC-C4BF-346D-A9C3-ADD70DBFE7C3}
		{C675906B-49EE-394A-A415-4816B8C9A4EB} = {C675906B-49EE-394A-A415-4816B8C9A4EB}
		{97211C70-401D-3C39-973E-BE22B168D7E6} = {97211C70-401D-3C39-973E-BE22B168D7E6}
	EndProjectSection
EndProject
Project("{8BC9CEB8-8B4A-11D0-8D11-00A0C91BC942}") = "viewer", "tutorials\viewer\viewer.vcxproj", "{2BEC5969-89B4-31DB-AF6E-DC747F676EBE}"
	ProjectSection(ProjectDependencies) = postProject
		{8AB1104F-B101-3199-A7EE-5D06209E6979} = {8AB1104F-B101-3199-A7EE-5D06209E6979}
		{C0E18C8B-903A-3F5A-B92F-BAE8364436B7} = {C0E18C8B-903A-3F5A-B92F-BAE8364436B7}
		{1FB2535C-32C5-330F-8B25-1AB59BEDB31A} = {1FB2535C-32C5-330F-8B25-1AB59BEDB31A}
		{A60782A8-2DB7-3EE7-BD9B-C9CBACB0D10F} = {A60782A8-2DB7-3EE7-BD9B-C9CBACB0D10F}
		{BFCA2BDE-4472-32ED-BDC9-AE51AA6570BB} = {BFCA2BDE-4472-32ED-BDC9-AE51AA6570BB}
		{CB7EBDAC-F57A-3591-9018-F1625CCA504B} = {CB7EBDAC-F57A-3591-9018-F1625CCA504B}
		{050463A1-D9A2-389E-99E9-246D0C91D5C1} = {050463A1-D9A2-389E-99E9-246D0C91D5C1}
		{600ADE90-5D0E-3D50-AB12-0A5B1E51EB06} = {600ADE90-5D0E-3D50-AB12-0A5B1E51EB06}
		{2DDFCDAC-C4BF-346D-A9C3-ADD70DBFE7C3} = {2DDFCDAC-C4BF-346D-A9C3-ADD70DBFE7C3}
		{C675906B-49EE-394A-A415-4816B8C9A4EB} = {C675906B-49EE-394A-A415-4816B8C9A4EB}
		{97211C70-401D-3C39-973E-BE22B168D7E6} = {97211C70-401D-3C39-973E-BE22B168D7E6}
		{2DC35D9C-E359-396F-9417-7FAED9B278BD} = {2DC35D9C-E359-396F-9417-7FAED9B278BD}
		{134AD1D3-67B2-3941-89A1-8C31E6C273D5} = {134AD1D3-67B2-3941-89A1-8C31E6C273D5}
		{7431EDEA-81E5-3323-AAA3-97864DD5D600} = {7431EDEA-81E5-3323-AAA3-97864DD5D600}
	EndProjectSection
EndProject
Project("{8BC9CEB8-8B4A-11D0-8D11-00A0C91BC942}") = "viewer_stream", "tutorials\viewer_stream\viewer_stream.vcxproj", "{B2504D58-7074-3197-AC8C-D472920A3E3F}"
	ProjectSection(ProjectDependencies) = postProject
		{8AB1104F-B101-3199-A7EE-5D06209E6979} = {8AB1104F-B101-3199-A7EE-5D06209E6979}
		{C0E18C8B-903A-3F5A-B92F-BAE8364436B7} = {C0E18C8B-903A-3F5A-B92F-BAE8364436B7}
		{1FB2535C-32C5-330F-8B25-1AB59BEDB31A} = {1FB2535C-32C5-330F-8B25-1AB59BEDB31A}
		{A60782A8-2DB7-3EE7-BD9B-C9CBACB0D10F} = {A60782A8-2DB7-3EE7-BD9B-C9CBACB0D10F}
		{BFCA2BDE-4472-32ED-BDC9-AE51AA6570BB} = {BFCA2BDE-4472-32ED-BDC9-AE51AA6570BB}
		{CB7EBDAC-F57A-3591-9018-F1625CCA504B} = {CB7EBDAC-F57A-3591-9018-F1625CCA504B}
		{050463A1-D9A2-389E-99E9-246D0C91D5C1} = {050463A1-D9A2-389E-99E9-246D0C91D5C1}
		{600ADE90-5D0E-3D50-AB12-0A5B1E51EB06} = {600ADE90-5D0E-3D50-AB12-0A5B1E51EB06}
		{2DDFCDAC-C4BF-346D-A9C3-ADD70DBFE7C3} = {2DDFCDAC-C4BF-346D-A9C3-ADD70DBFE7C3}
		{C675906B-49EE-394A-A415-4816B8C9A4EB} = {C675906B-49EE-394A-A415-4816B8C9A4EB}
		{97211C70-401D-3C39-973E-BE22B168D7E6} = {97211C70-401D-3C39-973E-BE22B168D7E6}
		{2DC35D9C-E359-396F-9417-7FAED9B278BD} = {2DC35D9C-E359-396F-9417-7FAED9B278BD}
		{134AD1D3-67B2-3941-89A1-8C31E6C273D5} = {134AD1D3-67B2-3941-89A1-8C31E6C273D5}
		{7431EDEA-81E5-3323-AAA3-97864DD5D600} = {7431EDEA-81E5-3323-AAA3-97864DD5D600}
	EndProjectSection
EndProject
Project("{2150E333-8FDC-42A3-9474-1A3956D46DE8}") = "CMakePredefinedTargets", "CMakePredefinedTargets", "{617A719B-D534-3502-B064-F48DEF151B36}"
EndProject
Project("{2150E333-8FDC-42A3-9474-1A3956D46DE8}") = "common", "common", "{2BE480DE-6E32-349F-81E8-512C84A5E602}"
EndProject
Project("{2150E333-8FDC-42A3-9474-1A3956D46DE8}") = "kernels", "kernels", "{0581EFB2-B6B7-3396-91C9-43A8D3F05D06}"
EndProject
Project("{2150E333-8FDC-42A3-9474-1A3956D46DE8}") = "tests", "tests", "{CCD2D076-8E1B-3961-BC18-E204A73E4F04}"
EndProject
Project("{2150E333-8FDC-42A3-9474-1A3956D46DE8}") = "tutorials", "tutorials", "{62593BB7-A49C-3AFE-802C-22B19E7D114F}"
EndProject
Project("{2150E333-8FDC-42A3-9474-1A3956D46DE8}") = "common", "tutorials\common", "{770594D1-87C1-3FDF-AC81-02211E59E39A}"
EndProject
Project("{2150E333-8FDC-42A3-9474-1A3956D46DE8}") = "single", "tutorials\single", "{AC1DD9A7-49D7-3F2E-A9F7-0E14C940EDD1}"
EndProject
Global
	GlobalSection(SolutionConfigurationPlatforms) = preSolution
		Debug|Win32 = Debug|Win32
		Release|Win32 = Release|Win32
		RelWithDebInfo|Win32 = RelWithDebInfo|Win32
	EndGlobalSection
	GlobalSection(ProjectConfigurationPlatforms) = postSolution
		{082B18A9-07BB-3FCA-A487-A885B09914FF}.Debug|Win32.ActiveCfg = Debug|Win32
		{082B18A9-07BB-3FCA-A487-A885B09914FF}.Debug|Win32.Build.0 = Debug|Win32
		{082B18A9-07BB-3FCA-A487-A885B09914FF}.Release|Win32.ActiveCfg = Release|Win32
		{082B18A9-07BB-3FCA-A487-A885B09914FF}.Release|Win32.Build.0 = Release|Win32
		{082B18A9-07BB-3FCA-A487-A885B09914FF}.RelWithDebInfo|Win32.ActiveCfg = RelWithDebInfo|Win32
		{082B18A9-07BB-3FCA-A487-A885B09914FF}.RelWithDebInfo|Win32.Build.0 = RelWithDebInfo|Win32
		{58F5FD90-6F9C-322C-8BBF-6E78DAC96727}.Debug|Win32.ActiveCfg = Debug|Win32
		{58F5FD90-6F9C-322C-8BBF-6E78DAC96727}.Release|Win32.ActiveCfg = Release|Win32
		{58F5FD90-6F9C-322C-8BBF-6E78DAC96727}.RelWithDebInfo|Win32.ActiveCfg = RelWithDebInfo|Win32
		{37B7DC91-8FC6-380B-B844-0B69226688BE}.Debug|Win32.ActiveCfg = Debug|Win32
		{37B7DC91-8FC6-380B-B844-0B69226688BE}.Release|Win32.ActiveCfg = Release|Win32
		{37B7DC91-8FC6-380B-B844-0B69226688BE}.RelWithDebInfo|Win32.ActiveCfg = RelWithDebInfo|Win32
		{8AB1104F-B101-3199-A7EE-5D06209E6979}.Debug|Win32.ActiveCfg = Debug|Win32
		{8AB1104F-B101-3199-A7EE-5D06209E6979}.Debug|Win32.Build.0 = Debug|Win32
		{8AB1104F-B101-3199-A7EE-5D06209E6979}.Release|Win32.ActiveCfg = Release|Win32
		{8AB1104F-B101-3199-A7EE-5D06209E6979}.Release|Win32.Build.0 = Release|Win32
		{8AB1104F-B101-3199-A7EE-5D06209E6979}.RelWithDebInfo|Win32.ActiveCfg = RelWithDebInfo|Win32
		{8AB1104F-B101-3199-A7EE-5D06209E6979}.RelWithDebInfo|Win32.Build.0 = RelWithDebInfo|Win32
		{46BF4922-4EF2-3ED5-B9D4-D6EDF458D933}.Debug|Win32.ActiveCfg = Debug|Win32
		{46BF4922-4EF2-3ED5-B9D4-D6EDF458D933}.Debug|Win32.Build.0 = Debug|Win32
		{46BF4922-4EF2-3ED5-B9D4-D6EDF458D933}.Release|Win32.ActiveCfg = Release|Win32
		{46BF4922-4EF2-3ED5-B9D4-D6EDF458D933}.Release|Win32.Build.0 = Release|Win32
		{46BF4922-4EF2-3ED5-B9D4-D6EDF458D933}.RelWithDebInfo|Win32.ActiveCfg = RelWithDebInfo|Win32
		{46BF4922-4EF2-3ED5-B9D4-D6EDF458D933}.RelWithDebInfo|Win32.Build.0 = RelWithDebInfo|Win32
		{B1772E2A-6448-37B7-8A62-AA45B5E0E63D}.Debug|Win32.ActiveCfg = Debug|Win32
		{B1772E2A-6448-37B7-8A62-AA45B5E0E63D}.Debug|Win32.Build.0 = Debug|Win32
		{B1772E2A-6448-37B7-8A62-AA45B5E0E63D}.Release|Win32.ActiveCfg = Release|Win32
		{B1772E2A-6448-37B7-8A62-AA45B5E0E63D}.Release|Win32.Build.0 = Release|Win32
		{B1772E2A-6448-37B7-8A62-AA45B5E0E63D}.RelWithDebInfo|Win32.ActiveCfg = RelWithDebInfo|Win32
		{B1772E2A-6448-37B7-8A62-AA45B5E0E63D}.RelWithDebInfo|Win32.Build.0 = RelWithDebInfo|Win32
		{B30F0881-5E88-352E-96E4-B90C7FC2CA0F}.Debug|Win32.ActiveCfg = Debug|Win32
		{B30F0881-5E88-352E-96E4-B90C7FC2CA0F}.Debug|Win32.Build.0 = Debug|Win32
		{B30F0881-5E88-352E-96E4-B90C7FC2CA0F}.Release|Win32.ActiveCfg = Release|Win32
		{B30F0881-5E88-352E-96E4-B90C7FC2CA0F}.Release|Win32.Build.0 = Release|Win32
		{B30F0881-5E88-352E-96E4-B90C7FC2CA0F}.RelWithDebInfo|Win32.ActiveCfg = RelWithDebInfo|Win32
		{B30F0881-5E88-352E-96E4-B90C7FC2CA0F}.RelWithDebInfo|Win32.Build.0 = RelWithDebInfo|Win32
		{ACB90610-B215-30EE-920B-A3590C9C5EA7}.Debug|Win32.ActiveCfg = Debug|Win32
		{ACB90610-B215-30EE-920B-A3590C9C5EA7}.Debug|Win32.Build.0 = Debug|Win32
		{ACB90610-B215-30EE-920B-A3590C9C5EA7}.Release|Win32.ActiveCfg = Release|Win32
		{ACB90610-B215-30EE-920B-A3590C9C5EA7}.Release|Win32.Build.0 = Release|Win32
		{ACB90610-B215-30EE-920B-A3590C9C5EA7}.RelWithDebInfo|Win32.ActiveCfg = RelWithDebInfo|Win32
		{ACB90610-B215-30EE-920B-A3590C9C5EA7}.RelWithDebInfo|Win32.Build.0 = RelWithDebInfo|Win32
		{2CD82F07-D661-3E3D-8817-4A6FA2B7A391}.Debug|Win32.ActiveCfg = Debug|Win32
		{2CD82F07-D661-3E3D-8817-4A6FA2B7A391}.Debug|Win32.Build.0 = Debug|Win32
		{2CD82F07-D661-3E3D-8817-4A6FA2B7A391}.Release|Win32.ActiveCfg = Release|Win32
		{2CD82F07-D661-3E3D-8817-4A6FA2B7A391}.Release|Win32.Build.0 = Release|Win32
		{2CD82F07-D661-3E3D-8817-4A6FA2B7A391}.RelWithDebInfo|Win32.ActiveCfg = RelWithDebInfo|Win32
		{2CD82F07-D661-3E3D-8817-4A6FA2B7A391}.RelWithDebInfo|Win32.Build.0 = RelWithDebInfo|Win32
		{62D0DE76-92DC-3E36-8194-B042471D3D50}.Debug|Win32.ActiveCfg = Debug|Win32
		{62D0DE76-92DC-3E36-8194-B042471D3D50}.Debug|Win32.Build.0 = Debug|Win32
		{62D0DE76-92DC-3E36-8194-B042471D3D50}.Release|Win32.ActiveCfg = Release|Win32
		{62D0DE76-92DC-3E36-8194-B042471D3D50}.Release|Win32.Build.0 = Release|Win32
		{62D0DE76-92DC-3E36-8194-B042471D3D50}.RelWithDebInfo|Win32.ActiveCfg = RelWithDebInfo|Win32
		{62D0DE76-92DC-3E36-8194-B042471D3D50}.RelWithDebInfo|Win32.Build.0 = RelWithDebInfo|Win32
		{3331CB6A-F04B-3C81-A231-D8062BF47AB0}.Debug|Win32.ActiveCfg = Debug|Win32
		{3331CB6A-F04B-3C81-A231-D8062BF47AB0}.Debug|Win32.Build.0 = Debug|Win32
		{3331CB6A-F04B-3C81-A231-D8062BF47AB0}.Release|Win32.ActiveCfg = Release|Win32
		{3331CB6A-F04B-3C81-A231-D8062BF47AB0}.Release|Win32.Build.0 = Release|Win32
		{3331CB6A-F04B-3C81-A231-D8062BF47AB0}.RelWithDebInfo|Win32.ActiveCfg = RelWithDebInfo|Win32
		{3331CB6A-F04B-3C81-A231-D8062BF47AB0}.RelWithDebInfo|Win32.Build.0 = RelWithDebInfo|Win32
		{C0E18C8B-903A-3F5A-B92F-BAE8364436B7}.Debug|Win32.ActiveCfg = Debug|Win32
		{C0E18C8B-903A-3F5A-B92F-BAE8364436B7}.Debug|Win32.Build.0 = Debug|Win32
		{C0E18C8B-903A-3F5A-B92F-BAE8364436B7}.Release|Win32.ActiveCfg = Release|Win32
		{C0E18C8B-903A-3F5A-B92F-BAE8364436B7}.Release|Win32.Build.0 = Release|Win32
		{C0E18C8B-903A-3F5A-B92F-BAE8364436B7}.RelWithDebInfo|Win32.ActiveCfg = RelWithDebInfo|Win32
		{C0E18C8B-903A-3F5A-B92F-BAE8364436B7}.RelWithDebInfo|Win32.Build.0 = RelWithDebInfo|Win32
		{1FB2535C-32C5-330F-8B25-1AB59BEDB31A}.Debug|Win32.ActiveCfg = Debug|Win32
		{1FB2535C-32C5-330F-8B25-1AB59BEDB31A}.Debug|Win32.Build.0 = Debug|Win32
		{1FB2535C-32C5-330F-8B25-1AB59BEDB31A}.Release|Win32.ActiveCfg = Release|Win32
		{1FB2535C-32C5-330F-8B25-1AB59BEDB31A}.Release|Win32.Build.0 = Release|Win32
		{1FB2535C-32C5-330F-8B25-1AB59BEDB31A}.RelWithDebInfo|Win32.ActiveCfg = RelWithDebInfo|Win32
		{1FB2535C-32C5-330F-8B25-1AB59BEDB31A}.RelWithDebInfo|Win32.Build.0 = RelWithDebInfo|Win32
		{A60782A8-2DB7-3EE7-BD9B-C9CBACB0D10F}.Debug|Win32.ActiveCfg = Debug|Win32
		{A60782A8-2DB7-3EE7-BD9B-C9CBACB0D10F}.Debug|Win32.Build.0 = Debug|Win32
		{A60782A8-2DB7-3EE7-BD9B-C9CBACB0D10F}.Release|Win32.ActiveCfg = Release|Win32
		{A60782A8-2DB7-3EE7-BD9B-C9CBACB0D10F}.Release|Win32.Build.0 = Release|Win32
		{A60782A8-2DB7-3EE7-BD9B-C9CBACB0D10F}.RelWithDebInfo|Win32.ActiveCfg = RelWithDebInfo|Win32
		{A60782A8-2DB7-3EE7-BD9B-C9CBACB0D10F}.RelWithDebInfo|Win32.Build.0 = RelWithDebInfo|Win32
		{BFCA2BDE-4472-32ED-BDC9-AE51AA6570BB}.Debug|Win32.ActiveCfg = Debug|Win32
		{BFCA2BDE-4472-32ED-BDC9-AE51AA6570BB}.Debug|Win32.Build.0 = Debug|Win32
		{BFCA2BDE-4472-32ED-BDC9-AE51AA6570BB}.Release|Win32.ActiveCfg = Release|Win32
		{BFCA2BDE-4472-32ED-BDC9-AE51AA6570BB}.Release|Win32.Build.0 = Release|Win32
		{BFCA2BDE-4472-32ED-BDC9-AE51AA6570BB}.RelWithDebInfo|Win32.ActiveCfg = RelWithDebInfo|Win32
		{BFCA2BDE-4472-32ED-BDC9-AE51AA6570BB}.RelWithDebInfo|Win32.Build.0 = RelWithDebInfo|Win32
		{D458D7D3-0D17-3798-8437-1E35181FDC47}.Debug|Win32.ActiveCfg = Debug|Win32
		{D458D7D3-0D17-3798-8437-1E35181FDC47}.Debug|Win32.Build.0 = Debug|Win32
		{D458D7D3-0D17-3798-8437-1E35181FDC47}.Release|Win32.ActiveCfg = Release|Win32
		{D458D7D3-0D17-3798-8437-1E35181FDC47}.Release|Win32.Build.0 = Release|Win32
		{D458D7D3-0D17-3798-8437-1E35181FDC47}.RelWithDebInfo|Win32.ActiveCfg = RelWithDebInfo|Win32
		{D458D7D3-0D17-3798-8437-1E35181FDC47}.RelWithDebInfo|Win32.Build.0 = RelWithDebInfo|Win32
		{CB7EBDAC-F57A-3591-9018-F1625CCA504B}.Debug|Win32.ActiveCfg = Debug|Win32
		{CB7EBDAC-F57A-3591-9018-F1625CCA504B}.Debug|Win32.Build.0 = Debug|Win32
		{CB7EBDAC-F57A-3591-9018-F1625CCA504B}.Release|Win32.ActiveCfg = Release|Win32
		{CB7EBDAC-F57A-3591-9018-F1625CCA504B}.Release|Win32.Build.0 = Release|Win32
		{CB7EBDAC-F57A-3591-9018-F1625CCA504B}.RelWithDebInfo|Win32.ActiveCfg = RelWithDebInfo|Win32
		{CB7EBDAC-F57A-3591-9018-F1625CCA504B}.RelWithDebInfo|Win32.Build.0 = RelWithDebInfo|Win32
		{0E57B860-EEA8-335A-8A0D-B6E1F36262D8}.Debug|Win32.ActiveCfg = Debug|Win32
		{0E57B860-EEA8-335A-8A0D-B6E1F36262D8}.Debug|Win32.Build.0 = Debug|Win32
		{0E57B860-EEA8-335A-8A0D-B6E1F36262D8}.Release|Win32.ActiveCfg = Release|Win32
		{0E57B860-EEA8-335A-8A0D-B6E1F36262D8}.Release|Win32.Build.0 = Release|Win32
		{0E57B860-EEA8-335A-8A0D-B6E1F36262D8}.RelWithDebInfo|Win32.ActiveCfg = RelWithDebInfo|Win32
		{0E57B860-EEA8-335A-8A0D-B6E1F36262D8}.RelWithDebInfo|Win32.Build.0 = RelWithDebInfo|Win32
		{36D2A9AB-456E-332A-86BD-1EF2D63BADFE}.Debug|Win32.ActiveCfg = Debug|Win32
		{36D2A9AB-456E-332A-86BD-1EF2D63BADFE}.Debug|Win32.Build.0 = Debug|Win32
		{36D2A9AB-456E-332A-86BD-1EF2D63BADFE}.Release|Win32.ActiveCfg = Release|Win32
		{36D2A9AB-456E-332A-86BD-1EF2D63BADFE}.Release|Win32.Build.0 = Release|Win32
		{36D2A9AB-456E-332A-86BD-1EF2D63BADFE}.RelWithDebInfo|Win32.ActiveCfg = RelWithDebInfo|Win32
		{36D2A9AB-456E-332A-86BD-1EF2D63BADFE}.RelWithDebInfo|Win32.Build.0 = RelWithDebInfo|Win32
		{F66FCAAB-E000-3C06-AC76-90DF2178507A}.Debug|Win32.ActiveCfg = Debug|Win32
		{F66FCAAB-E000-3C06-AC76-90DF2178507A}.Debug|Win32.Build.0 = Debug|Win32
		{F66FCAAB-E000-3C06-AC76-90DF2178507A}.Release|Win32.ActiveCfg = Release|Win32
		{F66FCAAB-E000-3C06-AC76-90DF2178507A}.Release|Win32.Build.0 = Release|Win32
		{F66FCAAB-E000-3C06-AC76-90DF2178507A}.RelWithDebInfo|Win32.ActiveCfg = RelWithDebInfo|Win32
		{F66FCAAB-E000-3C06-AC76-90DF2178507A}.RelWithDebInfo|Win32.Build.0 = RelWithDebInfo|Win32
		{61AFAD46-0A4D-3F32-8E17-17C860C9DEAE}.Debug|Win32.ActiveCfg = Debug|Win32
		{61AFAD46-0A4D-3F32-8E17-17C860C9DEAE}.Debug|Win32.Build.0 = Debug|Win32
		{61AFAD46-0A4D-3F32-8E17-17C860C9DEAE}.Release|Win32.ActiveCfg = Release|Win32
		{61AFAD46-0A4D-3F32-8E17-17C860C9DEAE}.Release|Win32.Build.0 = Release|Win32
		{61AFAD46-0A4D-3F32-8E17-17C860C9DEAE}.RelWithDebInfo|Win32.ActiveCfg = RelWithDebInfo|Win32
		{61AFAD46-0A4D-3F32-8E17-17C860C9DEAE}.RelWithDebInfo|Win32.Build.0 = RelWithDebInfo|Win32
		{050463A1-D9A2-389E-99E9-246D0C91D5C1}.Debug|Win32.ActiveCfg = Debug|Win32
		{050463A1-D9A2-389E-99E9-246D0C91D5C1}.Debug|Win32.Build.0 = Debug|Win32
		{050463A1-D9A2-389E-99E9-246D0C91D5C1}.Release|Win32.ActiveCfg = Release|Win32
		{050463A1-D9A2-389E-99E9-246D0C91D5C1}.Release|Win32.Build.0 = Release|Win32
		{050463A1-D9A2-389E-99E9-246D0C91D5C1}.RelWithDebInfo|Win32.ActiveCfg = RelWithDebInfo|Win32
		{050463A1-D9A2-389E-99E9-246D0C91D5C1}.RelWithDebInfo|Win32.Build.0 = RelWithDebInfo|Win32
		{600ADE90-5D0E-3D50-AB12-0A5B1E51EB06}.Debug|Win32.ActiveCfg = Debug|Win32
		{600ADE90-5D0E-3D50-AB12-0A5B1E51EB06}.Debug|Win32.Build.0 = Debug|Win32
		{600ADE90-5D0E-3D50-AB12-0A5B1E51EB06}.Release|Win32.ActiveCfg = Release|Win32
		{600ADE90-5D0E-3D50-AB12-0A5B1E51EB06}.Release|Win32.Build.0 = Release|Win32
		{600ADE90-5D0E-3D50-AB12-0A5B1E51EB06}.RelWithDebInfo|Win32.ActiveCfg = RelWithDebInfo|Win32
		{600ADE90-5D0E-3D50-AB12-0A5B1E51EB06}.RelWithDebInfo|Win32.Build.0 = RelWithDebInfo|Win32
		{1E442846-021E-3F4B-8B7C-41BA90F6C0D4}.Debug|Win32.ActiveCfg = Debug|Win32
		{1E442846-021E-3F4B-8B7C-41BA90F6C0D4}.Debug|Win32.Build.0 = Debug|Win32
		{1E442846-021E-3F4B-8B7C-41BA90F6C0D4}.Release|Win32.ActiveCfg = Release|Win32
		{1E442846-021E-3F4B-8B7C-41BA90F6C0D4}.Release|Win32.Build.0 = Release|Win32
		{1E442846-021E-3F4B-8B7C-41BA90F6C0D4}.RelWithDebInfo|Win32.ActiveCfg = RelWithDebInfo|Win32
		{1E442846-021E-3F4B-8B7C-41BA90F6C0D4}.RelWithDebInfo|Win32.Build.0 = RelWithDebInfo|Win32
		{A0667ED1-6021-3554-AF34-EDDBCFC327BF}.Debug|Win32.ActiveCfg = Debug|Win32
		{A0667ED1-6021-3554-AF34-EDDBCFC327BF}.Debug|Win32.Build.0 = Debug|Win32
		{A0667ED1-6021-3554-AF34-EDDBCFC327BF}.Release|Win32.ActiveCfg = Release|Win32
		{A0667ED1-6021-3554-AF34-EDDBCFC327BF}.Release|Win32.Build.0 = Release|Win32
		{A0667ED1-6021-3554-AF34-EDDBCFC327BF}.RelWithDebInfo|Win32.ActiveCfg = RelWithDebInfo|Win32
		{A0667ED1-6021-3554-AF34-EDDBCFC327BF}.RelWithDebInfo|Win32.Build.0 = RelWithDebInfo|Win32
		{200602E1-4146-3782-975F-EEEB060AA1D3}.Debug|Win32.ActiveCfg = Debug|Win32
		{200602E1-4146-3782-975F-EEEB060AA1D3}.Debug|Win32.Build.0 = Debug|Win32
		{200602E1-4146-3782-975F-EEEB060AA1D3}.Release|Win32.ActiveCfg = Release|Win32
		{200602E1-4146-3782-975F-EEEB060AA1D3}.Release|Win32.Build.0 = Release|Win32
		{200602E1-4146-3782-975F-EEEB060AA1D3}.RelWithDebInfo|Win32.ActiveCfg = RelWithDebInfo|Win32
		{200602E1-4146-3782-975F-EEEB060AA1D3}.RelWithDebInfo|Win32.Build.0 = RelWithDebInfo|Win32
		{2DDFCDAC-C4BF-346D-A9C3-ADD70DBFE7C3}.Debug|Win32.ActiveCfg = Debug|Win32
		{2DDFCDAC-C4BF-346D-A9C3-ADD70DBFE7C3}.Debug|Win32.Build.0 = Debug|Win32
		{2DDFCDAC-C4BF-346D-A9C3-ADD70DBFE7C3}.Release|Win32.ActiveCfg = Release|Win32
		{2DDFCDAC-C4BF-346D-A9C3-ADD70DBFE7C3}.Release|Win32.Build.0 = Release|Win32
		{2DDFCDAC-C4BF-346D-A9C3-ADD70DBFE7C3}.RelWithDebInfo|Win32.ActiveCfg = RelWithDebInfo|Win32
		{2DDFCDAC-C4BF-346D-A9C3-ADD70DBFE7C3}.RelWithDebInfo|Win32.Build.0 = RelWithDebInfo|Win32
		{C675906B-49EE-394A-A415-4816B8C9A4EB}.Debug|Win32.ActiveCfg = Debug|Win32
		{C675906B-49EE-394A-A415-4816B8C9A4EB}.Debug|Win32.Build.0 = Debug|Win32
		{C675906B-49EE-394A-A415-4816B8C9A4EB}.Release|Win32.ActiveCfg = Release|Win32
		{C675906B-49EE-394A-A415-4816B8C9A4EB}.Release|Win32.Build.0 = Release|Win32
		{C675906B-49EE-394A-A415-4816B8C9A4EB}.RelWithDebInfo|Win32.ActiveCfg = RelWithDebInfo|Win32
		{C675906B-49EE-394A-A415-4816B8C9A4EB}.RelWithDebInfo|Win32.Build.0 = RelWithDebInfo|Win32
		{7EE9A504-35C9-323B-9C19-E03AC90BA968}.Debug|Win32.ActiveCfg = Debug|Win32
		{7EE9A504-35C9-323B-9C19-E03AC90BA968}.Debug|Win32.Build.0 = Debug|Win32
		{7EE9A504-35C9-323B-9C19-E03AC90BA968}.Release|Win32.ActiveCfg = Release|Win32
		{7EE9A504-35C9-323B-9C19-E03AC90BA968}.Release|Win32.Build.0 = Release|Win32
		{7EE9A504-35C9-323B-9C19-E03AC90BA968}.RelWithDebInfo|Win32.ActiveCfg = RelWithDebInfo|Win32
		{7EE9A504-35C9-323B-9C19-E03AC90BA968}.RelWithDebInfo|Win32.Build.0 = RelWithDebInfo|Win32
		{97211C70-401D-3C39-973E-BE22B168D7E6}.Debug|Win32.ActiveCfg = Debug|Win32
		{97211C70-401D-3C39-973E-BE22B168D7E6}.Debug|Win32.Build.0 = Debug|Win32
		{97211C70-401D-3C39-973E-BE22B168D7E6}.Release|Win32.ActiveCfg = Release|Win32
		{97211C70-401D-3C39-973E-BE22B168D7E6}.Release|Win32.Build.0 = Release|Win32
		{97211C70-401D-3C39-973E-BE22B168D7E6}.RelWithDebInfo|Win32.ActiveCfg = RelWithDebInfo|Win32
		{97211C70-401D-3C39-973E-BE22B168D7E6}.RelWithDebInfo|Win32.Build.0 = RelWithDebInfo|Win32
		{2DC35D9C-E359-396F-9417-7FAED9B278BD}.Debug|Win32.ActiveCfg = Debug|Win32
		{2DC35D9C-E359-396F-9417-7FAED9B278BD}.Debug|Win32.Build.0 = Debug|Win32
		{2DC35D9C-E359-396F-9417-7FAED9B278BD}.Release|Win32.ActiveCfg = Release|Win32
		{2DC35D9C-E359-396F-9417-7FAED9B278BD}.Release|Win32.Build.0 = Release|Win32
		{2DC35D9C-E359-396F-9417-7FAED9B278BD}.RelWithDebInfo|Win32.ActiveCfg = RelWithDebInfo|Win32
		{2DC35D9C-E359-396F-9417-7FAED9B278BD}.RelWithDebInfo|Win32.Build.0 = RelWithDebInfo|Win32
		{C4A7A088-1CCD-30B1-97C1-762E36A4B9F3}.Debug|Win32.ActiveCfg = Debug|Win32
		{C4A7A088-1CCD-30B1-97C1-762E36A4B9F3}.Debug|Win32.Build.0 = Debug|Win32
		{C4A7A088-1CCD-30B1-97C1-762E36A4B9F3}.Release|Win32.ActiveCfg = Release|Win32
		{C4A7A088-1CCD-30B1-97C1-762E36A4B9F3}.Release|Win32.Build.0 = Release|Win32
		{C4A7A088-1CCD-30B1-97C1-762E36A4B9F3}.RelWithDebInfo|Win32.ActiveCfg = RelWithDebInfo|Win32
		{C4A7A088-1CCD-30B1-97C1-762E36A4B9F3}.RelWithDebInfo|Win32.Build.0 = RelWithDebInfo|Win32
		{134AD1D3-67B2-3941-89A1-8C31E6C273D5}.Debug|Win32.ActiveCfg = Debug|Win32
		{134AD1D3-67B2-3941-89A1-8C31E6C273D5}.Debug|Win32.Build.0 = Debug|Win32
		{134AD1D3-67B2-3941-89A1-8C31E6C273D5}.Release|Win32.ActiveCfg = Release|Win32
		{134AD1D3-67B2-3941-89A1-8C31E6C273D5}.Release|Win32.Build.0 = Release|Win32
		{134AD1D3-67B2-3941-89A1-8C31E6C273D5}.RelWithDebInfo|Win32.ActiveCfg = RelWithDebInfo|Win32
		{134AD1D3-67B2-3941-89A1-8C31E6C273D5}.RelWithDebInfo|Win32.Build.0 = RelWithDebInfo|Win32
		{7431EDEA-81E5-3323-AAA3-97864DD5D600}.Debug|Win32.ActiveCfg = Debug|Win32
		{7431EDEA-81E5-3323-AAA3-97864DD5D600}.Debug|Win32.Build.0 = Debug|Win32
		{7431EDEA-81E5-3323-AAA3-97864DD5D600}.Release|Win32.ActiveCfg = Release|Win32
		{7431EDEA-81E5-3323-AAA3-97864DD5D600}.Release|Win32.Build.0 = Release|Win32
		{7431EDEA-81E5-3323-AAA3-97864DD5D600}.RelWithDebInfo|Win32.ActiveCfg = RelWithDebInfo|Win32
		{7431EDEA-81E5-3323-AAA3-97864DD5D600}.RelWithDebInfo|Win32.Build.0 = RelWithDebInfo|Win32
		{017C7352-6479-35CF-9A9C-51292B75A5E0}.Debug|Win32.ActiveCfg = Debug|Win32
		{017C7352-6479-35CF-9A9C-51292B75A5E0}.Release|Win32.ActiveCfg = Release|Win32
		{017C7352-6479-35CF-9A9C-51292B75A5E0}.RelWithDebInfo|Win32.ActiveCfg = RelWithDebInfo|Win32
		{BC955D53-D0AE-3B16-BBE1-F503F0E088E9}.Debug|Win32.ActiveCfg = Debug|Win32
		{BC955D53-D0AE-3B16-BBE1-F503F0E088E9}.Debug|Win32.Build.0 = Debug|Win32
		{BC955D53-D0AE-3B16-BBE1-F503F0E088E9}.Release|Win32.ActiveCfg = Release|Win32
		{BC955D53-D0AE-3B16-BBE1-F503F0E088E9}.Release|Win32.Build.0 = Release|Win32
		{BC955D53-D0AE-3B16-BBE1-F503F0E088E9}.RelWithDebInfo|Win32.ActiveCfg = RelWithDebInfo|Win32
		{BC955D53-D0AE-3B16-BBE1-F503F0E088E9}.RelWithDebInfo|Win32.Build.0 = RelWithDebInfo|Win32
		{69B046A2-CB50-384D-89B6-AA01EE395ACA}.Debug|Win32.ActiveCfg = Debug|Win32
		{69B046A2-CB50-384D-89B6-AA01EE395ACA}.Debug|Win32.Build.0 = Debug|Win32
		{69B046A2-CB50-384D-89B6-AA01EE395ACA}.Release|Win32.ActiveCfg = Release|Win32
		{69B046A2-CB50-384D-89B6-AA01EE395ACA}.Release|Win32.Build.0 = Release|Win32
		{69B046A2-CB50-384D-89B6-AA01EE395ACA}.RelWithDebInfo|Win32.ActiveCfg = RelWithDebInfo|Win32
		{69B046A2-CB50-384D-89B6-AA01EE395ACA}.RelWithDebInfo|Win32.Build.0 = RelWithDebInfo|Win32
		{2BEC5969-89B4-31DB-AF6E-DC747F676EBE}.Debug|Win32.ActiveCfg = Debug|Win32
		{2BEC5969-89B4-31DB-AF6E-DC747F676EBE}.Debug|Win32.Build.0 = Debug|Win32
		{2BEC5969-89B4-31DB-AF6E-DC747F676EBE}.Release|Win32.ActiveCfg = Release|Win32
		{2BEC5969-89B4-31DB-AF6E-DC747F676EBE}.Release|Win32.Build.0 = Release|Win32
		{2BEC5969-89B4-31DB-AF6E-DC747F676EBE}.RelWithDebInfo|Win32.ActiveCfg = RelWithDebInfo|Win32
		{2BEC5969-89B4-31DB-AF6E-DC747F676EBE}.RelWithDebInfo|Win32.Build.0 = RelWithDebInfo|Win32
		{B2504D58-7074-3197-AC8C-D472920A3E3F}.Debug|Win32.ActiveCfg = Debug|Win32
		{B2504D58-7074-3197-AC8C-D472920A3E3F}.Debug|Win32.Build.0 = Debug|Win32
		{B2504D58-7074-3197-AC8C-D472920A3E3F}.Release|Win32.ActiveCfg = Release|Win32
		{B2504D58-7074-3197-AC8C-D472920A3E3F}.Release|Win32.Build.0 = Release|Win32
		{B2504D58-7074-3197-AC8C-D472920A3E3F}.RelWithDebInfo|Win32.ActiveCfg = RelWithDebInfo|Win32
		{B2504D58-7074-3197-AC8C-D472920A3E3F}.RelWithDebInfo|Win32.Build.0 = RelWithDebInfo|Win32
	EndGlobalSection
	GlobalSection(NestedProjects) = preSolution
		{58F5FD90-6F9C-322C-8BBF-6E78DAC96727} = {617A719B-D534-3502-B064-F48DEF151B36}
		{37B7DC91-8FC6-380B-B844-0B69226688BE} = {617A719B-D534-3502-B064-F48DEF151B36}
		{8AB1104F-B101-3199-A7EE-5D06209E6979} = {617A719B-D534-3502-B064-F48DEF151B36}
		{017C7352-6479-35CF-9A9C-51292B75A5E0} = {617A719B-D534-3502-B064-F48DEF151B36}
		{050463A1-D9A2-389E-99E9-246D0C91D5C1} = {2BE480DE-6E32-349F-81E8-512C84A5E602}
		{C675906B-49EE-394A-A415-4816B8C9A4EB} = {2BE480DE-6E32-349F-81E8-512C84A5E602}
		{97211C70-401D-3C39-973E-BE22B168D7E6} = {2BE480DE-6E32-349F-81E8-512C84A5E602}
		{C0E18C8B-903A-3F5A-B92F-BAE8364436B7} = {0581EFB2-B6B7-3396-91C9-43A8D3F05D06}
		{1FB2535C-32C5-330F-8B25-1AB59BEDB31A} = {0581EFB2-B6B7-3396-91C9-43A8D3F05D06}
		{A60782A8-2DB7-3EE7-BD9B-C9CBACB0D10F} = {0581EFB2-B6B7-3396-91C9-43A8D3F05D06}
		{BFCA2BDE-4472-32ED-BDC9-AE51AA6570BB} = {0581EFB2-B6B7-3396-91C9-43A8D3F05D06}
		{46BF4922-4EF2-3ED5-B9D4-D6EDF458D933} = {CCD2D076-8E1B-3961-BC18-E204A73E4F04}
		{200602E1-4146-3782-975F-EEEB060AA1D3} = {CCD2D076-8E1B-3961-BC18-E204A73E4F04}
		{69B046A2-CB50-384D-89B6-AA01EE395ACA} = {CCD2D076-8E1B-3961-BC18-E204A73E4F04}
		{770594D1-87C1-3FDF-AC81-02211E59E39A} = {62593BB7-A49C-3AFE-802C-22B19E7D114F}
		{AC1DD9A7-49D7-3F2E-A9F7-0E14C940EDD1} = {62593BB7-A49C-3AFE-802C-22B19E7D114F}
		{CB7EBDAC-F57A-3591-9018-F1625CCA504B} = {770594D1-87C1-3FDF-AC81-02211E59E39A}
		{600ADE90-5D0E-3D50-AB12-0A5B1E51EB06} = {770594D1-87C1-3FDF-AC81-02211E59E39A}
		{2DDFCDAC-C4BF-346D-A9C3-ADD70DBFE7C3} = {770594D1-87C1-3FDF-AC81-02211E59E39A}
		{2DC35D9C-E359-396F-9417-7FAED9B278BD} = {770594D1-87C1-3FDF-AC81-02211E59E39A}
		{134AD1D3-67B2-3941-89A1-8C31E6C273D5} = {770594D1-87C1-3FDF-AC81-02211E59E39A}
		{7431EDEA-81E5-3323-AAA3-97864DD5D600} = {770594D1-87C1-3FDF-AC81-02211E59E39A}
		{B1772E2A-6448-37B7-8A62-AA45B5E0E63D} = {AC1DD9A7-49D7-3F2E-A9F7-0E14C940EDD1}
		{B30F0881-5E88-352E-96E4-B90C7FC2CA0F} = {AC1DD9A7-49D7-3F2E-A9F7-0E14C940EDD1}
		{ACB90610-B215-30EE-920B-A3590C9C5EA7} = {AC1DD9A7-49D7-3F2E-A9F7-0E14C940EDD1}
		{2CD82F07-D661-3E3D-8817-4A6FA2B7A391} = {AC1DD9A7-49D7-3F2E-A9F7-0E14C940EDD1}
		{62D0DE76-92DC-3E36-8194-B042471D3D50} = {AC1DD9A7-49D7-3F2E-A9F7-0E14C940EDD1}
		{3331CB6A-F04B-3C81-A231-D8062BF47AB0} = {AC1DD9A7-49D7-3F2E-A9F7-0E14C940EDD1}
		{D458D7D3-0D17-3798-8437-1E35181FDC47} = {AC1DD9A7-49D7-3F2E-A9F7-0E14C940EDD1}
		{0E57B860-EEA8-335A-8A0D-B6E1F36262D8} = {AC1DD9A7-49D7-3F2E-A9F7-0E14C940EDD1}
		{36D2A9AB-456E-332A-86BD-1EF2D63BADFE} = {AC1DD9A7-49D7-3F2E-A9F7-0E14C940EDD1}
		{F66FCAAB-E000-3C06-AC76-90DF2178507A} = {AC1DD9A7-49D7-3F2E-A9F7-0E14C940EDD1}
		{61AFAD46-0A4D-3F32-8E17-17C860C9DEAE} = {AC1DD9A7-49D7-3F2E-A9F7-0E14C940EDD1}
		{1E442846-021E-3F4B-8B7C-41BA90F6C0D4} = {AC1DD9A7-49D7-3F2E-A9F7-0E14C940EDD1}
		{A0667ED1-6021-3554-AF34-EDDBCFC327BF} = {AC1DD9A7-49D7-3F2E-A9F7-0E14C940EDD1}
		{7EE9A504-35C9-323B-9C19-E03AC90BA968} = {AC1DD9A7-49D7-3F2E-A9F7-0E14C940EDD1}
		{C4A7A088-1CCD-30B1-97C1-762E36A4B9F3} = {AC1DD9A7-49D7-3F2E-A9F7-0E14C940EDD1}
		{BC955D53-D0AE-3B16-BBE1-F503F0E088E9} = {AC1DD9A7-49D7-3F2E-A9F7-0E14C940EDD1}
		{2BEC5969-89B4-31DB-AF6E-DC747F676EBE} = {AC1DD9A7-49D7-3F2E-A9F7-0E14C940EDD1}
		{B2504D58-7074-3197-AC8C-D472920A3E3F} = {AC1DD9A7-49D7-3F2E-A9F7-0E14C940EDD1}
	EndGlobalSection
	GlobalSection(ExtensibilityGlobals) = postSolution
	EndGlobalSection
	GlobalSection(ExtensibilityAddIns) = postSolution
	EndGlobalSection
EndGlobal
