<?xml version="1.0" encoding="UTF-8"?>
<Project ToolsVersion="4.0" xmlns="http://schemas.microsoft.com/developer/msbuild/2003">
  <ItemGroup>
    <CustomBuild Include="CMakeFiles\41c49ec4b1ee78b67c450dcda2d3f52c\INSTALL_force.rule">
      <Filter>CMake Rules</Filter>
    </CustomBuild>
  </ItemGroup>
  <ItemGroup>
    <Filter Include="CMake Rules">
      <UniqueIdentifier>{648F6761-DBEF-3EE7-86D4-AB15BE6257F8}</UniqueIdentifier>
    </Filter>
  </ItemGroup>
</Project>
